// !$*UTF8*$!
{
	archiveVersion = 1;
	classes = {
	};
	objectVersion = 46;
	objects = {

/* Begin PBXBuildFile section */
		08028DE415C1C55E002DC0B4 /* Foundation.framework in Frameworks */ = {isa = PBXBuildFile; fileRef = 08028DE315C1C55E002DC0B4 /* Foundation.framework */; };
		08028DEA15C1C55E002DC0B4 /* SeparatingAxisTest.c in Sources */ = {isa = PBXBuildFile; fileRef = 08028DE915C1C55E002DC0B4 /* SeparatingAxisTest.c */; };
		08028DF215C1C55E002DC0B4 /* SenTestingKit.framework in Frameworks */ = {isa = PBXBuildFile; fileRef = 08028DF115C1C55E002DC0B4 /* SenTestingKit.framework */; };
		08028DF415C1C55E002DC0B4 /* UIKit.framework in Frameworks */ = {isa = PBXBuildFile; fileRef = 08028DF315C1C55E002DC0B4 /* UIKit.framework */; };
		08028DF515C1C55E002DC0B4 /* Foundation.framework in Frameworks */ = {isa = PBXBuildFile; fileRef = 08028DE315C1C55E002DC0B4 /* Foundation.framework */; };
		08028DF815C1C55E002DC0B4 /* libSeparatingAxisTest.a in Frameworks */ = {isa = PBXBuildFile; fileRef = 08028DE015C1C55E002DC0B4 /* libSeparatingAxisTest.a */; };
		08028DFE15C1C55E002DC0B4 /* InfoPlist.strings in Resources */ = {isa = PBXBuildFile; fileRef = 08028DFC15C1C55E002DC0B4 /* InfoPlist.strings */; };
		08028E0115C1C55E002DC0B4 /* SeparatingAxisTestTests.m in Sources */ = {isa = PBXBuildFile; fileRef = 08028E0015C1C55E002DC0B4 /* SeparatingAxisTestTests.m */; };
		08028E1115C1CDD5002DC0B4 /* Polygon.h in Headers */ = {isa = PBXBuildFile; fileRef = 08028E0F15C1CDD5002DC0B4 /* Polygon.h */; };
		08028E1215C1CDD5002DC0B4 /* Polygon.c in Sources */ = {isa = PBXBuildFile; fileRef = 08028E1015C1CDD5002DC0B4 /* Polygon.c */; };
		08028E1615C1D035002DC0B4 /* Vector.h in Headers */ = {isa = PBXBuildFile; fileRef = 08028E1415C1D035002DC0B4 /* Vector.h */; };
		08028E1715C1D035002DC0B4 /* Vector.c in Sources */ = {isa = PBXBuildFile; fileRef = 08028E1515C1D035002DC0B4 /* Vector.c */; };
		08028E2215C1E39B002DC0B4 /* Range.h in Headers */ = {isa = PBXBuildFile; fileRef = 08028E2015C1E39B002DC0B4 /* Range.h */; };
		08028E2315C1E39B002DC0B4 /* Range.c in Sources */ = {isa = PBXBuildFile; fileRef = 08028E2115C1E39B002DC0B4 /* Range.c */; };
		08028E2615C2048D002DC0B4 /* SATResult.h in Headers */ = {isa = PBXBuildFile; fileRef = 08028E2415C2048D002DC0B4 /* SATResult.h */; };
		08028E2715C2048D002DC0B4 /* SATResult.c in Sources */ = {isa = PBXBuildFile; fileRef = 08028E2515C2048D002DC0B4 /* SATResult.c */; };
		08028E2A15C238D9002DC0B4 /* Overlap.h in Headers */ = {isa = PBXBuildFile; fileRef = 08028E2815C238D9002DC0B4 /* Overlap.h */; };
		080EAB9815C6D58A00476E17 /* GrahamScanComparatorTests.m in Sources */ = {isa = PBXBuildFile; fileRef = 080EAB9715C6D58A00476E17 /* GrahamScanComparatorTests.m */; };
		080EAB9B15C7347C00476E17 /* GrahamScanComparator.h in Headers */ = {isa = PBXBuildFile; fileRef = 080EAB9915C7347C00476E17 /* GrahamScanComparator.h */; };
		080EAB9C15C7347C00476E17 /* GrahamScanComparator.c in Sources */ = {isa = PBXBuildFile; fileRef = 080EAB9A15C7347C00476E17 /* GrahamScanComparator.c */; };
		08ACE54815CAEAC1001B7DA6 /* GrahamScanTests.m in Sources */ = {isa = PBXBuildFile; fileRef = 08ACE54715CAEAC1001B7DA6 /* GrahamScanTests.m */; };
		08ACE54B15CAEFD4001B7DA6 /* GrahamScan.h in Headers */ = {isa = PBXBuildFile; fileRef = 08ACE54A15CAEFD4001B7DA6 /* GrahamScan.h */; };
		08ACE54D15CAEFE0001B7DA6 /* GrahamScan.c in Sources */ = {isa = PBXBuildFile; fileRef = 08ACE54C15CAEFE0001B7DA6 /* GrahamScan.c */; };
		08FA2C3115C8A5D60034B089 /* PolygonProjectionTests.m in Sources */ = {isa = PBXBuildFile; fileRef = 08FA2C3015C8A5D60034B089 /* PolygonProjectionTests.m */; };
/* End PBXBuildFile section */

/* Begin PBXContainerItemProxy section */
		08028DF615C1C55E002DC0B4 /* PBXContainerItemProxy */ = {
			isa = PBXContainerItemProxy;
			containerPortal = 08028DD715C1C55E002DC0B4 /* Project object */;
			proxyType = 1;
			remoteGlobalIDString = 08028DDF15C1C55E002DC0B4;
			remoteInfo = SeparatingAxisTest;
		};
/* End PBXContainerItemProxy section */

/* Begin PBXFileReference section */
		08028DE015C1C55E002DC0B4 /* libSeparatingAxisTest.a */ = {isa = PBXFileReference; explicitFileType = archive.ar; includeInIndex = 0; path = libSeparatingAxisTest.a; sourceTree = BUILT_PRODUCTS_DIR; };
		08028DE315C1C55E002DC0B4 /* Foundation.framework */ = {isa = PBXFileReference; lastKnownFileType = wrapper.framework; name = Foundation.framework; path = System/Library/Frameworks/Foundation.framework; sourceTree = SDKROOT; };
		08028DE715C1C55E002DC0B4 /* SeparatingAxisTest-Prefix.pch */ = {isa = PBXFileReference; lastKnownFileType = sourcecode.c.h; path = "SeparatingAxisTest-Prefix.pch"; sourceTree = "<group>"; };
		08028DE815C1C55E002DC0B4 /* SeparatingAxisTest.h */ = {isa = PBXFileReference; lastKnownFileType = sourcecode.c.h; path = SeparatingAxisTest.h; sourceTree = "<group>"; };
		08028DE915C1C55E002DC0B4 /* SeparatingAxisTest.c */ = {isa = PBXFileReference; lastKnownFileType = sourcecode.c.c; path = SeparatingAxisTest.c; sourceTree = "<group>"; };
		08028DF015C1C55E002DC0B4 /* SeparatingAxisTestTests.octest */ = {isa = PBXFileReference; explicitFileType = wrapper.cfbundle; includeInIndex = 0; path = SeparatingAxisTestTests.octest; sourceTree = BUILT_PRODUCTS_DIR; };
		08028DF115C1C55E002DC0B4 /* SenTestingKit.framework */ = {isa = PBXFileReference; lastKnownFileType = wrapper.framework; name = SenTestingKit.framework; path = Library/Frameworks/SenTestingKit.framework; sourceTree = DEVELOPER_DIR; };
		08028DF315C1C55E002DC0B4 /* UIKit.framework */ = {isa = PBXFileReference; lastKnownFileType = wrapper.framework; name = UIKit.framework; path = Library/Frameworks/UIKit.framework; sourceTree = DEVELOPER_DIR; };
		08028DFB15C1C55E002DC0B4 /* SeparatingAxisTestTests-Info.plist */ = {isa = PBXFileReference; lastKnownFileType = text.plist.xml; path = "SeparatingAxisTestTests-Info.plist"; sourceTree = "<group>"; };
		08028DFD15C1C55E002DC0B4 /* en */ = {isa = PBXFileReference; lastKnownFileType = text.plist.strings; name = en; path = en.lproj/InfoPlist.strings; sourceTree = "<group>"; };
		08028DFF15C1C55E002DC0B4 /* SeparatingAxisTestTests.h */ = {isa = PBXFileReference; lastKnownFileType = sourcecode.c.h; path = SeparatingAxisTestTests.h; sourceTree = "<group>"; };
		08028E0015C1C55E002DC0B4 /* SeparatingAxisTestTests.m */ = {isa = PBXFileReference; lastKnownFileType = sourcecode.c.objc; path = SeparatingAxisTestTests.m; sourceTree = "<group>"; };
		08028E0F15C1CDD5002DC0B4 /* Polygon.h */ = {isa = PBXFileReference; fileEncoding = 4; lastKnownFileType = sourcecode.c.h; path = Polygon.h; sourceTree = "<group>"; };
		08028E1015C1CDD5002DC0B4 /* Polygon.c */ = {isa = PBXFileReference; fileEncoding = 4; lastKnownFileType = sourcecode.c.c; path = Polygon.c; sourceTree = "<group>"; };
		08028E1415C1D035002DC0B4 /* Vector.h */ = {isa = PBXFileReference; fileEncoding = 4; lastKnownFileType = sourcecode.c.h; path = Vector.h; sourceTree = "<group>"; };
		08028E1515C1D035002DC0B4 /* Vector.c */ = {isa = PBXFileReference; fileEncoding = 4; lastKnownFileType = sourcecode.c.c; path = Vector.c; sourceTree = "<group>"; };
		08028E2015C1E39B002DC0B4 /* Range.h */ = {isa = PBXFileReference; fileEncoding = 4; lastKnownFileType = sourcecode.c.h; path = Range.h; sourceTree = "<group>"; };
		08028E2115C1E39B002DC0B4 /* Range.c */ = {isa = PBXFileReference; fileEncoding = 4; lastKnownFileType = sourcecode.c.c; path = Range.c; sourceTree = "<group>"; };
		08028E2415C2048D002DC0B4 /* SATResult.h */ = {isa = PBXFileReference; fileEncoding = 4; lastKnownFileType = sourcecode.c.h; path = SATResult.h; sourceTree = "<group>"; };
		08028E2515C2048D002DC0B4 /* SATResult.c */ = {isa = PBXFileReference; fileEncoding = 4; lastKnownFileType = sourcecode.c.c; path = SATResult.c; sourceTree = "<group>"; };
		08028E2815C238D9002DC0B4 /* Overlap.h */ = {isa = PBXFileReference; fileEncoding = 4; lastKnownFileType = sourcecode.c.h; path = Overlap.h; sourceTree = "<group>"; };
		080EAB9615C6D58A00476E17 /* GrahamScanComparatorTests.h */ = {isa = PBXFileReference; fileEncoding = 4; lastKnownFileType = sourcecode.c.h; path = GrahamScanComparatorTests.h; sourceTree = "<group>"; };
		080EAB9715C6D58A00476E17 /* GrahamScanComparatorTests.m */ = {isa = PBXFileReference; fileEncoding = 4; lastKnownFileType = sourcecode.c.objc; path = GrahamScanComparatorTests.m; sourceTree = "<group>"; };
		080EAB9915C7347C00476E17 /* GrahamScanComparator.h */ = {isa = PBXFileReference; fileEncoding = 4; lastKnownFileType = sourcecode.c.h; path = GrahamScanComparator.h; sourceTree = "<group>"; };
		080EAB9A15C7347C00476E17 /* GrahamScanComparator.c */ = {isa = PBXFileReference; fileEncoding = 4; lastKnownFileType = sourcecode.c.c; path = GrahamScanComparator.c; sourceTree = "<group>"; };
		08ACE54615CAEAC1001B7DA6 /* GrahamScanTests.h */ = {isa = PBXFileReference; fileEncoding = 4; lastKnownFileType = sourcecode.c.h; path = GrahamScanTests.h; sourceTree = "<group>"; };
		08ACE54715CAEAC1001B7DA6 /* GrahamScanTests.m */ = {isa = PBXFileReference; fileEncoding = 4; lastKnownFileType = sourcecode.c.objc; path = GrahamScanTests.m; sourceTree = "<group>"; };
		08ACE54A15CAEFD4001B7DA6 /* GrahamScan.h */ = {isa = PBXFileReference; fileEncoding = 4; lastKnownFileType = sourcecode.c.h; path = GrahamScan.h; sourceTree = "<group>"; };
		08ACE54C15CAEFE0001B7DA6 /* GrahamScan.c */ = {isa = PBXFileReference; fileEncoding = 4; lastKnownFileType = sourcecode.c.c; path = GrahamScan.c; sourceTree = "<group>"; };
		08FA2C2F15C8A5D60034B089 /* PolygonProjectionTests.h */ = {isa = PBXFileReference; fileEncoding = 4; lastKnownFileType = sourcecode.c.h; path = PolygonProjectionTests.h; sourceTree = "<group>"; };
		08FA2C3015C8A5D60034B089 /* PolygonProjectionTests.m */ = {isa = PBXFileReference; fileEncoding = 4; lastKnownFileType = sourcecode.c.objc; path = PolygonProjectionTests.m; sourceTree = "<group>"; };
/* End PBXFileReference section */

/* Begin PBXFrameworksBuildPhase section */
		08028DDD15C1C55E002DC0B4 /* Frameworks */ = {
			isa = PBXFrameworksBuildPhase;
			buildActionMask = 2147483647;
			files = (
				08028DE415C1C55E002DC0B4 /* Foundation.framework in Frameworks */,
			);
			runOnlyForDeploymentPostprocessing = 0;
		};
		08028DEC15C1C55E002DC0B4 /* Frameworks */ = {
			isa = PBXFrameworksBuildPhase;
			buildActionMask = 2147483647;
			files = (
				08028DF215C1C55E002DC0B4 /* SenTestingKit.framework in Frameworks */,
				08028DF415C1C55E002DC0B4 /* UIKit.framework in Frameworks */,
				08028DF515C1C55E002DC0B4 /* Foundation.framework in Frameworks */,
				08028DF815C1C55E002DC0B4 /* libSeparatingAxisTest.a in Frameworks */,
			);
			runOnlyForDeploymentPostprocessing = 0;
		};
/* End PBXFrameworksBuildPhase section */

/* Begin PBXGroup section */
		08028DD515C1C55E002DC0B4 = {
			isa = PBXGroup;
			children = (
				08028DE515C1C55E002DC0B4 /* SeparatingAxisTest */,
				08028DF915C1C55E002DC0B4 /* SeparatingAxisTestTests */,
				08028DE215C1C55E002DC0B4 /* Frameworks */,
				08028DE115C1C55E002DC0B4 /* Products */,
			);
			sourceTree = "<group>";
		};
		08028DE115C1C55E002DC0B4 /* Products */ = {
			isa = PBXGroup;
			children = (
				08028DE015C1C55E002DC0B4 /* libSeparatingAxisTest.a */,
				08028DF015C1C55E002DC0B4 /* SeparatingAxisTestTests.octest */,
			);
			name = Products;
			sourceTree = "<group>";
		};
		08028DE215C1C55E002DC0B4 /* Frameworks */ = {
			isa = PBXGroup;
			children = (
				08028DE315C1C55E002DC0B4 /* Foundation.framework */,
				08028DF115C1C55E002DC0B4 /* SenTestingKit.framework */,
				08028DF315C1C55E002DC0B4 /* UIKit.framework */,
			);
			name = Frameworks;
			sourceTree = "<group>";
		};
		08028DE515C1C55E002DC0B4 /* SeparatingAxisTest */ = {
			isa = PBXGroup;
			children = (
				080EAB9315C6D54300476E17 /* GrahamScan */,
				080EAB9215C6D52500476E17 /* Geometry */,
				080EAB9015C6D51000476E17 /* SAT */,
				08028DE615C1C55E002DC0B4 /* Supporting Files */,
			);
			path = SeparatingAxisTest;
			sourceTree = "<group>";
		};
		08028DE615C1C55E002DC0B4 /* Supporting Files */ = {
			isa = PBXGroup;
			children = (
				08028DE715C1C55E002DC0B4 /* SeparatingAxisTest-Prefix.pch */,
			);
			name = "Supporting Files";
			sourceTree = "<group>";
		};
		08028DF915C1C55E002DC0B4 /* SeparatingAxisTestTests */ = {
			isa = PBXGroup;
			children = (
				080EAB9515C6D56400476E17 /* GrahamScan */,
				080EAB9415C6D55500476E17 /* SAT */,
				08028DFA15C1C55E002DC0B4 /* Supporting Files */,
			);
			path = SeparatingAxisTestTests;
			sourceTree = "<group>";
		};
		08028DFA15C1C55E002DC0B4 /* Supporting Files */ = {
			isa = PBXGroup;
			children = (
				08028DFB15C1C55E002DC0B4 /* SeparatingAxisTestTests-Info.plist */,
				08028DFC15C1C55E002DC0B4 /* InfoPlist.strings */,
			);
			name = "Supporting Files";
			sourceTree = "<group>";
		};
		080EAB9015C6D51000476E17 /* SAT */ = {
			isa = PBXGroup;
			children = (
				08028DE815C1C55E002DC0B4 /* SeparatingAxisTest.h */,
				08028DE915C1C55E002DC0B4 /* SeparatingAxisTest.c */,
				08028E2015C1E39B002DC0B4 /* Range.h */,
				08028E2115C1E39B002DC0B4 /* Range.c */,
				08028E2415C2048D002DC0B4 /* SATResult.h */,
				08028E2515C2048D002DC0B4 /* SATResult.c */,
				08028E2815C238D9002DC0B4 /* Overlap.h */,
			);
			name = SAT;
			sourceTree = "<group>";
		};
		080EAB9215C6D52500476E17 /* Geometry */ = {
			isa = PBXGroup;
			children = (
				08028E0F15C1CDD5002DC0B4 /* Polygon.h */,
				08028E1015C1CDD5002DC0B4 /* Polygon.c */,
				08028E1415C1D035002DC0B4 /* Vector.h */,
				08028E1515C1D035002DC0B4 /* Vector.c */,
			);
			name = Geometry;
			sourceTree = "<group>";
		};
		080EAB9315C6D54300476E17 /* GrahamScan */ = {
			isa = PBXGroup;
			children = (
				080EAB9915C7347C00476E17 /* GrahamScanComparator.h */,
				080EAB9A15C7347C00476E17 /* GrahamScanComparator.c */,
				08ACE54A15CAEFD4001B7DA6 /* GrahamScan.h */,
				08ACE54C15CAEFE0001B7DA6 /* GrahamScan.c */,
			);
			name = GrahamScan;
			sourceTree = "<group>";
		};
		080EAB9415C6D55500476E17 /* SAT */ = {
			isa = PBXGroup;
			children = (
				08028DFF15C1C55E002DC0B4 /* SeparatingAxisTestTests.h */,
				08028E0015C1C55E002DC0B4 /* SeparatingAxisTestTests.m */,
				08FA2C2F15C8A5D60034B089 /* PolygonProjectionTests.h */,
				08FA2C3015C8A5D60034B089 /* PolygonProjectionTests.m */,
			);
			name = SAT;
			sourceTree = "<group>";
		};
		080EAB9515C6D56400476E17 /* GrahamScan */ = {
			isa = PBXGroup;
			children = (
				080EAB9615C6D58A00476E17 /* GrahamScanComparatorTests.h */,
				080EAB9715C6D58A00476E17 /* GrahamScanComparatorTests.m */,
				08ACE54615CAEAC1001B7DA6 /* GrahamScanTests.h */,
				08ACE54715CAEAC1001B7DA6 /* GrahamScanTests.m */,
			);
			name = GrahamScan;
			sourceTree = "<group>";
		};
/* End PBXGroup section */

/* Begin PBXHeadersBuildPhase section */
		08028DDE15C1C55E002DC0B4 /* Headers */ = {
			isa = PBXHeadersBuildPhase;
			buildActionMask = 2147483647;
			files = (
				08028E1115C1CDD5002DC0B4 /* Polygon.h in Headers */,
				08028E1615C1D035002DC0B4 /* Vector.h in Headers */,
				08028E2215C1E39B002DC0B4 /* Range.h in Headers */,
				08028E2615C2048D002DC0B4 /* SATResult.h in Headers */,
				08028E2A15C238D9002DC0B4 /* Overlap.h in Headers */,
				080EAB9B15C7347C00476E17 /* GrahamScanComparator.h in Headers */,
				08ACE54B15CAEFD4001B7DA6 /* GrahamScan.h in Headers */,
			);
			runOnlyForDeploymentPostprocessing = 0;
		};
/* End PBXHeadersBuildPhase section */

/* Begin PBXNativeTarget section */
		08028DDF15C1C55E002DC0B4 /* SeparatingAxisTest */ = {
			isa = PBXNativeTarget;
			buildConfigurationList = 08028E0415C1C55E002DC0B4 /* Build configuration list for PBXNativeTarget "SeparatingAxisTest" */;
			buildPhases = (
				08028DDC15C1C55E002DC0B4 /* Sources */,
				08028DDD15C1C55E002DC0B4 /* Frameworks */,
				08028DDE15C1C55E002DC0B4 /* Headers */,
			);
			buildRules = (
			);
			dependencies = (
			);
			name = SeparatingAxisTest;
			productName = SeparatingAxisTest;
			productReference = 08028DE015C1C55E002DC0B4 /* libSeparatingAxisTest.a */;
			productType = "com.apple.product-type.library.static";
		};
		08028DEF15C1C55E002DC0B4 /* SeparatingAxisTestTests */ = {
			isa = PBXNativeTarget;
			buildConfigurationList = 08028E0715C1C55E002DC0B4 /* Build configuration list for PBXNativeTarget "SeparatingAxisTestTests" */;
			buildPhases = (
				08028DEB15C1C55E002DC0B4 /* Sources */,
				08028DEC15C1C55E002DC0B4 /* Frameworks */,
				08028DED15C1C55E002DC0B4 /* Resources */,
				08028DEE15C1C55E002DC0B4 /* ShellScript */,
			);
			buildRules = (
			);
			dependencies = (
				08028DF715C1C55E002DC0B4 /* PBXTargetDependency */,
			);
			name = SeparatingAxisTestTests;
			productName = SeparatingAxisTestTests;
			productReference = 08028DF015C1C55E002DC0B4 /* SeparatingAxisTestTests.octest */;
			productType = "com.apple.product-type.bundle";
		};
/* End PBXNativeTarget section */

/* Begin PBXProject section */
		08028DD715C1C55E002DC0B4 /* Project object */ = {
			isa = PBXProject;
			attributes = {
				LastUpgradeCheck = 0430;
				ORGANIZATIONNAME = "Cyrus Innovation";
			};
			buildConfigurationList = 08028DDA15C1C55E002DC0B4 /* Build configuration list for PBXProject "SeparatingAxisTest" */;
			compatibilityVersion = "Xcode 3.2";
			developmentRegion = English;
			hasScannedForEncodings = 0;
			knownRegions = (
				en,
			);
			mainGroup = 08028DD515C1C55E002DC0B4;
			productRefGroup = 08028DE115C1C55E002DC0B4 /* Products */;
			projectDirPath = "";
			projectRoot = "";
			targets = (
				08028DDF15C1C55E002DC0B4 /* SeparatingAxisTest */,
				08028DEF15C1C55E002DC0B4 /* SeparatingAxisTestTests */,
			);
		};
/* End PBXProject section */

/* Begin PBXResourcesBuildPhase section */
		08028DED15C1C55E002DC0B4 /* Resources */ = {
			isa = PBXResourcesBuildPhase;
			buildActionMask = 2147483647;
			files = (
				08028DFE15C1C55E002DC0B4 /* InfoPlist.strings in Resources */,
			);
			runOnlyForDeploymentPostprocessing = 0;
		};
/* End PBXResourcesBuildPhase section */

/* Begin PBXShellScriptBuildPhase section */
		08028DEE15C1C55E002DC0B4 /* ShellScript */ = {
			isa = PBXShellScriptBuildPhase;
			buildActionMask = 2147483647;
			files = (
			);
			inputPaths = (
			);
			outputPaths = (
			);
			runOnlyForDeploymentPostprocessing = 0;
			shellPath = /bin/sh;
			shellScript = "# Run the unit tests in this test bundle.\n\"${SYSTEM_DEVELOPER_DIR}/Tools/RunUnitTests\"\n";
		};
/* End PBXShellScriptBuildPhase section */

/* Begin PBXSourcesBuildPhase section */
		08028DDC15C1C55E002DC0B4 /* Sources */ = {
			isa = PBXSourcesBuildPhase;
			buildActionMask = 2147483647;
			files = (
				08028DEA15C1C55E002DC0B4 /* SeparatingAxisTest.c in Sources */,
				08028E1215C1CDD5002DC0B4 /* Polygon.c in Sources */,
				08028E1715C1D035002DC0B4 /* Vector.c in Sources */,
				08028E2315C1E39B002DC0B4 /* Range.c in Sources */,
				08028E2715C2048D002DC0B4 /* SATResult.c in Sources */,
				080EAB9C15C7347C00476E17 /* GrahamScanComparator.c in Sources */,
				08ACE54D15CAEFE0001B7DA6 /* GrahamScan.c in Sources */,
			);
			runOnlyForDeploymentPostprocessing = 0;
		};
		08028DEB15C1C55E002DC0B4 /* Sources */ = {
			isa = PBXSourcesBuildPhase;
			buildActionMask = 2147483647;
			files = (
				08028E0115C1C55E002DC0B4 /* SeparatingAxisTestTests.m in Sources */,
				080EAB9815C6D58A00476E17 /* GrahamScanComparatorTests.m in Sources */,
				08FA2C3115C8A5D60034B089 /* PolygonProjectionTests.m in Sources */,
				08ACE54815CAEAC1001B7DA6 /* GrahamScanTests.m in Sources */,
			);
			runOnlyForDeploymentPostprocessing = 0;
		};
/* End PBXSourcesBuildPhase section */

/* Begin PBXTargetDependency section */
		08028DF715C1C55E002DC0B4 /* PBXTargetDependency */ = {
			isa = PBXTargetDependency;
			target = 08028DDF15C1C55E002DC0B4 /* SeparatingAxisTest */;
			targetProxy = 08028DF615C1C55E002DC0B4 /* PBXContainerItemProxy */;
		};
/* End PBXTargetDependency section */

/* Begin PBXVariantGroup section */
		08028DFC15C1C55E002DC0B4 /* InfoPlist.strings */ = {
			isa = PBXVariantGroup;
			children = (
				08028DFD15C1C55E002DC0B4 /* en */,
			);
			name = InfoPlist.strings;
			sourceTree = "<group>";
		};
/* End PBXVariantGroup section */

/* Begin XCBuildConfiguration section */
		08028E0215C1C55E002DC0B4 /* Debug */ = {
			isa = XCBuildConfiguration;
			buildSettings = {
				ALWAYS_SEARCH_USER_PATHS = NO;
				ARCHS = "$(ARCHS_STANDARD_32_BIT)";
				CLANG_ENABLE_OBJC_ARC = YES;
				COPY_PHASE_STRIP = NO;
				GCC_C_LANGUAGE_STANDARD = gnu99;
				GCC_DYNAMIC_NO_PIC = NO;
				GCC_OPTIMIZATION_LEVEL = 0;
				GCC_PREPROCESSOR_DEFINITIONS = (
					"DEBUG=1",
					"$(inherited)",
				);
				GCC_SYMBOLS_PRIVATE_EXTERN = NO;
				GCC_VERSION = com.apple.compilers.llvm.clang.1_0;
				GCC_WARN_ABOUT_RETURN_TYPE = YES;
				GCC_WARN_UNINITIALIZED_AUTOS = YES;
				GCC_WARN_UNUSED_VARIABLE = YES;
				IPHONEOS_DEPLOYMENT_TARGET = 5.1;
				SDKROOT = iphoneos;
			};
			name = Debug;
		};
		08028E0315C1C55E002DC0B4 /* Release */ = {
			isa = XCBuildConfiguration;
			buildSettings = {
				ALWAYS_SEARCH_USER_PATHS = NO;
				ARCHS = "$(ARCHS_STANDARD_32_BIT)";
				CLANG_ENABLE_OBJC_ARC = YES;
				COPY_PHASE_STRIP = YES;
				GCC_C_LANGUAGE_STANDARD = gnu99;
				GCC_VERSION = com.apple.compilers.llvm.clang.1_0;
				GCC_WARN_ABOUT_RETURN_TYPE = YES;
				GCC_WARN_UNINITIALIZED_AUTOS = YES;
				GCC_WARN_UNUSED_VARIABLE = YES;
				IPHONEOS_DEPLOYMENT_TARGET = 5.1;
				SDKROOT = iphoneos;
				VALIDATE_PRODUCT = YES;
			};
			name = Release;
		};
		08028E0515C1C55E002DC0B4 /* Debug */ = {
			isa = XCBuildConfiguration;
			buildSettings = {
				DSTROOT = /tmp/SeparatingAxisTest.dst;
				FRAMEWORK_SEARCH_PATHS = (
					"$(inherited)",
					"\"$(SRCROOT)\"",
				);
				GCC_PRECOMPILE_PREFIX_HEADER = YES;
				GCC_PREFIX_HEADER = "SeparatingAxisTest/SeparatingAxisTest-Prefix.pch";
				OTHER_LDFLAGS = "-ObjC";
				PRODUCT_NAME = "$(TARGET_NAME)";
				SKIP_INSTALL = YES;
			};
			name = Debug;
		};
		08028E0615C1C55E002DC0B4 /* Release */ = {
			isa = XCBuildConfiguration;
			buildSettings = {
				DSTROOT = /tmp/SeparatingAxisTest.dst;
				FRAMEWORK_SEARCH_PATHS = (
					"$(inherited)",
					"\"$(SRCROOT)\"",
				);
				GCC_PRECOMPILE_PREFIX_HEADER = YES;
				GCC_PREFIX_HEADER = "SeparatingAxisTest/SeparatingAxisTest-Prefix.pch";
				OTHER_LDFLAGS = "-ObjC";
				PRODUCT_NAME = "$(TARGET_NAME)";
				SKIP_INSTALL = YES;
			};
			name = Release;
		};
		08028E0815C1C55E002DC0B4 /* Debug */ = {
			isa = XCBuildConfiguration;
			buildSettings = {
				FRAMEWORK_SEARCH_PATHS = (
					"$(SDKROOT)/Developer/Library/Frameworks",
					"$(DEVELOPER_LIBRARY_DIR)/Frameworks",
				);
				GCC_PRECOMPILE_PREFIX_HEADER = YES;
				GCC_PREFIX_HEADER = "SeparatingAxisTest/SeparatingAxisTest-Prefix.pch";
				INFOPLIST_FILE = "SeparatingAxisTestTests/SeparatingAxisTestTests-Info.plist";
				PRODUCT_NAME = "$(TARGET_NAME)";
				WRAPPER_EXTENSION = octest;
			};
			name = Debug;
		};
		08028E0915C1C55E002DC0B4 /* Release */ = {
			isa = XCBuildConfiguration;
			buildSettings = {
				FRAMEWORK_SEARCH_PATHS = (
					"$(SDKROOT)/Developer/Library/Frameworks",
					"$(DEVELOPER_LIBRARY_DIR)/Frameworks",
				);
				GCC_PRECOMPILE_PREFIX_HEADER = YES;
				GCC_PREFIX_HEADER = "SeparatingAxisTest/SeparatingAxisTest-Prefix.pch";
				INFOPLIST_FILE = "SeparatingAxisTestTests/SeparatingAxisTestTests-Info.plist";
				PRODUCT_NAME = "$(TARGET_NAME)";
				WRAPPER_EXTENSION = octest;
			};
			name = Release;
		};
/* End XCBuildConfiguration section */

/* Begin XCConfigurationList section */
		08028DDA15C1C55E002DC0B4 /* Build configuration list for PBXProject "SeparatingAxisTest" */ = {
			isa = XCConfigurationList;
			buildConfigurations = (
				08028E0215C1C55E002DC0B4 /* Debug */,
				08028E0315C1C55E002DC0B4 /* Release */,
			);
			defaultConfigurationIsVisible = 0;
			defaultConfigurationName = Release;
		};
		08028E0415C1C55E002DC0B4 /* Build configuration list for PBXNativeTarget "SeparatingAxisTest" */ = {
			isa = XCConfigurationList;
			buildConfigurations = (
				08028E0515C1C55E002DC0B4 /* Debug */,
				08028E0615C1C55E002DC0B4 /* Release */,
			);
			defaultConfigurationIsVisible = 0;
			defaultConfigurationName = Release;
		};
		08028E0715C1C55E002DC0B4 /* Build configuration list for PBXNativeTarget "SeparatingAxisTestTests" */ = {
			isa = XCConfigurationList;
			buildConfigurations = (
				08028E0815C1C55E002DC0B4 /* Debug */,
				08028E0915C1C55E002DC0B4 /* Release */,
			);
			defaultConfigurationIsVisible = 0;
			defaultConfigurationName = Release;
		};
/* End XCConfigurationList section */
	};
	rootObject = 08028DD715C1C55E002DC0B4 /* Project object */;
}
