// !$*UTF8*$!
{
	archiveVersion = 1;
	classes = {
	};
	objectVersion = 46;
	objects = {

/* Begin PBXBuildFile section */
		0846275D15FE959E00844D0B /* QuartzCore.framework in Frameworks */ = {isa = PBXBuildFile; fileRef = 0846275C15FE959E00844D0B /* QuartzCore.framework */; };
		0846275F15FE959F00844D0B /* OpenGLES.framework in Frameworks */ = {isa = PBXBuildFile; fileRef = 0846275E15FE959E00844D0B /* OpenGLES.framework */; };
		0846276115FE959F00844D0B /* OpenAL.framework in Frameworks */ = {isa = PBXBuildFile; fileRef = 0846276015FE959F00844D0B /* OpenAL.framework */; };
		0846276315FE959F00844D0B /* AudioToolbox.framework in Frameworks */ = {isa = PBXBuildFile; fileRef = 0846276215FE959F00844D0B /* AudioToolbox.framework */; };
		0846276515FE959F00844D0B /* AVFoundation.framework in Frameworks */ = {isa = PBXBuildFile; fileRef = 0846276415FE959F00844D0B /* AVFoundation.framework */; };
		0846276715FE959F00844D0B /* UIKit.framework in Frameworks */ = {isa = PBXBuildFile; fileRef = 0846276615FE959F00844D0B /* UIKit.framework */; };
		0846276915FE959F00844D0B /* Foundation.framework in Frameworks */ = {isa = PBXBuildFile; fileRef = 0846276815FE959F00844D0B /* Foundation.framework */; };
		0846276B15FE959F00844D0B /* CoreGraphics.framework in Frameworks */ = {isa = PBXBuildFile; fileRef = 0846276A15FE959F00844D0B /* CoreGraphics.framework */; };
		0846276D15FE959F00844D0B /* GameKit.framework in Frameworks */ = {isa = PBXBuildFile; fileRef = 0846276C15FE959F00844D0B /* GameKit.framework */; };
		0846277115FE959F00844D0B /* Default.png in Resources */ = {isa = PBXBuildFile; fileRef = 0846277015FE959F00844D0B /* Default.png */; };
		0846277315FE959F00844D0B /* Default-Landscape~ipad.png in Resources */ = {isa = PBXBuildFile; fileRef = 0846277215FE959F00844D0B /* Default-Landscape~ipad.png */; };
		0846277515FE959F00844D0B /* fps_images.png in Resources */ = {isa = PBXBuildFile; fileRef = 0846277415FE959F00844D0B /* fps_images.png */; };
		0846277715FE959F00844D0B /* fps_images-hd.png in Resources */ = {isa = PBXBuildFile; fileRef = 0846277615FE959F00844D0B /* fps_images-hd.png */; };
		0846277915FE959F00844D0B /* fps_images-ipadhd.png in Resources */ = {isa = PBXBuildFile; fileRef = 0846277815FE959F00844D0B /* fps_images-ipadhd.png */; };
		0846277B15FE959F00844D0B /* Icon-72.png in Resources */ = {isa = PBXBuildFile; fileRef = 0846277A15FE959F00844D0B /* Icon-72.png */; };
		0846277D15FE959F00844D0B /* Icon-Small-50.png in Resources */ = {isa = PBXBuildFile; fileRef = 0846277C15FE959F00844D0B /* Icon-Small-50.png */; };
		0846277F15FE959F00844D0B /* Icon-Small.png in Resources */ = {isa = PBXBuildFile; fileRef = 0846277E15FE959F00844D0B /* Icon-Small.png */; };
		0846278115FE959F00844D0B /* Icon-Small@2x.png in Resources */ = {isa = PBXBuildFile; fileRef = 0846278015FE959F00844D0B /* Icon-Small@2x.png */; };
		0846278315FE959F00844D0B /* Icon.png in Resources */ = {isa = PBXBuildFile; fileRef = 0846278215FE959F00844D0B /* Icon.png */; };
		0846278515FE959F00844D0B /* Icon@2x.png in Resources */ = {isa = PBXBuildFile; fileRef = 0846278415FE959F00844D0B /* Icon@2x.png */; };
		0846278815FE959F00844D0B /* iTunesArtwork in Resources */ = {isa = PBXBuildFile; fileRef = 0846278715FE959F00844D0B /* iTunesArtwork */; };
		084628E515FE95A100844D0B /* main.m in Sources */ = {isa = PBXBuildFile; fileRef = 084628E415FE95A100844D0B /* main.m */; };
		084628E815FE95A100844D0B /* AppDelegate.m in Sources */ = {isa = PBXBuildFile; fileRef = 084628E715FE95A100844D0B /* AppDelegate.m */; };
		084628EB15FE95A100844D0B /* BouncingEggLayer.m in Sources */ = {isa = PBXBuildFile; fileRef = 084628EA15FE95A100844D0B /* BouncingEggLayer.m */; };
		084628EE15FE95A100844D0B /* IntroLayer.m in Sources */ = {isa = PBXBuildFile; fileRef = 084628ED15FE95A100844D0B /* IntroLayer.m */; };
		0846291C15FE9D7600844D0B /* libCocosLibs.a in Frameworks */ = {isa = PBXBuildFile; fileRef = 0846291915FE9D7600844D0B /* libCocosLibs.a */; };
		0846291D15FE9D7600844D0B /* libiOSGeometryTools.a in Frameworks */ = {isa = PBXBuildFile; fileRef = 0846291A15FE9D7600844D0B /* libiOSGeometryTools.a */; };
		0846291E15FE9D7600844D0B /* libkazmath.a in Frameworks */ = {isa = PBXBuildFile; fileRef = 0846291B15FE9D7600844D0B /* libkazmath.a */; };
		0846292915FE9FAD00844D0B /* Trampoline.m in Sources */ = {isa = PBXBuildFile; fileRef = 0846292815FE9FAD00844D0B /* Trampoline.m */; };
		0846292C15FEA32500844D0B /* Egg.m in Sources */ = {isa = PBXBuildFile; fileRef = 0846292B15FEA32500844D0B /* Egg.m */; };
		0846292F15FEA6CF00844D0B /* WorldConstants.m in Sources */ = {isa = PBXBuildFile; fileRef = 0846292E15FEA6CF00844D0B /* WorldConstants.m */; };
		086E2E7215FF1A70001E580A /* rope.png in Resources */ = {isa = PBXBuildFile; fileRef = 086E2E7115FF1A70001E580A /* rope.png */; };
		086E2E7515FF234A001E580A /* rope-hd.png in Resources */ = {isa = PBXBuildFile; fileRef = 086E2E7415FF234A001E580A /* rope-hd.png */; };
		086E2E7815FF2B0F001E580A /* TrampolineSprite.m in Sources */ = {isa = PBXBuildFile; fileRef = 086E2E7715FF2B0F001E580A /* TrampolineSprite.m */; };
		086E2E7B15FF3030001E580A /* EggSprite.m in Sources */ = {isa = PBXBuildFile; fileRef = 086E2E7A15FF3030001E580A /* EggSprite.m */; };
		086E2E7D15FF31F4001E580A /* egg-hd.png in Resources */ = {isa = PBXBuildFile; fileRef = 086E2E7C15FF31F4001E580A /* egg-hd.png */; };
		086E2E7F15FF31FD001E580A /* egg.png in Resources */ = {isa = PBXBuildFile; fileRef = 086E2E7E15FF31FD001E580A /* egg.png */; };
		086E2E8215FF3654001E580A /* knob-hd.png in Resources */ = {isa = PBXBuildFile; fileRef = 086E2E8015FF3654001E580A /* knob-hd.png */; };
		086E2E8315FF3654001E580A /* knob.png in Resources */ = {isa = PBXBuildFile; fileRef = 086E2E8115FF3654001E580A /* knob.png */; };
		086E2E8615FF4352001E580A /* bg-hd.png in Resources */ = {isa = PBXBuildFile; fileRef = 086E2E8415FF4352001E580A /* bg-hd.png */; };
		086E2E8715FF4352001E580A /* bg.png in Resources */ = {isa = PBXBuildFile; fileRef = 086E2E8515FF4352001E580A /* bg.png */; };
		337249451604A76400FBB490 /* star.png in Resources */ = {isa = PBXBuildFile; fileRef = 337249441604A76400FBB490 /* star.png */; };
		337249481604A78A00FBB490 /* StarSprite.m in Sources */ = {isa = PBXBuildFile; fileRef = 337249471604A78A00FBB490 /* StarSprite.m */; };
		3372494B1604A79500FBB490 /* Star.m in Sources */ = {isa = PBXBuildFile; fileRef = 3372494A1604A79500FBB490 /* Star.m */; };
		3372494D1604B5EB00FBB490 /* star-hd.png in Resources */ = {isa = PBXBuildFile; fileRef = 3372494C1604B5EB00FBB490 /* star-hd.png */; };
		3372495C1607B6C500FBB490 /* GameOverLayer.m in Sources */ = {isa = PBXBuildFile; fileRef = 3372495B1607B6C500FBB490 /* GameOverLayer.m */; };
		33EFA55B1607E1A50073B671 /* drop.png in Resources */ = {isa = PBXBuildFile; fileRef = 33EFA55A1607E1A50073B671 /* drop.png */; };
		603904376A8D90B850AE6083 /* nest.png in Resources */ = {isa = PBXBuildFile; fileRef = 60390CC67BABB2066AFAD14A /* nest.png */; };
		603908505CD4CB6BF4208805 /* eggbackground-ipadhd.png in Resources */ = {isa = PBXBuildFile; fileRef = 603901A47B51A015BC402BF1 /* eggbackground-ipadhd.png */; };
		60390AB233DC3A05421AB95D /* eggbackground-ipad.png in Resources */ = {isa = PBXBuildFile; fileRef = 603902A258762F0021C5645F /* eggbackground-ipad.png */; };
		60390DEB3692A55B19969DE1 /* nest-hd.png in Resources */ = {isa = PBXBuildFile; fileRef = 60390F33EB457F19E24462D1 /* nest-hd.png */; };
		6E0B3B861603B65D00FBD2FD /* Nest.m in Sources */ = {isa = PBXBuildFile; fileRef = 6E0B3B851603B65D00FBD2FD /* Nest.m */; };
		6E0B3B8A1603B78600FBD2FD /* NestSprite.m in Sources */ = {isa = PBXBuildFile; fileRef = 6E0B3B891603B78600FBD2FD /* NestSprite.m */; };
		6EB12E2416025B2F00DC6577 /* eggbackground-hd.png in Resources */ = {isa = PBXBuildFile; fileRef = 6EB12E2216025B2E00DC6577 /* eggbackground-hd.png */; };
		6EB12E2516025B2F00DC6577 /* eggbackground.png in Resources */ = {isa = PBXBuildFile; fileRef = 6EB12E2316025B2E00DC6577 /* eggbackground.png */; };
		6EB12E2816025BCB00DC6577 /* cloud1-hd.png in Resources */ = {isa = PBXBuildFile; fileRef = 6EB12E2616025BCB00DC6577 /* cloud1-hd.png */; };
		6EB12E2916025BCB00DC6577 /* cloud1.png in Resources */ = {isa = PBXBuildFile; fileRef = 6EB12E2716025BCB00DC6577 /* cloud1.png */; };
		6EB12E3016025CFE00DC6577 /* cloud2-hd.png in Resources */ = {isa = PBXBuildFile; fileRef = 6EB12E2A16025CFE00DC6577 /* cloud2-hd.png */; };
		6EB12E3116025CFE00DC6577 /* cloud2.png in Resources */ = {isa = PBXBuildFile; fileRef = 6EB12E2B16025CFE00DC6577 /* cloud2.png */; };
		6EB12E3216025CFE00DC6577 /* cloud3-hd.png in Resources */ = {isa = PBXBuildFile; fileRef = 6EB12E2C16025CFE00DC6577 /* cloud3-hd.png */; };
		6EB12E3316025CFE00DC6577 /* cloud3.png in Resources */ = {isa = PBXBuildFile; fileRef = 6EB12E2D16025CFE00DC6577 /* cloud3.png */; };
		6EB12E3416025CFE00DC6577 /* cloud4-hd.png in Resources */ = {isa = PBXBuildFile; fileRef = 6EB12E2E16025CFE00DC6577 /* cloud4-hd.png */; };
		6EB12E3516025CFE00DC6577 /* cloud4.png in Resources */ = {isa = PBXBuildFile; fileRef = 6EB12E2F16025CFE00DC6577 /* cloud4.png */; };
		6EB12E3A16037D2800DC6577 /* Clouds.m in Sources */ = {isa = PBXBuildFile; fileRef = 6EB12E3916037D2800DC6577 /* Clouds.m */; };
		9647F2D8160393DA00D25C78 /* HUD.m in Sources */ = {isa = PBXBuildFile; fileRef = 9647F2D7160393DA00D25C78 /* HUD.m */; };
		9647F2DC1603943500D25C78 /* Score.m in Sources */ = {isa = PBXBuildFile; fileRef = 9647F2DB1603943500D25C78 /* Score.m */; };
		C13DA0F84C89138E8C48E748 /* drop-hd.png in Resources */ = {isa = PBXBuildFile; fileRef = C13DA0E3F0FD1186181259EC /* drop-hd.png */; };
		C13DA13941BA09AAC853F5AB /* WallSprite.m in Sources */ = {isa = PBXBuildFile; fileRef = C13DA2D9A5C949A3F4443509 /* WallSprite.m */; };
		C13DA21C50910CFA88ED3547 /* Fan.m in Sources */ = {isa = PBXBuildFile; fileRef = C13DA3AE694CFD6BC18BBA38 /* Fan.m */; };
		C13DA3B1E863E606838F9C93 /* reset-hd.png in Resources */ = {isa = PBXBuildFile; fileRef = C13DA3EC7951EBFD40A1383B /* reset-hd.png */; };
		C13DA425DA05DEA39155BE1C /* NullSimulationObserver.m in Sources */ = {isa = PBXBuildFile; fileRef = C13DA3D3F7416B03D1672D63 /* NullSimulationObserver.m */; };
		C13DA459BAF675380E8BE339 /* Levels.m in Sources */ = {isa = PBXBuildFile; fileRef = C13DAD27761AC378762A6787 /* Levels.m */; };
		C13DA5F6E6945B3EDF91943C /* Simulation.m in Sources */ = {isa = PBXBuildFile; fileRef = C13DA73BBF4B76AE61995BDD /* Simulation.m */; };
		C13DA625CE2F5670B3605EBB /* PlacingModeMenu.m in Sources */ = {isa = PBXBuildFile; fileRef = C13DA6BCEE01D726A4EC945B /* PlacingModeMenu.m */; };
		C13DA666AF8A6B37FB16A748 /* wall.png in Resources */ = {isa = PBXBuildFile; fileRef = C13DA15E51D2355423BE7DA9 /* wall.png */; };
		C13DA968D477A0AD5CCA61A4 /* TrampolineSpring.m in Sources */ = {isa = PBXBuildFile; fileRef = C13DA657B6AF295E79EA0F48 /* TrampolineSpring.m */; };
		C13DA9917A6BDB607B3C804B /* Wall.m in Sources */ = {isa = PBXBuildFile; fileRef = C13DA32C53F2C292DB924632 /* Wall.m */; };
		C13DA9CFFD68EFD575AA3899 /* FanView.m in Sources */ = {isa = PBXBuildFile; fileRef = C13DA932E4504A18AB6B0499 /* FanView.m */; };
		C13DA9E2E5ED9C11CB3A53F7 /* Level.m in Sources */ = {isa = PBXBuildFile; fileRef = C13DAD4E968FB28ADCDFAFA5 /* Level.m */; };
		C13DAE30FF61BA88C3FEBB54 /* wall-hd.png in Resources */ = {isa = PBXBuildFile; fileRef = C13DAA14DD97A6199BAC2749 /* wall-hd.png */; };
		C13DAE618FFFB507BC7D4B17 /* TrampolineMath.c in Sources */ = {isa = PBXBuildFile; fileRef = C13DA8F94E5B3E887D15F825 /* TrampolineMath.c */; };
		C13DAF7A014BA89CDC31EB78 /* reset.png in Resources */ = {isa = PBXBuildFile; fileRef = C13DA1416586496AE1461410 /* reset.png */; };
		C13DAFE12100789176142B7D /* TrampolineSegment.m in Sources */ = {isa = PBXBuildFile; fileRef = C13DAE9F8F6AF386A4ED4611 /* TrampolineSegment.m */; };
/* End PBXBuildFile section */

/* Begin PBXFileReference section */
		0846275815FE959E00844D0B /* EggDrop.app */ = {isa = PBXFileReference; explicitFileType = wrapper.application; includeInIndex = 0; path = EggDrop.app; sourceTree = BUILT_PRODUCTS_DIR; };
		0846275C15FE959E00844D0B /* QuartzCore.framework */ = {isa = PBXFileReference; lastKnownFileType = wrapper.framework; name = QuartzCore.framework; path = System/Library/Frameworks/QuartzCore.framework; sourceTree = SDKROOT; };
		0846275E15FE959E00844D0B /* OpenGLES.framework */ = {isa = PBXFileReference; lastKnownFileType = wrapper.framework; name = OpenGLES.framework; path = System/Library/Frameworks/OpenGLES.framework; sourceTree = SDKROOT; };
		0846276015FE959F00844D0B /* OpenAL.framework */ = {isa = PBXFileReference; lastKnownFileType = wrapper.framework; name = OpenAL.framework; path = System/Library/Frameworks/OpenAL.framework; sourceTree = SDKROOT; };
		0846276215FE959F00844D0B /* AudioToolbox.framework */ = {isa = PBXFileReference; lastKnownFileType = wrapper.framework; name = AudioToolbox.framework; path = System/Library/Frameworks/AudioToolbox.framework; sourceTree = SDKROOT; };
		0846276415FE959F00844D0B /* AVFoundation.framework */ = {isa = PBXFileReference; lastKnownFileType = wrapper.framework; name = AVFoundation.framework; path = System/Library/Frameworks/AVFoundation.framework; sourceTree = SDKROOT; };
		0846276615FE959F00844D0B /* UIKit.framework */ = {isa = PBXFileReference; lastKnownFileType = wrapper.framework; name = UIKit.framework; path = System/Library/Frameworks/UIKit.framework; sourceTree = SDKROOT; };
		0846276815FE959F00844D0B /* Foundation.framework */ = {isa = PBXFileReference; lastKnownFileType = wrapper.framework; name = Foundation.framework; path = System/Library/Frameworks/Foundation.framework; sourceTree = SDKROOT; };
		0846276A15FE959F00844D0B /* CoreGraphics.framework */ = {isa = PBXFileReference; lastKnownFileType = wrapper.framework; name = CoreGraphics.framework; path = System/Library/Frameworks/CoreGraphics.framework; sourceTree = SDKROOT; };
		0846276C15FE959F00844D0B /* GameKit.framework */ = {isa = PBXFileReference; lastKnownFileType = wrapper.framework; name = GameKit.framework; path = System/Library/Frameworks/GameKit.framework; sourceTree = SDKROOT; };
		0846277015FE959F00844D0B /* Default.png */ = {isa = PBXFileReference; lastKnownFileType = image.png; name = Default.png; path = Resources/Default.png; sourceTree = "<group>"; };
		0846277215FE959F00844D0B /* Default-Landscape~ipad.png */ = {isa = PBXFileReference; lastKnownFileType = image.png; name = "Default-Landscape~ipad.png"; path = "Resources/Default-Landscape~ipad.png"; sourceTree = "<group>"; };
		0846277415FE959F00844D0B /* fps_images.png */ = {isa = PBXFileReference; lastKnownFileType = image.png; name = fps_images.png; path = Resources/fps_images.png; sourceTree = "<group>"; };
		0846277615FE959F00844D0B /* fps_images-hd.png */ = {isa = PBXFileReference; lastKnownFileType = image.png; name = "fps_images-hd.png"; path = "Resources/fps_images-hd.png"; sourceTree = "<group>"; };
		0846277815FE959F00844D0B /* fps_images-ipadhd.png */ = {isa = PBXFileReference; lastKnownFileType = image.png; name = "fps_images-ipadhd.png"; path = "Resources/fps_images-ipadhd.png"; sourceTree = "<group>"; };
		0846277A15FE959F00844D0B /* Icon-72.png */ = {isa = PBXFileReference; lastKnownFileType = image.png; name = "Icon-72.png"; path = "Resources/Icon-72.png"; sourceTree = "<group>"; };
		0846277C15FE959F00844D0B /* Icon-Small-50.png */ = {isa = PBXFileReference; lastKnownFileType = image.png; name = "Icon-Small-50.png"; path = "Resources/Icon-Small-50.png"; sourceTree = "<group>"; };
		0846277E15FE959F00844D0B /* Icon-Small.png */ = {isa = PBXFileReference; lastKnownFileType = image.png; name = "Icon-Small.png"; path = "Resources/Icon-Small.png"; sourceTree = "<group>"; };
		0846278015FE959F00844D0B /* Icon-Small@2x.png */ = {isa = PBXFileReference; lastKnownFileType = image.png; name = "Icon-Small@2x.png"; path = "Resources/Icon-Small@2x.png"; sourceTree = "<group>"; };
		0846278215FE959F00844D0B /* Icon.png */ = {isa = PBXFileReference; lastKnownFileType = image.png; name = Icon.png; path = Resources/Icon.png; sourceTree = "<group>"; };
		0846278415FE959F00844D0B /* Icon@2x.png */ = {isa = PBXFileReference; lastKnownFileType = image.png; name = "Icon@2x.png"; path = "Resources/Icon@2x.png"; sourceTree = "<group>"; };
		0846278615FE959F00844D0B /* Info.plist */ = {isa = PBXFileReference; lastKnownFileType = text.plist.xml; name = Info.plist; path = Resources/Info.plist; sourceTree = "<group>"; };
		0846278715FE959F00844D0B /* iTunesArtwork */ = {isa = PBXFileReference; lastKnownFileType = file; name = iTunesArtwork; path = Resources/iTunesArtwork; sourceTree = "<group>"; };
		084628E315FE95A100844D0B /* Prefix.pch */ = {isa = PBXFileReference; lastKnownFileType = sourcecode.c.h; path = Prefix.pch; sourceTree = "<group>"; };
		084628E415FE95A100844D0B /* main.m */ = {isa = PBXFileReference; lastKnownFileType = sourcecode.c.objc; path = main.m; sourceTree = "<group>"; };
		084628E615FE95A100844D0B /* AppDelegate.h */ = {isa = PBXFileReference; lastKnownFileType = sourcecode.c.h; path = AppDelegate.h; sourceTree = "<group>"; };
		084628E715FE95A100844D0B /* AppDelegate.m */ = {isa = PBXFileReference; lastKnownFileType = sourcecode.c.objc; path = AppDelegate.m; sourceTree = "<group>"; };
		084628E915FE95A100844D0B /* BouncingEggLayer.h */ = {isa = PBXFileReference; lastKnownFileType = sourcecode.c.h; path = BouncingEggLayer.h; sourceTree = "<group>"; };
		084628EA15FE95A100844D0B /* BouncingEggLayer.m */ = {isa = PBXFileReference; lastKnownFileType = sourcecode.c.objc; path = BouncingEggLayer.m; sourceTree = "<group>"; };
		084628EC15FE95A100844D0B /* IntroLayer.h */ = {isa = PBXFileReference; lastKnownFileType = sourcecode.c.h; path = IntroLayer.h; sourceTree = "<group>"; };
		084628ED15FE95A100844D0B /* IntroLayer.m */ = {isa = PBXFileReference; lastKnownFileType = sourcecode.c.objc; path = IntroLayer.m; sourceTree = "<group>"; };
		0846291915FE9D7600844D0B /* libCocosLibs.a */ = {isa = PBXFileReference; lastKnownFileType = archive.ar; name = libCocosLibs.a; path = "../build/Release-iphoneos/libCocosLibs.a"; sourceTree = "<group>"; };
		0846291A15FE9D7600844D0B /* libiOSGeometryTools.a */ = {isa = PBXFileReference; lastKnownFileType = archive.ar; name = libiOSGeometryTools.a; path = "../build/Release-iphoneos/libiOSGeometryTools.a"; sourceTree = "<group>"; };
		0846291B15FE9D7600844D0B /* libkazmath.a */ = {isa = PBXFileReference; lastKnownFileType = archive.ar; name = libkazmath.a; path = "../build/Release-iphoneos/libkazmath.a"; sourceTree = "<group>"; };
		0846292715FE9FAD00844D0B /* Trampoline.h */ = {isa = PBXFileReference; fileEncoding = 4; lastKnownFileType = sourcecode.c.h; path = Trampoline.h; sourceTree = "<group>"; };
		0846292815FE9FAD00844D0B /* Trampoline.m */ = {isa = PBXFileReference; fileEncoding = 4; lastKnownFileType = sourcecode.c.objc; path = Trampoline.m; sourceTree = "<group>"; };
		0846292A15FEA32500844D0B /* Egg.h */ = {isa = PBXFileReference; fileEncoding = 4; lastKnownFileType = sourcecode.c.h; path = Egg.h; sourceTree = "<group>"; };
		0846292B15FEA32500844D0B /* Egg.m */ = {isa = PBXFileReference; fileEncoding = 4; lastKnownFileType = sourcecode.c.objc; path = Egg.m; sourceTree = "<group>"; };
		0846292D15FEA6CF00844D0B /* WorldConstants.h */ = {isa = PBXFileReference; fileEncoding = 4; lastKnownFileType = sourcecode.c.h; path = WorldConstants.h; sourceTree = "<group>"; };
		0846292E15FEA6CF00844D0B /* WorldConstants.m */ = {isa = PBXFileReference; fileEncoding = 4; lastKnownFileType = sourcecode.c.objc; path = WorldConstants.m; sourceTree = "<group>"; };
		086E2E7115FF1A70001E580A /* rope.png */ = {isa = PBXFileReference; lastKnownFileType = image.png; name = rope.png; path = Resources/rope.png; sourceTree = "<group>"; };
		086E2E7415FF234A001E580A /* rope-hd.png */ = {isa = PBXFileReference; lastKnownFileType = image.png; name = "rope-hd.png"; path = "Resources/rope-hd.png"; sourceTree = "<group>"; };
		086E2E7615FF2B0F001E580A /* TrampolineSprite.h */ = {isa = PBXFileReference; fileEncoding = 4; lastKnownFileType = sourcecode.c.h; path = TrampolineSprite.h; sourceTree = "<group>"; };
		086E2E7715FF2B0F001E580A /* TrampolineSprite.m */ = {isa = PBXFileReference; fileEncoding = 4; lastKnownFileType = sourcecode.c.objc; path = TrampolineSprite.m; sourceTree = "<group>"; };
		086E2E7915FF302F001E580A /* EggSprite.h */ = {isa = PBXFileReference; fileEncoding = 4; lastKnownFileType = sourcecode.c.h; path = EggSprite.h; sourceTree = "<group>"; };
		086E2E7A15FF3030001E580A /* EggSprite.m */ = {isa = PBXFileReference; fileEncoding = 4; lastKnownFileType = sourcecode.c.objc; path = EggSprite.m; sourceTree = "<group>"; };
		086E2E7C15FF31F4001E580A /* egg-hd.png */ = {isa = PBXFileReference; lastKnownFileType = image.png; name = "egg-hd.png"; path = "Resources/egg-hd.png"; sourceTree = "<group>"; };
		086E2E7E15FF31FD001E580A /* egg.png */ = {isa = PBXFileReference; lastKnownFileType = image.png; name = egg.png; path = Resources/egg.png; sourceTree = "<group>"; };
		086E2E8015FF3654001E580A /* knob-hd.png */ = {isa = PBXFileReference; lastKnownFileType = image.png; name = "knob-hd.png"; path = "Resources/knob-hd.png"; sourceTree = "<group>"; };
		086E2E8115FF3654001E580A /* knob.png */ = {isa = PBXFileReference; lastKnownFileType = image.png; name = knob.png; path = Resources/knob.png; sourceTree = "<group>"; };
		086E2E8415FF4352001E580A /* bg-hd.png */ = {isa = PBXFileReference; lastKnownFileType = image.png; name = "bg-hd.png"; path = "Resources/bg-hd.png"; sourceTree = "<group>"; };
		086E2E8515FF4352001E580A /* bg.png */ = {isa = PBXFileReference; lastKnownFileType = image.png; name = bg.png; path = Resources/bg.png; sourceTree = "<group>"; };
		337249441604A76400FBB490 /* star.png */ = {isa = PBXFileReference; lastKnownFileType = image.png; name = star.png; path = Resources/star.png; sourceTree = "<group>"; };
		337249461604A78A00FBB490 /* StarSprite.h */ = {isa = PBXFileReference; fileEncoding = 4; lastKnownFileType = sourcecode.c.h; path = StarSprite.h; sourceTree = "<group>"; };
		337249471604A78A00FBB490 /* StarSprite.m */ = {isa = PBXFileReference; fileEncoding = 4; lastKnownFileType = sourcecode.c.objc; path = StarSprite.m; sourceTree = "<group>"; };
		337249491604A79500FBB490 /* Star.h */ = {isa = PBXFileReference; fileEncoding = 4; lastKnownFileType = sourcecode.c.h; path = Star.h; sourceTree = "<group>"; };
		3372494A1604A79500FBB490 /* Star.m */ = {isa = PBXFileReference; fileEncoding = 4; lastKnownFileType = sourcecode.c.objc; path = Star.m; sourceTree = "<group>"; };
		3372494C1604B5EB00FBB490 /* star-hd.png */ = {isa = PBXFileReference; lastKnownFileType = image.png; name = "star-hd.png"; path = "Resources/star-hd.png"; sourceTree = "<group>"; };
		3372495A1607B6C500FBB490 /* GameOverLayer.h */ = {isa = PBXFileReference; fileEncoding = 4; lastKnownFileType = sourcecode.c.h; path = GameOverLayer.h; sourceTree = "<group>"; };
		3372495B1607B6C500FBB490 /* GameOverLayer.m */ = {isa = PBXFileReference; fileEncoding = 4; lastKnownFileType = sourcecode.c.objc; path = GameOverLayer.m; sourceTree = "<group>"; };
		33EFA55A1607E1A50073B671 /* drop.png */ = {isa = PBXFileReference; lastKnownFileType = image.png; name = drop.png; path = Resources/drop.png; sourceTree = "<group>"; };
		603901A47B51A015BC402BF1 /* eggbackground-ipadhd.png */ = {isa = PBXFileReference; lastKnownFileType = image.png; name = "eggbackground-ipadhd.png"; path = "Resources/eggbackground-ipadhd.png"; sourceTree = "<group>"; };
		603902A258762F0021C5645F /* eggbackground-ipad.png */ = {isa = PBXFileReference; lastKnownFileType = image.png; name = "eggbackground-ipad.png"; path = "Resources/eggbackground-ipad.png"; sourceTree = "<group>"; };
		60390CC67BABB2066AFAD14A /* nest.png */ = {isa = PBXFileReference; lastKnownFileType = image.png; name = nest.png; path = Resources/nest.png; sourceTree = "<group>"; };
		60390F33EB457F19E24462D1 /* nest-hd.png */ = {isa = PBXFileReference; lastKnownFileType = image.png; name = "nest-hd.png"; path = "Resources/nest-hd.png"; sourceTree = "<group>"; };
		6E0B3B841603B65D00FBD2FD /* Nest.h */ = {isa = PBXFileReference; fileEncoding = 4; lastKnownFileType = sourcecode.c.h; path = Nest.h; sourceTree = "<group>"; };
		6E0B3B851603B65D00FBD2FD /* Nest.m */ = {isa = PBXFileReference; fileEncoding = 4; lastKnownFileType = sourcecode.c.objc; path = Nest.m; sourceTree = "<group>"; };
		6E0B3B881603B78600FBD2FD /* NestSprite.h */ = {isa = PBXFileReference; fileEncoding = 4; lastKnownFileType = sourcecode.c.h; path = NestSprite.h; sourceTree = "<group>"; };
		6E0B3B891603B78600FBD2FD /* NestSprite.m */ = {isa = PBXFileReference; fileEncoding = 4; lastKnownFileType = sourcecode.c.objc; path = NestSprite.m; sourceTree = "<group>"; };
		6EB12E2216025B2E00DC6577 /* eggbackground-hd.png */ = {isa = PBXFileReference; lastKnownFileType = image.png; name = "eggbackground-hd.png"; path = "Resources/eggbackground-hd.png"; sourceTree = "<group>"; };
		6EB12E2316025B2E00DC6577 /* eggbackground.png */ = {isa = PBXFileReference; lastKnownFileType = image.png; name = eggbackground.png; path = Resources/eggbackground.png; sourceTree = "<group>"; };
		6EB12E2616025BCB00DC6577 /* cloud1-hd.png */ = {isa = PBXFileReference; lastKnownFileType = image.png; name = "cloud1-hd.png"; path = "Resources/cloud1-hd.png"; sourceTree = "<group>"; };
		6EB12E2716025BCB00DC6577 /* cloud1.png */ = {isa = PBXFileReference; lastKnownFileType = image.png; name = cloud1.png; path = Resources/cloud1.png; sourceTree = "<group>"; };
		6EB12E2A16025CFE00DC6577 /* cloud2-hd.png */ = {isa = PBXFileReference; lastKnownFileType = image.png; name = "cloud2-hd.png"; path = "Resources/cloud2-hd.png"; sourceTree = "<group>"; };
		6EB12E2B16025CFE00DC6577 /* cloud2.png */ = {isa = PBXFileReference; lastKnownFileType = image.png; name = cloud2.png; path = Resources/cloud2.png; sourceTree = "<group>"; };
		6EB12E2C16025CFE00DC6577 /* cloud3-hd.png */ = {isa = PBXFileReference; lastKnownFileType = image.png; name = "cloud3-hd.png"; path = "Resources/cloud3-hd.png"; sourceTree = "<group>"; };
		6EB12E2D16025CFE00DC6577 /* cloud3.png */ = {isa = PBXFileReference; lastKnownFileType = image.png; name = cloud3.png; path = Resources/cloud3.png; sourceTree = "<group>"; };
		6EB12E2E16025CFE00DC6577 /* cloud4-hd.png */ = {isa = PBXFileReference; lastKnownFileType = image.png; name = "cloud4-hd.png"; path = "Resources/cloud4-hd.png"; sourceTree = "<group>"; };
		6EB12E2F16025CFE00DC6577 /* cloud4.png */ = {isa = PBXFileReference; lastKnownFileType = image.png; name = cloud4.png; path = Resources/cloud4.png; sourceTree = "<group>"; };
		6EB12E3816037D2700DC6577 /* Clouds.h */ = {isa = PBXFileReference; fileEncoding = 4; lastKnownFileType = sourcecode.c.h; path = Clouds.h; sourceTree = "<group>"; };
		6EB12E3916037D2800DC6577 /* Clouds.m */ = {isa = PBXFileReference; fileEncoding = 4; lastKnownFileType = sourcecode.c.objc; path = Clouds.m; sourceTree = "<group>"; };
		9647F2D6160393DA00D25C78 /* HUD.h */ = {isa = PBXFileReference; fileEncoding = 4; lastKnownFileType = sourcecode.c.h; path = HUD.h; sourceTree = "<group>"; };
		9647F2D7160393DA00D25C78 /* HUD.m */ = {isa = PBXFileReference; fileEncoding = 4; lastKnownFileType = sourcecode.c.objc; path = HUD.m; sourceTree = "<group>"; };
		9647F2DA1603943500D25C78 /* Score.h */ = {isa = PBXFileReference; fileEncoding = 4; lastKnownFileType = sourcecode.c.h; path = Score.h; sourceTree = "<group>"; };
		9647F2DB1603943500D25C78 /* Score.m */ = {isa = PBXFileReference; fileEncoding = 4; lastKnownFileType = sourcecode.c.objc; path = Score.m; sourceTree = "<group>"; };
		C13DA0E3F0FD1186181259EC /* drop-hd.png */ = {isa = PBXFileReference; lastKnownFileType = image.png; name = "drop-hd.png"; path = "Resources/drop-hd.png"; sourceTree = "<group>"; };
		C13DA0FD64C8465A89959B10 /* Levels.h */ = {isa = PBXFileReference; fileEncoding = 4; lastKnownFileType = sourcecode.c.h; path = Levels.h; sourceTree = "<group>"; };
		C13DA1416586496AE1461410 /* reset.png */ = {isa = PBXFileReference; lastKnownFileType = image.png; name = reset.png; path = Resources/reset.png; sourceTree = "<group>"; };
		C13DA1459664856C24809B56 /* TrampolineMath.h */ = {isa = PBXFileReference; fileEncoding = 4; lastKnownFileType = sourcecode.c.h; path = TrampolineMath.h; sourceTree = "<group>"; };
		C13DA15E51D2355423BE7DA9 /* wall.png */ = {isa = PBXFileReference; lastKnownFileType = image.png; name = wall.png; path = Resources/wall.png; sourceTree = "<group>"; };
		C13DA197AC52AA79FB217694 /* FanView.h */ = {isa = PBXFileReference; fileEncoding = 4; lastKnownFileType = sourcecode.c.h; path = FanView.h; sourceTree = "<group>"; };
		C13DA20F254A88C8BAB14BD2 /* TrampolineSegment.h */ = {isa = PBXFileReference; fileEncoding = 4; lastKnownFileType = sourcecode.c.h; path = TrampolineSegment.h; sourceTree = "<group>"; };
		C13DA23E65D825AF8A3EA56C /* TrampolineSpring.h */ = {isa = PBXFileReference; fileEncoding = 4; lastKnownFileType = sourcecode.c.h; path = TrampolineSpring.h; sourceTree = "<group>"; };
		C13DA27488390D4FFC98D5A5 /* SimulationObserver.h */ = {isa = PBXFileReference; fileEncoding = 4; lastKnownFileType = sourcecode.c.h; path = SimulationObserver.h; sourceTree = "<group>"; };
		C13DA2D9A5C949A3F4443509 /* WallSprite.m */ = {isa = PBXFileReference; fileEncoding = 4; lastKnownFileType = sourcecode.c.objc; path = WallSprite.m; sourceTree = "<group>"; };
		C13DA32C53F2C292DB924632 /* Wall.m */ = {isa = PBXFileReference; fileEncoding = 4; lastKnownFileType = sourcecode.c.objc; path = Wall.m; sourceTree = "<group>"; };
		C13DA3811DA7AFDAFE29F428 /* Fan.h */ = {isa = PBXFileReference; fileEncoding = 4; lastKnownFileType = sourcecode.c.h; path = Fan.h; sourceTree = "<group>"; };
		C13DA3AE694CFD6BC18BBA38 /* Fan.m */ = {isa = PBXFileReference; fileEncoding = 4; lastKnownFileType = sourcecode.c.objc; path = Fan.m; sourceTree = "<group>"; };
		C13DA3D3F7416B03D1672D63 /* NullSimulationObserver.m */ = {isa = PBXFileReference; fileEncoding = 4; lastKnownFileType = sourcecode.c.objc; path = NullSimulationObserver.m; sourceTree = "<group>"; };
		C13DA3EC7951EBFD40A1383B /* reset-hd.png */ = {isa = PBXFileReference; lastKnownFileType = image.png; name = "reset-hd.png"; path = "Resources/reset-hd.png"; sourceTree = "<group>"; };
		C13DA5CB4E16A3DA90B79EEB /* Level.h */ = {isa = PBXFileReference; fileEncoding = 4; lastKnownFileType = sourcecode.c.h; path = Level.h; sourceTree = "<group>"; };
		C13DA657B6AF295E79EA0F48 /* TrampolineSpring.m */ = {isa = PBXFileReference; fileEncoding = 4; lastKnownFileType = sourcecode.c.objc; path = TrampolineSpring.m; sourceTree = "<group>"; };
		C13DA6BCEE01D726A4EC945B /* PlacingModeMenu.m */ = {isa = PBXFileReference; fileEncoding = 4; lastKnownFileType = sourcecode.c.objc; path = PlacingModeMenu.m; sourceTree = "<group>"; };
		C13DA73BBF4B76AE61995BDD /* Simulation.m */ = {isa = PBXFileReference; fileEncoding = 4; lastKnownFileType = sourcecode.c.objc; path = Simulation.m; sourceTree = "<group>"; };
		C13DA76FEF319A7278B5019A /* PlacingModeMenu.h */ = {isa = PBXFileReference; fileEncoding = 4; lastKnownFileType = sourcecode.c.h; path = PlacingModeMenu.h; sourceTree = "<group>"; };
		C13DA780C4D16321D58A2BFA /* Simulation.h */ = {isa = PBXFileReference; fileEncoding = 4; lastKnownFileType = sourcecode.c.h; path = Simulation.h; sourceTree = "<group>"; };
		C13DA7D8126D1B3D50DBD071 /* NullSimulationObserver.h */ = {isa = PBXFileReference; fileEncoding = 4; lastKnownFileType = sourcecode.c.h; path = NullSimulationObserver.h; sourceTree = "<group>"; };
		C13DA89A46CE6389A6C3988F /* Wall.h */ = {isa = PBXFileReference; fileEncoding = 4; lastKnownFileType = sourcecode.c.h; path = Wall.h; sourceTree = "<group>"; };
		C13DA8F94E5B3E887D15F825 /* TrampolineMath.c */ = {isa = PBXFileReference; fileEncoding = 4; lastKnownFileType = sourcecode.c.c; path = TrampolineMath.c; sourceTree = "<group>"; };
		C13DA932E4504A18AB6B0499 /* FanView.m */ = {isa = PBXFileReference; fileEncoding = 4; lastKnownFileType = sourcecode.c.objc; path = FanView.m; sourceTree = "<group>"; };
		C13DAA14DD97A6199BAC2749 /* wall-hd.png */ = {isa = PBXFileReference; lastKnownFileType = image.png; name = "wall-hd.png"; path = "Resources/wall-hd.png"; sourceTree = "<group>"; };
		C13DAD27761AC378762A6787 /* Levels.m */ = {isa = PBXFileReference; fileEncoding = 4; lastKnownFileType = sourcecode.c.objc; path = Levels.m; sourceTree = "<group>"; };
		C13DAD4E968FB28ADCDFAFA5 /* Level.m */ = {isa = PBXFileReference; fileEncoding = 4; lastKnownFileType = sourcecode.c.objc; path = Level.m; sourceTree = "<group>"; };
		C13DADBC353DD401ADE7138B /* WallSprite.h */ = {isa = PBXFileReference; fileEncoding = 4; lastKnownFileType = sourcecode.c.h; path = WallSprite.h; sourceTree = "<group>"; };
		C13DAE9F8F6AF386A4ED4611 /* TrampolineSegment.m */ = {isa = PBXFileReference; fileEncoding = 4; lastKnownFileType = sourcecode.c.objc; path = TrampolineSegment.m; sourceTree = "<group>"; };
/* End PBXFileReference section */

/* Begin PBXFrameworksBuildPhase section */
		0846275515FE959E00844D0B /* Frameworks */ = {
			isa = PBXFrameworksBuildPhase;
			buildActionMask = 2147483647;
			files = (
				0846291C15FE9D7600844D0B /* libCocosLibs.a in Frameworks */,
				0846291D15FE9D7600844D0B /* libiOSGeometryTools.a in Frameworks */,
				0846291E15FE9D7600844D0B /* libkazmath.a in Frameworks */,
				0846275D15FE959E00844D0B /* QuartzCore.framework in Frameworks */,
				0846275F15FE959F00844D0B /* OpenGLES.framework in Frameworks */,
				0846276115FE959F00844D0B /* OpenAL.framework in Frameworks */,
				0846276315FE959F00844D0B /* AudioToolbox.framework in Frameworks */,
				0846276515FE959F00844D0B /* AVFoundation.framework in Frameworks */,
				0846276715FE959F00844D0B /* UIKit.framework in Frameworks */,
				0846276915FE959F00844D0B /* Foundation.framework in Frameworks */,
				0846276B15FE959F00844D0B /* CoreGraphics.framework in Frameworks */,
				0846276D15FE959F00844D0B /* GameKit.framework in Frameworks */,
			);
			runOnlyForDeploymentPostprocessing = 0;
		};
/* End PBXFrameworksBuildPhase section */

/* Begin PBXGroup section */
		0846274D15FE959E00844D0B = {
			isa = PBXGroup;
			children = (
				0846276E15FE959F00844D0B /* EggDrop */,
				0846275B15FE959E00844D0B /* Frameworks */,
				0846291F15FE9D7E00844D0B /* Library References */,
				0846275915FE959E00844D0B /* Products */,
			);
			sourceTree = "<group>";
		};
		0846275915FE959E00844D0B /* Products */ = {
			isa = PBXGroup;
			children = (
				0846275815FE959E00844D0B /* EggDrop.app */,
			);
			name = Products;
			sourceTree = "<group>";
		};
		0846275B15FE959E00844D0B /* Frameworks */ = {
			isa = PBXGroup;
			children = (
				0846275C15FE959E00844D0B /* QuartzCore.framework */,
				0846275E15FE959E00844D0B /* OpenGLES.framework */,
				0846276015FE959F00844D0B /* OpenAL.framework */,
				0846276215FE959F00844D0B /* AudioToolbox.framework */,
				0846276415FE959F00844D0B /* AVFoundation.framework */,
				0846276615FE959F00844D0B /* UIKit.framework */,
				0846276815FE959F00844D0B /* Foundation.framework */,
				0846276A15FE959F00844D0B /* CoreGraphics.framework */,
				0846276C15FE959F00844D0B /* GameKit.framework */,
			);
			name = Frameworks;
			sourceTree = "<group>";
		};
		0846276E15FE959F00844D0B /* EggDrop */ = {
			isa = PBXGroup;
			children = (
				0846292615FE9F8800844D0B /* Model */,
				0846292515FE9F3E00844D0B /* App */,
				0846276F15FE959F00844D0B /* Resources */,
				084628E215FE95A100844D0B /* Supporting Files */,
			);
			path = EggDrop;
			sourceTree = "<group>";
		};
		0846276F15FE959F00844D0B /* Resources */ = {
			isa = PBXGroup;
			children = (
				C13DA15E51D2355423BE7DA9 /* wall.png */,
				C13DAA14DD97A6199BAC2749 /* wall-hd.png */,
				60390CC67BABB2066AFAD14A /* nest.png */,
				60390F33EB457F19E24462D1 /* nest-hd.png */,
				603901A47B51A015BC402BF1 /* eggbackground-ipadhd.png */,
				603902A258762F0021C5645F /* eggbackground-ipad.png */,
				C13DA1416586496AE1461410 /* reset.png */,
				C13DA3EC7951EBFD40A1383B /* reset-hd.png */,
				C13DA0E3F0FD1186181259EC /* drop-hd.png */,
				33EFA55A1607E1A50073B671 /* drop.png */,
				3372494C1604B5EB00FBB490 /* star-hd.png */,
				337249441604A76400FBB490 /* star.png */,
				6EB12E2216025B2E00DC6577 /* eggbackground-hd.png */,
				6EB12E2316025B2E00DC6577 /* eggbackground.png */,
				6EB12E2616025BCB00DC6577 /* cloud1-hd.png */,
				6EB12E2716025BCB00DC6577 /* cloud1.png */,
				6EB12E2A16025CFE00DC6577 /* cloud2-hd.png */,
				6EB12E2B16025CFE00DC6577 /* cloud2.png */,
				6EB12E2C16025CFE00DC6577 /* cloud3-hd.png */,
				6EB12E2D16025CFE00DC6577 /* cloud3.png */,
				6EB12E2E16025CFE00DC6577 /* cloud4-hd.png */,
				6EB12E2F16025CFE00DC6577 /* cloud4.png */,
				086E2E8415FF4352001E580A /* bg-hd.png */,
				086E2E8515FF4352001E580A /* bg.png */,
				086E2E8015FF3654001E580A /* knob-hd.png */,
				086E2E8115FF3654001E580A /* knob.png */,
				086E2E7E15FF31FD001E580A /* egg.png */,
				086E2E7C15FF31F4001E580A /* egg-hd.png */,
				086E2E7415FF234A001E580A /* rope-hd.png */,
				086E2E7115FF1A70001E580A /* rope.png */,
				0846277015FE959F00844D0B /* Default.png */,
				0846277215FE959F00844D0B /* Default-Landscape~ipad.png */,
				0846277415FE959F00844D0B /* fps_images.png */,
				0846277615FE959F00844D0B /* fps_images-hd.png */,
				0846277815FE959F00844D0B /* fps_images-ipadhd.png */,
				0846277A15FE959F00844D0B /* Icon-72.png */,
				0846277C15FE959F00844D0B /* Icon-Small-50.png */,
				0846277E15FE959F00844D0B /* Icon-Small.png */,
				0846278015FE959F00844D0B /* Icon-Small@2x.png */,
				0846278215FE959F00844D0B /* Icon.png */,
				0846278415FE959F00844D0B /* Icon@2x.png */,
				0846278615FE959F00844D0B /* Info.plist */,
				0846278715FE959F00844D0B /* iTunesArtwork */,
			);
			name = Resources;
			sourceTree = "<group>";
		};
		084628E215FE95A100844D0B /* Supporting Files */ = {
			isa = PBXGroup;
			children = (
				084628E315FE95A100844D0B /* Prefix.pch */,
				084628E415FE95A100844D0B /* main.m */,
			);
			name = "Supporting Files";
			sourceTree = "<group>";
		};
		0846291F15FE9D7E00844D0B /* Library References */ = {
			isa = PBXGroup;
			children = (
				0846291915FE9D7600844D0B /* libCocosLibs.a */,
				0846291A15FE9D7600844D0B /* libiOSGeometryTools.a */,
				0846291B15FE9D7600844D0B /* libkazmath.a */,
			);
			name = "Library References";
			sourceTree = "<group>";
		};
		0846292515FE9F3E00844D0B /* App */ = {
			isa = PBXGroup;
			children = (
				C13DA197AC52AA79FB217694 /* FanView.h */,
				C13DA932E4504A18AB6B0499 /* FanView.m */,
				C13DAE9F8F6AF386A4ED4611 /* TrampolineSegment.m */,
				C13DA20F254A88C8BAB14BD2 /* TrampolineSegment.h */,
				C13DA27488390D4FFC98D5A5 /* SimulationObserver.h */,
				C13DA6BCEE01D726A4EC945B /* PlacingModeMenu.m */,
				C13DA76FEF319A7278B5019A /* PlacingModeMenu.h */,
				C13DA3D3F7416B03D1672D63 /* NullSimulationObserver.m */,
				C13DA7D8126D1B3D50DBD071 /* NullSimulationObserver.h */,
				C13DA2D9A5C949A3F4443509 /* WallSprite.m */,
				C13DADBC353DD401ADE7138B /* WallSprite.h */,
				084628E615FE95A100844D0B /* AppDelegate.h */,
				084628E715FE95A100844D0B /* AppDelegate.m */,
				084628E915FE95A100844D0B /* BouncingEggLayer.h */,
				084628EA15FE95A100844D0B /* BouncingEggLayer.m */,
				6EB12E3816037D2700DC6577 /* Clouds.h */,
				6EB12E3916037D2800DC6577 /* Clouds.m */,
				084628EC15FE95A100844D0B /* IntroLayer.h */,
				084628ED15FE95A100844D0B /* IntroLayer.m */,
				086E2E7615FF2B0F001E580A /* TrampolineSprite.h */,
				086E2E7715FF2B0F001E580A /* TrampolineSprite.m */,
				086E2E7915FF302F001E580A /* EggSprite.h */,
				086E2E7A15FF3030001E580A /* EggSprite.m */,
				3372495A1607B6C500FBB490 /* GameOverLayer.h */,
				3372495B1607B6C500FBB490 /* GameOverLayer.m */,
				6E0B3B881603B78600FBD2FD /* NestSprite.h */,
				6E0B3B891603B78600FBD2FD /* NestSprite.m */,
				9647F2D6160393DA00D25C78 /* HUD.h */,
				9647F2D7160393DA00D25C78 /* HUD.m */,
				337249461604A78A00FBB490 /* StarSprite.h */,
				337249471604A78A00FBB490 /* StarSprite.m */,
			);
			name = App;
			sourceTree = "<group>";
		};
		0846292615FE9F8800844D0B /* Model */ = {
			isa = PBXGroup;
			children = (
				C13DA3811DA7AFDAFE29F428 /* Fan.h */,
				C13DA3AE694CFD6BC18BBA38 /* Fan.m */,
				C13DA32C53F2C292DB924632 /* Wall.m */,
				C13DA89A46CE6389A6C3988F /* Wall.h */,
				C13DA73BBF4B76AE61995BDD /* Simulation.m */,
				C13DA780C4D16321D58A2BFA /* Simulation.h */,
				C13DAD27761AC378762A6787 /* Levels.m */,
				C13DA0FD64C8465A89959B10 /* Levels.h */,
				C13DAD4E968FB28ADCDFAFA5 /* Level.m */,
				C13DA5CB4E16A3DA90B79EEB /* Level.h */,
				C13DA1459664856C24809B56 /* TrampolineMath.h */,
				C13DA8F94E5B3E887D15F825 /* TrampolineMath.c */,
				C13DA23E65D825AF8A3EA56C /* TrampolineSpring.h */,
				C13DA657B6AF295E79EA0F48 /* TrampolineSpring.m */,
				0846292715FE9FAD00844D0B /* Trampoline.h */,
				0846292815FE9FAD00844D0B /* Trampoline.m */,
				0846292A15FEA32500844D0B /* Egg.h */,
				0846292B15FEA32500844D0B /* Egg.m */,
				6E0B3B841603B65D00FBD2FD /* Nest.h */,
				6E0B3B851603B65D00FBD2FD /* Nest.m */,
				0846292D15FEA6CF00844D0B /* WorldConstants.h */,
				0846292E15FEA6CF00844D0B /* WorldConstants.m */,
				9647F2DA1603943500D25C78 /* Score.h */,
				9647F2DB1603943500D25C78 /* Score.m */,
				337249491604A79500FBB490 /* Star.h */,
				3372494A1604A79500FBB490 /* Star.m */,
			);
			name = Model;
			sourceTree = "<group>";
		};
/* End PBXGroup section */

/* Begin PBXNativeTarget section */
		0846275715FE959E00844D0B /* EggDrop */ = {
			isa = PBXNativeTarget;
			buildConfigurationList = 084628F115FE95A100844D0B /* Build configuration list for PBXNativeTarget "EggDrop" */;
			buildPhases = (
				0846275415FE959E00844D0B /* Sources */,
				0846275515FE959E00844D0B /* Frameworks */,
				0846275615FE959E00844D0B /* Resources */,
			);
			buildRules = (
			);
			dependencies = (
			);
			name = EggDrop;
			productName = EggDrop;
			productReference = 0846275815FE959E00844D0B /* EggDrop.app */;
			productType = "com.apple.product-type.application";
		};
/* End PBXNativeTarget section */

/* Begin PBXProject section */
		0846274F15FE959E00844D0B /* Project object */ = {
			isa = PBXProject;
			attributes = {
				LastUpgradeCheck = 0430;
				ORGANIZATIONNAME = "Cyrus Innovation";
			};
			buildConfigurationList = 0846275215FE959E00844D0B /* Build configuration list for PBXProject "EggDrop" */;
			compatibilityVersion = "Xcode 3.2";
			developmentRegion = English;
			hasScannedForEncodings = 0;
			knownRegions = (
				en,
			);
			mainGroup = 0846274D15FE959E00844D0B;
			productRefGroup = 0846275915FE959E00844D0B /* Products */;
			projectDirPath = "";
			projectRoot = "";
			targets = (
				0846275715FE959E00844D0B /* EggDrop */,
			);
		};
/* End PBXProject section */

/* Begin PBXResourcesBuildPhase section */
		0846275615FE959E00844D0B /* Resources */ = {
			isa = PBXResourcesBuildPhase;
			buildActionMask = 2147483647;
			files = (
				0846277115FE959F00844D0B /* Default.png in Resources */,
				0846277315FE959F00844D0B /* Default-Landscape~ipad.png in Resources */,
				0846277515FE959F00844D0B /* fps_images.png in Resources */,
				0846277715FE959F00844D0B /* fps_images-hd.png in Resources */,
				0846277915FE959F00844D0B /* fps_images-ipadhd.png in Resources */,
				0846277B15FE959F00844D0B /* Icon-72.png in Resources */,
				0846277D15FE959F00844D0B /* Icon-Small-50.png in Resources */,
				0846277F15FE959F00844D0B /* Icon-Small.png in Resources */,
				0846278115FE959F00844D0B /* Icon-Small@2x.png in Resources */,
				0846278315FE959F00844D0B /* Icon.png in Resources */,
				0846278515FE959F00844D0B /* Icon@2x.png in Resources */,
				0846278815FE959F00844D0B /* iTunesArtwork in Resources */,
				086E2E7215FF1A70001E580A /* rope.png in Resources */,
				086E2E7515FF234A001E580A /* rope-hd.png in Resources */,
				086E2E7D15FF31F4001E580A /* egg-hd.png in Resources */,
				086E2E7F15FF31FD001E580A /* egg.png in Resources */,
				086E2E8215FF3654001E580A /* knob-hd.png in Resources */,
				086E2E8315FF3654001E580A /* knob.png in Resources */,
				086E2E8615FF4352001E580A /* bg-hd.png in Resources */,
				086E2E8715FF4352001E580A /* bg.png in Resources */,
				6EB12E2416025B2F00DC6577 /* eggbackground-hd.png in Resources */,
				6EB12E2516025B2F00DC6577 /* eggbackground.png in Resources */,
				6EB12E2816025BCB00DC6577 /* cloud1-hd.png in Resources */,
				6EB12E2916025BCB00DC6577 /* cloud1.png in Resources */,
				6EB12E3016025CFE00DC6577 /* cloud2-hd.png in Resources */,
				6EB12E3116025CFE00DC6577 /* cloud2.png in Resources */,
				6EB12E3216025CFE00DC6577 /* cloud3-hd.png in Resources */,
				6EB12E3316025CFE00DC6577 /* cloud3.png in Resources */,
				6EB12E3416025CFE00DC6577 /* cloud4-hd.png in Resources */,
				6EB12E3516025CFE00DC6577 /* cloud4.png in Resources */,
				60390DEB3692A55B19969DE1 /* nest-hd.png in Resources */,
				603904376A8D90B850AE6083 /* nest.png in Resources */,
				60390AB233DC3A05421AB95D /* eggbackground-ipad.png in Resources */,
				603908505CD4CB6BF4208805 /* eggbackground-ipadhd.png in Resources */,
				337249451604A76400FBB490 /* star.png in Resources */,
				3372494D1604B5EB00FBB490 /* star-hd.png in Resources */,
				C13DA0F84C89138E8C48E748 /* drop-hd.png in Resources */,
				33EFA55B1607E1A50073B671 /* drop.png in Resources */,
				C13DA3B1E863E606838F9C93 /* reset-hd.png in Resources */,
				C13DAF7A014BA89CDC31EB78 /* reset.png in Resources */,
				C13DAE30FF61BA88C3FEBB54 /* wall-hd.png in Resources */,
				C13DA666AF8A6B37FB16A748 /* wall.png in Resources */,
			);
			runOnlyForDeploymentPostprocessing = 0;
		};
/* End PBXResourcesBuildPhase section */

/* Begin PBXSourcesBuildPhase section */
		0846275415FE959E00844D0B /* Sources */ = {
			isa = PBXSourcesBuildPhase;
			buildActionMask = 2147483647;
			files = (
				084628E515FE95A100844D0B /* main.m in Sources */,
				084628E815FE95A100844D0B /* AppDelegate.m in Sources */,
				084628EB15FE95A100844D0B /* BouncingEggLayer.m in Sources */,
				084628EE15FE95A100844D0B /* IntroLayer.m in Sources */,
				0846292915FE9FAD00844D0B /* Trampoline.m in Sources */,
				0846292C15FEA32500844D0B /* Egg.m in Sources */,
				0846292F15FEA6CF00844D0B /* WorldConstants.m in Sources */,
				086E2E7815FF2B0F001E580A /* TrampolineSprite.m in Sources */,
				086E2E7B15FF3030001E580A /* EggSprite.m in Sources */,
				C13DAE618FFFB507BC7D4B17 /* TrampolineMath.c in Sources */,
				C13DA968D477A0AD5CCA61A4 /* TrampolineSpring.m in Sources */,
				6EB12E3A16037D2800DC6577 /* Clouds.m in Sources */,
				6E0B3B861603B65D00FBD2FD /* Nest.m in Sources */,
				6E0B3B8A1603B78600FBD2FD /* NestSprite.m in Sources */,
				9647F2D8160393DA00D25C78 /* HUD.m in Sources */,
				9647F2DC1603943500D25C78 /* Score.m in Sources */,
				337249481604A78A00FBB490 /* StarSprite.m in Sources */,
				3372494B1604A79500FBB490 /* Star.m in Sources */,
				C13DAFE12100789176142B7D /* TrampolineSegment.m in Sources */,
				C13DA5F6E6945B3EDF91943C /* Simulation.m in Sources */,
				C13DA425DA05DEA39155BE1C /* NullSimulationObserver.m in Sources */,
				C13DA9E2E5ED9C11CB3A53F7 /* Level.m in Sources */,
				C13DA459BAF675380E8BE339 /* Levels.m in Sources */,
				3372495C1607B6C500FBB490 /* GameOverLayer.m in Sources */,
				C13DA625CE2F5670B3605EBB /* PlacingModeMenu.m in Sources */,
				C13DA9917A6BDB607B3C804B /* Wall.m in Sources */,
				C13DA13941BA09AAC853F5AB /* WallSprite.m in Sources */,
				C13DA9CFFD68EFD575AA3899 /* FanView.m in Sources */,
				C13DA21C50910CFA88ED3547 /* Fan.m in Sources */,
			);
			runOnlyForDeploymentPostprocessing = 0;
		};
/* End PBXSourcesBuildPhase section */

/* Begin XCBuildConfiguration section */
		084628EF15FE95A100844D0B /* Debug */ = {
			isa = XCBuildConfiguration;
			buildSettings = {
				ARCHS = "$(ARCHS_STANDARD_32_BIT)";
				"CODE_SIGN_IDENTITY[sdk=iphoneos*]" = "iPhone Developer";
				GCC_C_LANGUAGE_STANDARD = c99;
				GCC_OPTIMIZATION_LEVEL = 0;
				GCC_PREPROCESSOR_DEFINITIONS = (
					DEBUG,
					"COCOS2D_DEBUG=1",
				);
				GCC_SYMBOLS_PRIVATE_EXTERN = NO;
				GCC_VERSION = com.apple.compilers.llvm.clang.1_0;
				GCC_WARN_ABOUT_RETURN_TYPE = YES;
				GCC_WARN_UNUSED_VARIABLE = YES;
				HEADER_SEARCH_PATHS = (
					"\"CocosLibs/cocos2d\"",
					"\"CocosLibs/kazmath/include\"",
					"\"iOSGeometryTools\"",
				);
				IPHONEOS_DEPLOYMENT_TARGET = 4.0;
				ONLY_ACTIVE_ARCH = YES;
				"PROVISIONING_PROFILE[sdk=iphoneos*]" = "";
				SDKROOT = iphoneos;
				SKIP_INSTALL = YES;
				TARGETED_DEVICE_FAMILY = "1,2";
			};
			name = Debug;
		};
		084628F015FE95A100844D0B /* Release */ = {
			isa = XCBuildConfiguration;
			buildSettings = {
				ARCHS = "$(ARCHS_STANDARD_32_BIT)";
				"CODE_SIGN_IDENTITY[sdk=iphoneos*]" = "iPhone Developer";
				GCC_C_LANGUAGE_STANDARD = c99;
				GCC_PREPROCESSOR_DEFINITIONS = (
					NDEBUG,
					"NS_BLOCK_ASSERTIONS=1",
				);
				GCC_VERSION = com.apple.compilers.llvm.clang.1_0;
				GCC_WARN_ABOUT_RETURN_TYPE = YES;
				GCC_WARN_UNUSED_VARIABLE = YES;
				HEADER_SEARCH_PATHS = (
					"\"CocosLibs/cocos2d\"",
					"\"CocosLibs/kazmath/include\"",
					"\"iOSGeometryTools\"",
				);
				IPHONEOS_DEPLOYMENT_TARGET = 4.0;
				ONLY_ACTIVE_ARCH = YES;
				"PROVISIONING_PROFILE[sdk=iphoneos*]" = "";
				SDKROOT = iphoneos;
				SKIP_INSTALL = YES;
				TARGETED_DEVICE_FAMILY = "1,2";
			};
			name = Release;
		};
		084628F215FE95A100844D0B /* Debug */ = {
			isa = XCBuildConfiguration;
			buildSettings = {
				COPY_PHASE_STRIP = NO;
				GCC_DYNAMIC_NO_PIC = NO;
				GCC_PRECOMPILE_PREFIX_HEADER = YES;
				GCC_PREFIX_HEADER = EggDrop/Prefix.pch;
				INFOPLIST_FILE = EggDrop/Resources/Info.plist;
				OTHER_LDFLAGS = (
					"-lz",
					"-ObjC",
				);
				PRODUCT_NAME = "$(TARGET_NAME)";
				WRAPPER_EXTENSION = app;
			};
			name = Debug;
		};
		084628F315FE95A100844D0B /* Release */ = {
			isa = XCBuildConfiguration;
			buildSettings = {
				COPY_PHASE_STRIP = YES;
				GCC_PRECOMPILE_PREFIX_HEADER = YES;
				GCC_PREFIX_HEADER = EggDrop/Prefix.pch;
				INFOPLIST_FILE = EggDrop/Resources/Info.plist;
				OTHER_LDFLAGS = (
					"-lz",
					"-ObjC",
				);
				PRODUCT_NAME = "$(TARGET_NAME)";
				VALIDATE_PRODUCT = YES;
				WRAPPER_EXTENSION = app;
			};
			name = Release;
		};
/* End XCBuildConfiguration section */

/* Begin XCConfigurationList section */
		0846275215FE959E00844D0B /* Build configuration list for PBXProject "EggDrop" */ = {
			isa = XCConfigurationList;
			buildConfigurations = (
				084628EF15FE95A100844D0B /* Debug */,
				084628F015FE95A100844D0B /* Release */,
			);
			defaultConfigurationIsVisible = 0;
			defaultConfigurationName = Release;
		};
		084628F115FE95A100844D0B /* Build configuration list for PBXNativeTarget "EggDrop" */ = {
			isa = XCConfigurationList;
			buildConfigurations = (
				084628F215FE95A100844D0B /* Debug */,
				084628F315FE95A100844D0B /* Release */,
			);
			defaultConfigurationIsVisible = 0;
			defaultConfigurationName = Release;
		};
/* End XCConfigurationList section */
	};
	rootObject = 0846274F15FE959E00844D0B /* Project object */;
}
