// !$*UTF8*$!
{
	archiveVersion = 1;
	classes = {
	};
	objectVersion = 46;
	objects = {

/* Begin PBXBuildFile section */
		082497F41610A34D0041907E /* QuartzCore.framework in Frameworks */ = {isa = PBXBuildFile; fileRef = 082497F31610A34D0041907E /* QuartzCore.framework */; };
		082497F61610A34D0041907E /* OpenGLES.framework in Frameworks */ = {isa = PBXBuildFile; fileRef = 082497F51610A34D0041907E /* OpenGLES.framework */; };
		082497F81610A34D0041907E /* OpenAL.framework in Frameworks */ = {isa = PBXBuildFile; fileRef = 082497F71610A34D0041907E /* OpenAL.framework */; };
		082497FA1610A34D0041907E /* AudioToolbox.framework in Frameworks */ = {isa = PBXBuildFile; fileRef = 082497F91610A34D0041907E /* AudioToolbox.framework */; };
		082497FC1610A34E0041907E /* AVFoundation.framework in Frameworks */ = {isa = PBXBuildFile; fileRef = 082497FB1610A34D0041907E /* AVFoundation.framework */; };
		082497FE1610A34E0041907E /* UIKit.framework in Frameworks */ = {isa = PBXBuildFile; fileRef = 082497FD1610A34E0041907E /* UIKit.framework */; };
		082498001610A34E0041907E /* Foundation.framework in Frameworks */ = {isa = PBXBuildFile; fileRef = 082497FF1610A34E0041907E /* Foundation.framework */; };
		082498021610A34E0041907E /* CoreGraphics.framework in Frameworks */ = {isa = PBXBuildFile; fileRef = 082498011610A34E0041907E /* CoreGraphics.framework */; };
		082498041610A34E0041907E /* GameKit.framework in Frameworks */ = {isa = PBXBuildFile; fileRef = 082498031610A34E0041907E /* GameKit.framework */; };
		082498081610A34E0041907E /* Default.png in Resources */ = {isa = PBXBuildFile; fileRef = 082498071610A34E0041907E /* Default.png */; };
		0824980A1610A34E0041907E /* Default-Landscape~ipad.png in Resources */ = {isa = PBXBuildFile; fileRef = 082498091610A34E0041907E /* Default-Landscape~ipad.png */; };
		0824980C1610A34E0041907E /* fps_images.png in Resources */ = {isa = PBXBuildFile; fileRef = 0824980B1610A34E0041907E /* fps_images.png */; };
		0824980E1610A34E0041907E /* fps_images-hd.png in Resources */ = {isa = PBXBuildFile; fileRef = 0824980D1610A34E0041907E /* fps_images-hd.png */; };
		082498101610A34E0041907E /* fps_images-ipadhd.png in Resources */ = {isa = PBXBuildFile; fileRef = 0824980F1610A34E0041907E /* fps_images-ipadhd.png */; };
		082498121610A34E0041907E /* Icon-72.png in Resources */ = {isa = PBXBuildFile; fileRef = 082498111610A34E0041907E /* Icon-72.png */; };
		082498141610A34E0041907E /* Icon-Small-50.png in Resources */ = {isa = PBXBuildFile; fileRef = 082498131610A34E0041907E /* Icon-Small-50.png */; };
		082498161610A34E0041907E /* Icon-Small.png in Resources */ = {isa = PBXBuildFile; fileRef = 082498151610A34E0041907E /* Icon-Small.png */; };
		082498181610A34E0041907E /* Icon-Small@2x.png in Resources */ = {isa = PBXBuildFile; fileRef = 082498171610A34E0041907E /* Icon-Small@2x.png */; };
		0824981A1610A34E0041907E /* Icon.png in Resources */ = {isa = PBXBuildFile; fileRef = 082498191610A34E0041907E /* Icon.png */; };
		0824981C1610A34E0041907E /* Icon@2x.png in Resources */ = {isa = PBXBuildFile; fileRef = 0824981B1610A34E0041907E /* Icon@2x.png */; };
		0824981F1610A34E0041907E /* iTunesArtwork in Resources */ = {isa = PBXBuildFile; fileRef = 0824981E1610A34E0041907E /* iTunesArtwork */; };
		0824997C1610A3500041907E /* main.m in Sources */ = {isa = PBXBuildFile; fileRef = 0824997B1610A3500041907E /* main.m */; };
		0824997F1610A3500041907E /* AppDelegate.m in Sources */ = {isa = PBXBuildFile; fileRef = 0824997E1610A3500041907E /* AppDelegate.m */; };
		082499821610A3500041907E /* RunningLayer.m in Sources */ = {isa = PBXBuildFile; fileRef = 082499811610A3500041907E /* RunningLayer.m */; };
		082499851610A3500041907E /* IntroLayer.m in Sources */ = {isa = PBXBuildFile; fileRef = 082499841610A3500041907E /* IntroLayer.m */; };
		0824998E1610A3720041907E /* libCocosLibs.a in Frameworks */ = {isa = PBXBuildFile; fileRef = 0824998B1610A3720041907E /* libCocosLibs.a */; };
		0824998F1610A3720041907E /* libiOSGeometryTools.a in Frameworks */ = {isa = PBXBuildFile; fileRef = 0824998C1610A3720041907E /* libiOSGeometryTools.a */; };
		082499901610A3720041907E /* libkazmath.a in Frameworks */ = {isa = PBXBuildFile; fileRef = 0824998D1610A3720041907E /* libkazmath.a */; };
		C13DA1CDA463874E50BF6557 /* StageView.m in Sources */ = {isa = PBXBuildFile; fileRef = C13DA10FCCCEFB9DA0DDD5B5 /* StageView.m */; };
		C13DA1EA0E51AE06DBC61B12 /* BadGuyView.m in Sources */ = {isa = PBXBuildFile; fileRef = C13DA58B6BB9F07A3AD0949A /* BadGuyView.m */; };
		C13DA3223DE6BE67FFC5F6D4 /* Simulation.m in Sources */ = {isa = PBXBuildFile; fileRef = C13DADF252B545D0A0B803D0 /* Simulation.m */; };
		C13DA3DE8588B7C7C96C5DBB /* MeleeAttack.m in Sources */ = {isa = PBXBuildFile; fileRef = C13DA267A4AC75C4F58E47A9 /* MeleeAttack.m */; };
		C13DA4AFFC86A6D20F1A98EA /* instructions~ipad.png in Resources */ = {isa = PBXBuildFile; fileRef = C13DAEAB1BE133F202FFA30A /* instructions~ipad.png */; };
		C13DA511333E2B8D9BB738F0 /* BadGuy.m in Sources */ = {isa = PBXBuildFile; fileRef = C13DA9C6C1BA867C67CBD1F2 /* BadGuy.m */; };
		C13DA573FD6A3D7B2355F72A /* WorldConstants.m in Sources */ = {isa = PBXBuildFile; fileRef = C13DA74ECD4552676249D903 /* WorldConstants.m */; };
		C13DA76E377213D13357DA55 /* Guy.m in Sources */ = {isa = PBXBuildFile; fileRef = C13DABCD158D631E2C4F22FF /* Guy.m */; };
		C13DA96AE463B2785D342A3B /* Stage.m in Sources */ = {isa = PBXBuildFile; fileRef = C13DA3BBAF9CD850916C625F /* Stage.m */; };
		C13DAC4007F78F104693B1DC /* MeleeAttackView.m in Sources */ = {isa = PBXBuildFile; fileRef = C13DA528AD7DC83A7DF56196 /* MeleeAttackView.m */; };
		C13DAC44522C8AAB53FC3944 /* GuyView.m in Sources */ = {isa = PBXBuildFile; fileRef = C13DA8B72436BB9AC747616E /* GuyView.m */; };
		C13DAFF30CB6EC1EA407F94C /* instructions.png in Resources */ = {isa = PBXBuildFile; fileRef = C13DA21E3C760AFE9D6B2438 /* instructions.png */; };
/* End PBXBuildFile section */

/* Begin PBXFileReference section */
		082497EF1610A34D0041907E /* Wallter.app */ = {isa = PBXFileReference; explicitFileType = wrapper.application; includeInIndex = 0; path = Wallter.app; sourceTree = BUILT_PRODUCTS_DIR; };
		082497F31610A34D0041907E /* QuartzCore.framework */ = {isa = PBXFileReference; lastKnownFileType = wrapper.framework; name = QuartzCore.framework; path = System/Library/Frameworks/QuartzCore.framework; sourceTree = SDKROOT; };
		082497F51610A34D0041907E /* OpenGLES.framework */ = {isa = PBXFileReference; lastKnownFileType = wrapper.framework; name = OpenGLES.framework; path = System/Library/Frameworks/OpenGLES.framework; sourceTree = SDKROOT; };
		082497F71610A34D0041907E /* OpenAL.framework */ = {isa = PBXFileReference; lastKnownFileType = wrapper.framework; name = OpenAL.framework; path = System/Library/Frameworks/OpenAL.framework; sourceTree = SDKROOT; };
		082497F91610A34D0041907E /* AudioToolbox.framework */ = {isa = PBXFileReference; lastKnownFileType = wrapper.framework; name = AudioToolbox.framework; path = System/Library/Frameworks/AudioToolbox.framework; sourceTree = SDKROOT; };
		082497FB1610A34D0041907E /* AVFoundation.framework */ = {isa = PBXFileReference; lastKnownFileType = wrapper.framework; name = AVFoundation.framework; path = System/Library/Frameworks/AVFoundation.framework; sourceTree = SDKROOT; };
		082497FD1610A34E0041907E /* UIKit.framework */ = {isa = PBXFileReference; lastKnownFileType = wrapper.framework; name = UIKit.framework; path = System/Library/Frameworks/UIKit.framework; sourceTree = SDKROOT; };
		082497FF1610A34E0041907E /* Foundation.framework */ = {isa = PBXFileReference; lastKnownFileType = wrapper.framework; name = Foundation.framework; path = System/Library/Frameworks/Foundation.framework; sourceTree = SDKROOT; };
		082498011610A34E0041907E /* CoreGraphics.framework */ = {isa = PBXFileReference; lastKnownFileType = wrapper.framework; name = CoreGraphics.framework; path = System/Library/Frameworks/CoreGraphics.framework; sourceTree = SDKROOT; };
		082498031610A34E0041907E /* GameKit.framework */ = {isa = PBXFileReference; lastKnownFileType = wrapper.framework; name = GameKit.framework; path = System/Library/Frameworks/GameKit.framework; sourceTree = SDKROOT; };
		082498071610A34E0041907E /* Default.png */ = {isa = PBXFileReference; lastKnownFileType = image.png; name = Default.png; path = Resources/Default.png; sourceTree = "<group>"; };
		082498091610A34E0041907E /* Default-Landscape~ipad.png */ = {isa = PBXFileReference; lastKnownFileType = image.png; name = "Default-Landscape~ipad.png"; path = "Resources/Default-Landscape~ipad.png"; sourceTree = "<group>"; };
		0824980B1610A34E0041907E /* fps_images.png */ = {isa = PBXFileReference; lastKnownFileType = image.png; name = fps_images.png; path = Resources/fps_images.png; sourceTree = "<group>"; };
		0824980D1610A34E0041907E /* fps_images-hd.png */ = {isa = PBXFileReference; lastKnownFileType = image.png; name = "fps_images-hd.png"; path = "Resources/fps_images-hd.png"; sourceTree = "<group>"; };
		0824980F1610A34E0041907E /* fps_images-ipadhd.png */ = {isa = PBXFileReference; lastKnownFileType = image.png; name = "fps_images-ipadhd.png"; path = "Resources/fps_images-ipadhd.png"; sourceTree = "<group>"; };
		082498111610A34E0041907E /* Icon-72.png */ = {isa = PBXFileReference; lastKnownFileType = image.png; name = "Icon-72.png"; path = "Resources/Icon-72.png"; sourceTree = "<group>"; };
		082498131610A34E0041907E /* Icon-Small-50.png */ = {isa = PBXFileReference; lastKnownFileType = image.png; name = "Icon-Small-50.png"; path = "Resources/Icon-Small-50.png"; sourceTree = "<group>"; };
		082498151610A34E0041907E /* Icon-Small.png */ = {isa = PBXFileReference; lastKnownFileType = image.png; name = "Icon-Small.png"; path = "Resources/Icon-Small.png"; sourceTree = "<group>"; };
		082498171610A34E0041907E /* Icon-Small@2x.png */ = {isa = PBXFileReference; lastKnownFileType = image.png; name = "Icon-Small@2x.png"; path = "Resources/Icon-Small@2x.png"; sourceTree = "<group>"; };
		082498191610A34E0041907E /* Icon.png */ = {isa = PBXFileReference; lastKnownFileType = image.png; name = Icon.png; path = Resources/Icon.png; sourceTree = "<group>"; };
		0824981B1610A34E0041907E /* Icon@2x.png */ = {isa = PBXFileReference; lastKnownFileType = image.png; name = "Icon@2x.png"; path = "Resources/Icon@2x.png"; sourceTree = "<group>"; };
		0824981D1610A34E0041907E /* Info.plist */ = {isa = PBXFileReference; lastKnownFileType = text.plist.xml; name = Info.plist; path = Resources/Info.plist; sourceTree = "<group>"; };
		0824981E1610A34E0041907E /* iTunesArtwork */ = {isa = PBXFileReference; lastKnownFileType = file; name = iTunesArtwork; path = Resources/iTunesArtwork; sourceTree = "<group>"; };
		0824997A1610A3500041907E /* Prefix.pch */ = {isa = PBXFileReference; lastKnownFileType = sourcecode.c.h; path = Prefix.pch; sourceTree = "<group>"; };
		0824997B1610A3500041907E /* main.m */ = {isa = PBXFileReference; lastKnownFileType = sourcecode.c.objc; path = main.m; sourceTree = "<group>"; };
		0824997D1610A3500041907E /* AppDelegate.h */ = {isa = PBXFileReference; lastKnownFileType = sourcecode.c.h; path = AppDelegate.h; sourceTree = "<group>"; };
		0824997E1610A3500041907E /* AppDelegate.m */ = {isa = PBXFileReference; lastKnownFileType = sourcecode.c.objc; path = AppDelegate.m; sourceTree = "<group>"; };
		082499801610A3500041907E /* RunningLayer.h */ = {isa = PBXFileReference; lastKnownFileType = sourcecode.c.h; path = RunningLayer.h; sourceTree = "<group>"; };
		082499811610A3500041907E /* RunningLayer.m */ = {isa = PBXFileReference; lastKnownFileType = sourcecode.c.objc; path = RunningLayer.m; sourceTree = "<group>"; };
		082499831610A3500041907E /* IntroLayer.h */ = {isa = PBXFileReference; lastKnownFileType = sourcecode.c.h; path = IntroLayer.h; sourceTree = "<group>"; };
		082499841610A3500041907E /* IntroLayer.m */ = {isa = PBXFileReference; lastKnownFileType = sourcecode.c.objc; path = IntroLayer.m; sourceTree = "<group>"; };
		0824998B1610A3720041907E /* libCocosLibs.a */ = {isa = PBXFileReference; lastKnownFileType = archive.ar; name = libCocosLibs.a; path = "../../../Library/Developer/Xcode/DerivedData/iPhone-easxiwpwzobmbvbqvxsxbvtnwafz/Build/Products/Debug-iphoneos/libCocosLibs.a"; sourceTree = "<group>"; };
		0824998C1610A3720041907E /* libiOSGeometryTools.a */ = {isa = PBXFileReference; lastKnownFileType = archive.ar; name = libiOSGeometryTools.a; path = "../../../Library/Developer/Xcode/DerivedData/iPhone-easxiwpwzobmbvbqvxsxbvtnwafz/Build/Products/Debug-iphoneos/libiOSGeometryTools.a"; sourceTree = "<group>"; };
		0824998D1610A3720041907E /* libkazmath.a */ = {isa = PBXFileReference; lastKnownFileType = archive.ar; name = libkazmath.a; path = "../../../Library/Developer/Xcode/DerivedData/iPhone-easxiwpwzobmbvbqvxsxbvtnwafz/Build/Products/Debug-iphoneos/libkazmath.a"; sourceTree = "<group>"; };
		C13DA10FCCCEFB9DA0DDD5B5 /* StageView.m */ = {isa = PBXFileReference; fileEncoding = 4; lastKnownFileType = sourcecode.c.objc; path = StageView.m; sourceTree = "<group>"; };
		C13DA21E3C760AFE9D6B2438 /* instructions.png */ = {isa = PBXFileReference; lastKnownFileType = image.png; name = instructions.png; path = Resources/instructions.png; sourceTree = "<group>"; };
		C13DA267A4AC75C4F58E47A9 /* MeleeAttack.m */ = {isa = PBXFileReference; fileEncoding = 4; lastKnownFileType = sourcecode.c.objc; path = MeleeAttack.m; sourceTree = "<group>"; };
		C13DA3BBAF9CD850916C625F /* Stage.m */ = {isa = PBXFileReference; fileEncoding = 4; lastKnownFileType = sourcecode.c.objc; path = Stage.m; sourceTree = "<group>"; };
		C13DA528AD7DC83A7DF56196 /* MeleeAttackView.m */ = {isa = PBXFileReference; fileEncoding = 4; lastKnownFileType = sourcecode.c.objc; path = MeleeAttackView.m; sourceTree = "<group>"; };
		C13DA58B6BB9F07A3AD0949A /* BadGuyView.m */ = {isa = PBXFileReference; fileEncoding = 4; lastKnownFileType = sourcecode.c.objc; path = BadGuyView.m; sourceTree = "<group>"; };
		C13DA6ADE58116D4A5A14BBE /* GuyView.h */ = {isa = PBXFileReference; fileEncoding = 4; lastKnownFileType = sourcecode.c.h; path = GuyView.h; sourceTree = "<group>"; };
		C13DA73281B6CEE82FE1BC7C /* Simulation.h */ = {isa = PBXFileReference; fileEncoding = 4; lastKnownFileType = sourcecode.c.h; path = Simulation.h; sourceTree = "<group>"; };
		C13DA74ECD4552676249D903 /* WorldConstants.m */ = {isa = PBXFileReference; fileEncoding = 4; lastKnownFileType = sourcecode.c.objc; path = WorldConstants.m; sourceTree = "<group>"; };
		C13DA8B72436BB9AC747616E /* GuyView.m */ = {isa = PBXFileReference; fileEncoding = 4; lastKnownFileType = sourcecode.c.objc; path = GuyView.m; sourceTree = "<group>"; };
		C13DA8C2061E0F100D3949CB /* MeleeAttackView.h */ = {isa = PBXFileReference; fileEncoding = 4; lastKnownFileType = sourcecode.c.h; path = MeleeAttackView.h; sourceTree = "<group>"; };
		C13DA9C6C1BA867C67CBD1F2 /* BadGuy.m */ = {isa = PBXFileReference; fileEncoding = 4; lastKnownFileType = sourcecode.c.objc; path = BadGuy.m; sourceTree = "<group>"; };
		C13DA9D03DAF3987369155F4 /* BadGuyView.h */ = {isa = PBXFileReference; fileEncoding = 4; lastKnownFileType = sourcecode.c.h; path = BadGuyView.h; sourceTree = "<group>"; };
		C13DAB30C5541131B661D9E6 /* NewPlatformListener.h */ = {isa = PBXFileReference; fileEncoding = 4; lastKnownFileType = sourcecode.c.h; path = NewPlatformListener.h; sourceTree = "<group>"; };
		C13DABCD158D631E2C4F22FF /* Guy.m */ = {isa = PBXFileReference; fileEncoding = 4; lastKnownFileType = sourcecode.c.objc; path = Guy.m; sourceTree = "<group>"; };
		C13DACC274D872245BD2809B /* StageView.h */ = {isa = PBXFileReference; fileEncoding = 4; lastKnownFileType = sourcecode.c.h; path = StageView.h; sourceTree = "<group>"; };
		C13DAD1503891DAAB4661AFA /* Guy.h */ = {isa = PBXFileReference; fileEncoding = 4; lastKnownFileType = sourcecode.c.h; path = Guy.h; sourceTree = "<group>"; };
		C13DAD86D609664E02DC4B14 /* BadGuy.h */ = {isa = PBXFileReference; fileEncoding = 4; lastKnownFileType = sourcecode.c.h; path = BadGuy.h; sourceTree = "<group>"; };
		C13DADF252B545D0A0B803D0 /* Simulation.m */ = {isa = PBXFileReference; fileEncoding = 4; lastKnownFileType = sourcecode.c.objc; path = Simulation.m; sourceTree = "<group>"; };
		C13DAE3028B60AF56506B2AE /* Stage.h */ = {isa = PBXFileReference; fileEncoding = 4; lastKnownFileType = sourcecode.c.h; path = Stage.h; sourceTree = "<group>"; };
		C13DAEAB1BE133F202FFA30A /* instructions~ipad.png */ = {isa = PBXFileReference; lastKnownFileType = image.png; name = "instructions~ipad.png"; path = "Resources/instructions~ipad.png"; sourceTree = "<group>"; };
		C13DAF3CF5E884D4B2147FDA /* WorldConstants.h */ = {isa = PBXFileReference; fileEncoding = 4; lastKnownFileType = sourcecode.c.h; path = WorldConstants.h; sourceTree = "<group>"; };
		C13DAF552C3FBFBB53AA95C3 /* MeleeAttack.h */ = {isa = PBXFileReference; fileEncoding = 4; lastKnownFileType = sourcecode.c.h; path = MeleeAttack.h; sourceTree = "<group>"; };
/* End PBXFileReference section */

/* Begin PBXFrameworksBuildPhase section */
		082497EC1610A34D0041907E /* Frameworks */ = {
			isa = PBXFrameworksBuildPhase;
			buildActionMask = 2147483647;
			files = (
				0824998E1610A3720041907E /* libCocosLibs.a in Frameworks */,
				0824998F1610A3720041907E /* libiOSGeometryTools.a in Frameworks */,
				082499901610A3720041907E /* libkazmath.a in Frameworks */,
				082497F41610A34D0041907E /* QuartzCore.framework in Frameworks */,
				082497F61610A34D0041907E /* OpenGLES.framework in Frameworks */,
				082497F81610A34D0041907E /* OpenAL.framework in Frameworks */,
				082497FA1610A34D0041907E /* AudioToolbox.framework in Frameworks */,
				082497FC1610A34E0041907E /* AVFoundation.framework in Frameworks */,
				082497FE1610A34E0041907E /* UIKit.framework in Frameworks */,
				082498001610A34E0041907E /* Foundation.framework in Frameworks */,
				082498021610A34E0041907E /* CoreGraphics.framework in Frameworks */,
				082498041610A34E0041907E /* GameKit.framework in Frameworks */,
			);
			runOnlyForDeploymentPostprocessing = 0;
		};
/* End PBXFrameworksBuildPhase section */

/* Begin PBXGroup section */
		082497E41610A34D0041907E = {
			isa = PBXGroup;
			children = (
				082499911610A3810041907E /* Library References */,
				082498051610A34E0041907E /* Wallter */,
				082497F21610A34D0041907E /* Frameworks */,
				082497F01610A34D0041907E /* Products */,
			);
			sourceTree = "<group>";
		};
		082497F01610A34D0041907E /* Products */ = {
			isa = PBXGroup;
			children = (
				082497EF1610A34D0041907E /* Wallter.app */,
			);
			name = Products;
			sourceTree = "<group>";
		};
		082497F21610A34D0041907E /* Frameworks */ = {
			isa = PBXGroup;
			children = (
				082497F31610A34D0041907E /* QuartzCore.framework */,
				082497F51610A34D0041907E /* OpenGLES.framework */,
				082497F71610A34D0041907E /* OpenAL.framework */,
				082497F91610A34D0041907E /* AudioToolbox.framework */,
				082497FB1610A34D0041907E /* AVFoundation.framework */,
				082497FD1610A34E0041907E /* UIKit.framework */,
				082497FF1610A34E0041907E /* Foundation.framework */,
				082498011610A34E0041907E /* CoreGraphics.framework */,
				082498031610A34E0041907E /* GameKit.framework */,
			);
			name = Frameworks;
			sourceTree = "<group>";
		};
		082498051610A34E0041907E /* Wallter */ = {
			isa = PBXGroup;
			children = (
				082498061610A34E0041907E /* Resources */,
				082499791610A3500041907E /* Supporting Files */,
				C13DA4225D06259CD520F93D /* Model */,
				C13DA5F954BB97C7D3ED0CEE /* Application */,
			);
			path = Wallter;
			sourceTree = "<group>";
		};
		082498061610A34E0041907E /* Resources */ = {
			isa = PBXGroup;
			children = (
				C13DAEAB1BE133F202FFA30A /* instructions~ipad.png */,
				C13DA21E3C760AFE9D6B2438 /* instructions.png */,
				082498071610A34E0041907E /* Default.png */,
				082498091610A34E0041907E /* Default-Landscape~ipad.png */,
				0824980B1610A34E0041907E /* fps_images.png */,
				0824980D1610A34E0041907E /* fps_images-hd.png */,
				0824980F1610A34E0041907E /* fps_images-ipadhd.png */,
				082498111610A34E0041907E /* Icon-72.png */,
				082498131610A34E0041907E /* Icon-Small-50.png */,
				082498151610A34E0041907E /* Icon-Small.png */,
				082498171610A34E0041907E /* Icon-Small@2x.png */,
				082498191610A34E0041907E /* Icon.png */,
				0824981B1610A34E0041907E /* Icon@2x.png */,
				0824981D1610A34E0041907E /* Info.plist */,
				0824981E1610A34E0041907E /* iTunesArtwork */,
			);
			name = Resources;
			sourceTree = "<group>";
		};
		082499791610A3500041907E /* Supporting Files */ = {
			isa = PBXGroup;
			children = (
				0824997A1610A3500041907E /* Prefix.pch */,
				0824997B1610A3500041907E /* main.m */,
			);
			name = "Supporting Files";
			sourceTree = "<group>";
		};
		082499911610A3810041907E /* Library References */ = {
			isa = PBXGroup;
			children = (
				0824998B1610A3720041907E /* libCocosLibs.a */,
				0824998C1610A3720041907E /* libiOSGeometryTools.a */,
				0824998D1610A3720041907E /* libkazmath.a */,
			);
			name = "Library References";
			sourceTree = "<group>";
		};
		C13DA4225D06259CD520F93D /* Model */ = {
			isa = PBXGroup;
			children = (
				C13DAB30C5541131B661D9E6 /* NewPlatformListener.h */,
				C13DAD86D609664E02DC4B14 /* BadGuy.h */,
				C13DA9C6C1BA867C67CBD1F2 /* BadGuy.m */,
				C13DAF3CF5E884D4B2147FDA /* WorldConstants.h */,
				C13DA74ECD4552676249D903 /* WorldConstants.m */,
				C13DA3BBAF9CD850916C625F /* Stage.m */,
				C13DAE3028B60AF56506B2AE /* Stage.h */,
				C13DADF252B545D0A0B803D0 /* Simulation.m */,
				C13DA73281B6CEE82FE1BC7C /* Simulation.h */,
				C13DAD1503891DAAB4661AFA /* Guy.h */,
				C13DABCD158D631E2C4F22FF /* Guy.m */,
			);
			path = Model;
			sourceTree = "<group>";
		};
		C13DA5F954BB97C7D3ED0CEE /* Application */ = {
			isa = PBXGroup;
			children = (
				C13DA9D03DAF3987369155F4 /* BadGuyView.h */,
				C13DA58B6BB9F07A3AD0949A /* BadGuyView.m */,
				C13DA8C2061E0F100D3949CB /* MeleeAttackView.h */,
				C13DA528AD7DC83A7DF56196 /* MeleeAttackView.m */,
				C13DAF552C3FBFBB53AA95C3 /* MeleeAttack.h */,
				C13DA267A4AC75C4F58E47A9 /* MeleeAttack.m */,
				C13DA10FCCCEFB9DA0DDD5B5 /* StageView.m */,
				C13DACC274D872245BD2809B /* StageView.h */,
				082499811610A3500041907E /* RunningLayer.m */,
				082499801610A3500041907E /* RunningLayer.h */,
				082499841610A3500041907E /* IntroLayer.m */,
				082499831610A3500041907E /* IntroLayer.h */,
				C13DA8B72436BB9AC747616E /* GuyView.m */,
				C13DA6ADE58116D4A5A14BBE /* GuyView.h */,
				0824997E1610A3500041907E /* AppDelegate.m */,
				0824997D1610A3500041907E /* AppDelegate.h */,
			);
			path = Application;
			sourceTree = "<group>";
		};
/* End PBXGroup section */

/* Begin PBXNativeTarget section */
		082497EE1610A34D0041907E /* Wallter */ = {
			isa = PBXNativeTarget;
			buildConfigurationList = 082499881610A3500041907E /* Build configuration list for PBXNativeTarget "Wallter" */;
			buildPhases = (
				082497EB1610A34D0041907E /* Sources */,
				082497EC1610A34D0041907E /* Frameworks */,
				082497ED1610A34D0041907E /* Resources */,
			);
			buildRules = (
			);
			dependencies = (
			);
			name = Wallter;
			productName = Wallter;
			productReference = 082497EF1610A34D0041907E /* Wallter.app */;
			productType = "com.apple.product-type.application";
		};
/* End PBXNativeTarget section */

/* Begin PBXProject section */
		082497E61610A34D0041907E /* Project object */ = {
			isa = PBXProject;
			attributes = {
				LastUpgradeCheck = 0430;
				ORGANIZATIONNAME = "Cyrus Innovation";
			};
			buildConfigurationList = 082497E91610A34D0041907E /* Build configuration list for PBXProject "Wallter" */;
			compatibilityVersion = "Xcode 3.2";
			developmentRegion = English;
			hasScannedForEncodings = 0;
			knownRegions = (
				en,
			);
			mainGroup = 082497E41610A34D0041907E;
			productRefGroup = 082497F01610A34D0041907E /* Products */;
			projectDirPath = "";
			projectRoot = "";
			targets = (
				082497EE1610A34D0041907E /* Wallter */,
			);
		};
/* End PBXProject section */

/* Begin PBXResourcesBuildPhase section */
		082497ED1610A34D0041907E /* Resources */ = {
			isa = PBXResourcesBuildPhase;
			buildActionMask = 2147483647;
			files = (
				082498081610A34E0041907E /* Default.png in Resources */,
				0824980A1610A34E0041907E /* Default-Landscape~ipad.png in Resources */,
				0824980C1610A34E0041907E /* fps_images.png in Resources */,
				0824980E1610A34E0041907E /* fps_images-hd.png in Resources */,
				082498101610A34E0041907E /* fps_images-ipadhd.png in Resources */,
				082498121610A34E0041907E /* Icon-72.png in Resources */,
				082498141610A34E0041907E /* Icon-Small-50.png in Resources */,
				082498161610A34E0041907E /* Icon-Small.png in Resources */,
				082498181610A34E0041907E /* Icon-Small@2x.png in Resources */,
				0824981A1610A34E0041907E /* Icon.png in Resources */,
				0824981C1610A34E0041907E /* Icon@2x.png in Resources */,
				0824981F1610A34E0041907E /* iTunesArtwork in Resources */,
				C13DAFF30CB6EC1EA407F94C /* instructions.png in Resources */,
				C13DA4AFFC86A6D20F1A98EA /* instructions~ipad.png in Resources */,
			);
			runOnlyForDeploymentPostprocessing = 0;
		};
/* End PBXResourcesBuildPhase section */

/* Begin PBXSourcesBuildPhase section */
		082497EB1610A34D0041907E /* Sources */ = {
			isa = PBXSourcesBuildPhase;
			buildActionMask = 2147483647;
			files = (
				0824997C1610A3500041907E /* main.m in Sources */,
				0824997F1610A3500041907E /* AppDelegate.m in Sources */,
				082499821610A3500041907E /* RunningLayer.m in Sources */,
				082499851610A3500041907E /* IntroLayer.m in Sources */,
				C13DA96AE463B2785D342A3B /* Stage.m in Sources */,
				C13DA1CDA463874E50BF6557 /* StageView.m in Sources */,
				C13DA76E377213D13357DA55 /* Guy.m in Sources */,
				C13DAC44522C8AAB53FC3944 /* GuyView.m in Sources */,
				C13DA3223DE6BE67FFC5F6D4 /* Simulation.m in Sources */,
				C13DA573FD6A3D7B2355F72A /* WorldConstants.m in Sources */,
				C13DA3DE8588B7C7C96C5DBB /* MeleeAttack.m in Sources */,
				C13DAC4007F78F104693B1DC /* MeleeAttackView.m in Sources */,
				C13DA511333E2B8D9BB738F0 /* BadGuy.m in Sources */,
				C13DA1EA0E51AE06DBC61B12 /* BadGuyView.m in Sources */,
			);
			runOnlyForDeploymentPostprocessing = 0;
		};
/* End PBXSourcesBuildPhase section */

/* Begin XCBuildConfiguration section */
		082499861610A3500041907E /* Debug */ = {
			isa = XCBuildConfiguration;
			buildSettings = {
				ARCHS = "$(ARCHS_STANDARD_32_BIT)";
				"CODE_SIGN_IDENTITY[sdk=iphoneos*]" = "iPhone Developer";
				GCC_C_LANGUAGE_STANDARD = c99;
				GCC_OPTIMIZATION_LEVEL = 0;
				GCC_PREPROCESSOR_DEFINITIONS = (
					DEBUG,
					"COCOS2D_DEBUG=1",
				);
				GCC_SYMBOLS_PRIVATE_EXTERN = NO;
				GCC_VERSION = com.apple.compilers.llvm.clang.1_0;
				GCC_WARN_ABOUT_RETURN_TYPE = YES;
				GCC_WARN_UNUSED_VARIABLE = YES;
				HEADER_SEARCH_PATHS = (
					"\"CocosLibs/cocos2d\"",
					"\"CocosLibs/kazmath/include\"",
					"\"iOSGeometryTools\"",
				);
				IPHONEOS_DEPLOYMENT_TARGET = 4.0;
				ONLY_ACTIVE_ARCH = YES;
				SDKROOT = iphoneos;
				SKIP_INSTALL = YES;
				TARGETED_DEVICE_FAMILY = "1,2";
			};
			name = Debug;
		};
		082499871610A3500041907E /* Release */ = {
			isa = XCBuildConfiguration;
			buildSettings = {
				ARCHS = "$(ARCHS_STANDARD_32_BIT)";
				"CODE_SIGN_IDENTITY[sdk=iphoneos*]" = "iPhone Developer";
				GCC_C_LANGUAGE_STANDARD = c99;
				GCC_PREPROCESSOR_DEFINITIONS = (
					NDEBUG,
					"NS_BLOCK_ASSERTIONS=1",
				);
				GCC_VERSION = com.apple.compilers.llvm.clang.1_0;
				GCC_WARN_ABOUT_RETURN_TYPE = YES;
				GCC_WARN_UNUSED_VARIABLE = YES;
				HEADER_SEARCH_PATHS = (
					"\"CocosLibs/cocos2d\"",
					"\"CocosLibs/kazmath/include\"",
					"\"iOSGeometryTools\"",
				);
				IPHONEOS_DEPLOYMENT_TARGET = 4.0;
				ONLY_ACTIVE_ARCH = YES;
				SDKROOT = iphoneos;
				SKIP_INSTALL = YES;
				TARGETED_DEVICE_FAMILY = "1,2";
			};
			name = Release;
		};
		082499891610A3500041907E /* Debug */ = {
			isa = XCBuildConfiguration;
			buildSettings = {
				ALWAYS_SEARCH_USER_PATHS = YES;
				COPY_PHASE_STRIP = NO;
				GCC_DYNAMIC_NO_PIC = NO;
				GCC_PRECOMPILE_PREFIX_HEADER = YES;
				GCC_PREFIX_HEADER = Wallter/Prefix.pch;
				INFOPLIST_FILE = Wallter/Resources/Info.plist;
				LIBRARY_SEARCH_PATHS = "";
				OTHER_LDFLAGS = (
					"-lz",
					"-ObjC",
				);
				PRODUCT_NAME = "$(TARGET_NAME)";
				WRAPPER_EXTENSION = app;
			};
			name = Debug;
		};
		0824998A1610A3500041907E /* Release */ = {
			isa = XCBuildConfiguration;
			buildSettings = {
				ALWAYS_SEARCH_USER_PATHS = YES;
				COPY_PHASE_STRIP = YES;
				GCC_PRECOMPILE_PREFIX_HEADER = YES;
				GCC_PREFIX_HEADER = Wallter/Prefix.pch;
				INFOPLIST_FILE = Wallter/Resources/Info.plist;
				LIBRARY_SEARCH_PATHS = "";
				OTHER_LDFLAGS = (
					"-lz",
					"-ObjC",
				);
				PRODUCT_NAME = "$(TARGET_NAME)";
				VALIDATE_PRODUCT = YES;
				WRAPPER_EXTENSION = app;
			};
			name = Release;
		};
/* End XCBuildConfiguration section */

/* Begin XCConfigurationList section */
		082497E91610A34D0041907E /* Build configuration list for PBXProject "Wallter" */ = {
			isa = XCConfigurationList;
			buildConfigurations = (
				082499861610A3500041907E /* Debug */,
				082499871610A3500041907E /* Release */,
			);
			defaultConfigurationIsVisible = 0;
			defaultConfigurationName = Release;
		};
		082499881610A3500041907E /* Build configuration list for PBXNativeTarget "Wallter" */ = {
			isa = XCConfigurationList;
			buildConfigurations = (
				082499891610A3500041907E /* Debug */,
				0824998A1610A3500041907E /* Release */,
			);
			defaultConfigurationIsVisible = 0;
			defaultConfigurationName = Release;
		};
/* End XCConfigurationList section */
	};
	rootObject = 082497E61610A34D0041907E /* Project object */;
}
