// !$*UTF8*$!
{
	archiveVersion = 1;
	classes = {
	};
	objectVersion = 46;
	objects = {

/* Begin PBXBuildFile section */
		082497F41610A34D0041907E /* QuartzCore.framework in Frameworks */ = {isa = PBXBuildFile; fileRef = 082497F31610A34D0041907E /* QuartzCore.framework */; };
		082497F61610A34D0041907E /* OpenGLES.framework in Frameworks */ = {isa = PBXBuildFile; fileRef = 082497F51610A34D0041907E /* OpenGLES.framework */; };
		082497F81610A34D0041907E /* OpenAL.framework in Frameworks */ = {isa = PBXBuildFile; fileRef = 082497F71610A34D0041907E /* OpenAL.framework */; };
		082497FA1610A34D0041907E /* AudioToolbox.framework in Frameworks */ = {isa = PBXBuildFile; fileRef = 082497F91610A34D0041907E /* AudioToolbox.framework */; };
		082497FC1610A34E0041907E /* AVFoundation.framework in Frameworks */ = {isa = PBXBuildFile; fileRef = 082497FB1610A34D0041907E /* AVFoundation.framework */; };
		082497FE1610A34E0041907E /* UIKit.framework in Frameworks */ = {isa = PBXBuildFile; fileRef = 082497FD1610A34E0041907E /* UIKit.framework */; };
		082498001610A34E0041907E /* Foundation.framework in Frameworks */ = {isa = PBXBuildFile; fileRef = 082497FF1610A34E0041907E /* Foundation.framework */; };
		082498021610A34E0041907E /* CoreGraphics.framework in Frameworks */ = {isa = PBXBuildFile; fileRef = 082498011610A34E0041907E /* CoreGraphics.framework */; };
		082498041610A34E0041907E /* GameKit.framework in Frameworks */ = {isa = PBXBuildFile; fileRef = 082498031610A34E0041907E /* GameKit.framework */; };
		082498081610A34E0041907E /* Default.png in Resources */ = {isa = PBXBuildFile; fileRef = 082498071610A34E0041907E /* Default.png */; };
		0824980A1610A34E0041907E /* Default-Landscape~ipad.png in Resources */ = {isa = PBXBuildFile; fileRef = 082498091610A34E0041907E /* Default-Landscape~ipad.png */; };
		0824980C1610A34E0041907E /* fps_images.png in Resources */ = {isa = PBXBuildFile; fileRef = 0824980B1610A34E0041907E /* fps_images.png */; };
		0824980E1610A34E0041907E /* fps_images-hd.png in Resources */ = {isa = PBXBuildFile; fileRef = 0824980D1610A34E0041907E /* fps_images-hd.png */; };
		082498101610A34E0041907E /* fps_images-ipadhd.png in Resources */ = {isa = PBXBuildFile; fileRef = 0824980F1610A34E0041907E /* fps_images-ipadhd.png */; };
		082498121610A34E0041907E /* Icon-72.png in Resources */ = {isa = PBXBuildFile; fileRef = 082498111610A34E0041907E /* Icon-72.png */; };
		082498141610A34E0041907E /* Icon-Small-50.png in Resources */ = {isa = PBXBuildFile; fileRef = 082498131610A34E0041907E /* Icon-Small-50.png */; };
		082498161610A34E0041907E /* Icon-Small.png in Resources */ = {isa = PBXBuildFile; fileRef = 082498151610A34E0041907E /* Icon-Small.png */; };
		082498181610A34E0041907E /* Icon-Small@2x.png in Resources */ = {isa = PBXBuildFile; fileRef = 082498171610A34E0041907E /* Icon-Small@2x.png */; };
		0824981A1610A34E0041907E /* Icon.png in Resources */ = {isa = PBXBuildFile; fileRef = 082498191610A34E0041907E /* Icon.png */; };
		0824981C1610A34E0041907E /* Icon@2x.png in Resources */ = {isa = PBXBuildFile; fileRef = 0824981B1610A34E0041907E /* Icon@2x.png */; };
		0824981F1610A34E0041907E /* iTunesArtwork in Resources */ = {isa = PBXBuildFile; fileRef = 0824981E1610A34E0041907E /* iTunesArtwork */; };
		0824997C1610A3500041907E /* main.m in Sources */ = {isa = PBXBuildFile; fileRef = 0824997B1610A3500041907E /* main.m */; };
		0824997F1610A3500041907E /* AppDelegate.m in Sources */ = {isa = PBXBuildFile; fileRef = 0824997E1610A3500041907E /* AppDelegate.m */; };
		082499821610A3500041907E /* RunningLayer.m in Sources */ = {isa = PBXBuildFile; fileRef = 082499811610A3500041907E /* RunningLayer.m */; };
		082499851610A3500041907E /* IntroLayer.m in Sources */ = {isa = PBXBuildFile; fileRef = 082499841610A3500041907E /* IntroLayer.m */; };
		0824998E1610A3720041907E /* libCocosLibs.a in Frameworks */ = {isa = PBXBuildFile; fileRef = 0824998B1610A3720041907E /* libCocosLibs.a */; };
		0824998F1610A3720041907E /* libiOSGeometryTools.a in Frameworks */ = {isa = PBXBuildFile; fileRef = 0824998C1610A3720041907E /* libiOSGeometryTools.a */; };
		082499901610A3720041907E /* libkazmath.a in Frameworks */ = {isa = PBXBuildFile; fileRef = 0824998D1610A3720041907E /* libkazmath.a */; };
		0864B2EF167FC0E500DFBF27 /* Default-568h@2x.png in Resources */ = {isa = PBXBuildFile; fileRef = 0864B2EE167FC0E500DFBF27 /* Default-568h@2x.png */; };
		C13DA049CCF00D8D33DB445C /* Camera.m in Sources */ = {isa = PBXBuildFile; fileRef = C13DA8E5C9D2A3894034C780 /* Camera.m */; };
		C13DA12DB8502CFDDCF8E867 /* WalterViewAnimationChanger.m in Sources */ = {isa = PBXBuildFile; fileRef = C13DA8D3B37A810875D6B3BA /* WalterViewAnimationChanger.m */; };
		C13DA19617F7777FFF40B5F9 /* HighScoresLayer.m in Sources */ = {isa = PBXBuildFile; fileRef = C13DA8CD3C475F4F6E553D82 /* HighScoresLayer.m */; };
		C13DA1A2E5226B130ABB7D92 /* title.jpg in Resources */ = {isa = PBXBuildFile; fileRef = C13DACCD96A0A99BFC618944 /* title.jpg */; };
		C13DA1CDA463874E50BF6557 /* StageView.m in Sources */ = {isa = PBXBuildFile; fileRef = C13DA10FCCCEFB9DA0DDD5B5 /* StageView.m */; };
		C13DA1EA0E51AE06DBC61B12 /* BadGuyPolygonView.m in Sources */ = {isa = PBXBuildFile; fileRef = C13DA58B6BB9F07A3AD0949A /* BadGuyPolygonView.m */; };
		C13DA209331CF69FA0F297A3 /* SimpleButton.m in Sources */ = {isa = PBXBuildFile; fileRef = C13DAFF98D4926B7EBF76DDC /* SimpleButton.m */; };
		C13DA240429CCB02994B1D4A /* wtf.png in Resources */ = {isa = PBXBuildFile; fileRef = C13DA5F14CD66E872E8FE06E /* wtf.png */; };
		C13DA2C91DE5A727FD28770F /* AddBadGuyToStageObserver.m in Sources */ = {isa = PBXBuildFile; fileRef = C13DABEB49BD00198D9B8C60 /* AddBadGuyToStageObserver.m */; };
		C13DA3223DE6BE67FFC5F6D4 /* Simulation.m in Sources */ = {isa = PBXBuildFile; fileRef = C13DADF252B545D0A0B803D0 /* Simulation.m */; };
		C13DA3DE8588B7C7C96C5DBB /* MeleeAttack.m in Sources */ = {isa = PBXBuildFile; fileRef = C13DA267A4AC75C4F58E47A9 /* MeleeAttack.m */; };
		C13DA44ED8710F83573F3BAC /* WalterSoundEffects.m in Sources */ = {isa = PBXBuildFile; fileRef = C13DA413D923663BA9085DDB /* WalterSoundEffects.m */; };
		C13DA4AFFC86A6D20F1A98EA /* instructions~ipad.png in Resources */ = {isa = PBXBuildFile; fileRef = C13DAEAB1BE133F202FFA30A /* instructions~ipad.png */; };
		C13DA511333E2B8D9BB738F0 /* BadGuy.m in Sources */ = {isa = PBXBuildFile; fileRef = C13DA9C6C1BA867C67CBD1F2 /* BadGuy.m */; };
		C13DA55BC2945B890248CD8B /* NullStageListener.m in Sources */ = {isa = PBXBuildFile; fileRef = C13DA72780F71E58C6DFC83A /* NullStageListener.m */; };
		C13DA573FD6A3D7B2355F72A /* WorldConstants.m in Sources */ = {isa = PBXBuildFile; fileRef = C13DA74ECD4552676249D903 /* WorldConstants.m */; };
		C13DA5F6E12F6A03C63C56C9 /* SettingsLayer.m in Sources */ = {isa = PBXBuildFile; fileRef = C13DAF462675923577E06076 /* SettingsLayer.m */; };
		C13DA603FBEF37B3C602F034 /* ElementViewMapEntry.m in Sources */ = {isa = PBXBuildFile; fileRef = C13DA37967C25A5AD057785E /* ElementViewMapEntry.m */; };
		C13DA65991F53CF321A77074 /* ElementViewMap.m in Sources */ = {isa = PBXBuildFile; fileRef = C13DA9444DFEA22C76573A7A /* ElementViewMap.m */; };
		C13DA6AB796CC4D89C4677CD /* WalterStuckednessTicker.m in Sources */ = {isa = PBXBuildFile; fileRef = C13DA0635045D8000470DAD9 /* WalterStuckednessTicker.m */; };
		C13DA76E377213D13357DA55 /* WalterSimulationActor.m in Sources */ = {isa = PBXBuildFile; fileRef = C13DABCD158D631E2C4F22FF /* WalterSimulationActor.m */; };
		C13DA7FCD5FA88F0FEE8C2C7 /* Settings.m in Sources */ = {isa = PBXBuildFile; fileRef = C13DA899C635096195F322D4 /* Settings.m */; };
		C13DA812D85433964D446A71 /* WalterWeapon.m in Sources */ = {isa = PBXBuildFile; fileRef = C13DA2819599D03C41C9F27F /* WalterWeapon.m */; };
		C13DA89E73232EF2099BF9D0 /* DSOOF.WAV in Resources */ = {isa = PBXBuildFile; fileRef = C13DA229349A0CFB7C6E5F63 /* DSOOF.WAV */; };
		C13DA8F3D3AB6875774DA61E /* WalterInTheSimulationTicker.m in Sources */ = {isa = PBXBuildFile; fileRef = C13DAE5A67578EFA7B9FC148 /* WalterInTheSimulationTicker.m */; };
		C13DA919629AA7DC77F47AB5 /* FileAccess.m in Sources */ = {isa = PBXBuildFile; fileRef = C13DAD9DAA3C35C41FD32140 /* FileAccess.m */; };
		C13DA9500816F608D0D5A22A /* font.fnt in Resources */ = {isa = PBXBuildFile; fileRef = C13DAC4D144518306031944D /* font.fnt */; };
		C13DA96AE463B2785D342A3B /* Stage.m in Sources */ = {isa = PBXBuildFile; fileRef = C13DA3BBAF9CD850916C625F /* Stage.m */; };
		C13DAA2AA5584EB2189608DE /* ViewFactory.m in Sources */ = {isa = PBXBuildFile; fileRef = C13DA439AFF2A6E84058756F /* ViewFactory.m */; };
		C13DAAC14A7783CD51209324 /* BadGuySound.m in Sources */ = {isa = PBXBuildFile; fileRef = C13DAD4EE9721CFE15E04130 /* BadGuySound.m */; };
		C13DAB2D86C18659CC892385 /* AudioPlayer.m in Sources */ = {isa = PBXBuildFile; fileRef = C13DA4B1F006BA6F8983BF02 /* AudioPlayer.m */; };
		C13DAB3B66902E18CDCDDEA9 /* DSPISTOL.WAV in Resources */ = {isa = PBXBuildFile; fileRef = C13DAACF31F9CC01ED798443 /* DSPISTOL.WAV */; };
		C13DAB45A49D689D9F90D384 /* DSPLDETH.WAV in Resources */ = {isa = PBXBuildFile; fileRef = C13DAA44B915D358A079ADED /* DSPLDETH.WAV */; };
		C13DAB6C5C8B26C115A13FB4 /* stone.png in Resources */ = {isa = PBXBuildFile; fileRef = C13DADBEDFFF0603F7BB6AD6 /* stone.png */; };
		C13DAB81204ED2E942A5BE31 /* HighScore.m in Sources */ = {isa = PBXBuildFile; fileRef = C13DA039BC81030E82667ED9 /* HighScore.m */; };
		C13DAB87958E81815103A421 /* font.png in Resources */ = {isa = PBXBuildFile; fileRef = C13DA7DA065CD1CEC755DCBA /* font.png */; };
		C13DAB8AAB4D321759295FF2 /* frames.png in Resources */ = {isa = PBXBuildFile; fileRef = C13DAF1A9F03E0F1ED35B515 /* frames.png */; };
		C13DABE01052A92CF3C1189B /* music.mp3 in Resources */ = {isa = PBXBuildFile; fileRef = C13DAF3C8D82BEAD85937866 /* music.mp3 */; };
		C13DAC4007F78F104693B1DC /* MeleeAttackPolygonView.m in Sources */ = {isa = PBXBuildFile; fileRef = C13DA528AD7DC83A7DF56196 /* MeleeAttackPolygonView.m */; };
		C13DAC44522C8AAB53FC3944 /* WalterPolygonView.m in Sources */ = {isa = PBXBuildFile; fileRef = C13DA8B72436BB9AC747616E /* WalterPolygonView.m */; };
		C13DACC9B197EE3C8F544B2A /* DSPODTH3.WAV in Resources */ = {isa = PBXBuildFile; fileRef = C13DA1A0ECF2B390C5E38C36 /* DSPODTH3.WAV */; };
		C13DAD4F5D5236CC58258270 /* Platform.m in Sources */ = {isa = PBXBuildFile; fileRef = C13DAE56EF1C7A3A92071EC1 /* Platform.m */; };
		C13DAD64C3611941813A9D7E /* CurrentSceneListener.m in Sources */ = {isa = PBXBuildFile; fileRef = C13DA212E16888CF50FAD9B4 /* CurrentSceneListener.m */; };
		C13DADB5B6F972C8AA3E16B1 /* AggregateWalterObserver.m in Sources */ = {isa = PBXBuildFile; fileRef = C13DA1F665EFDBDD8992973F /* AggregateWalterObserver.m */; };
		C13DADB7916E57EFEC9D77D0 /* GameOverLayer.m in Sources */ = {isa = PBXBuildFile; fileRef = C13DA41FA6A07836816BEFF0 /* GameOverLayer.m */; };
		C13DADC0787616F1FCA5E770 /* EnterAndExitTicker.m in Sources */ = {isa = PBXBuildFile; fileRef = C13DA088AEA2E22D796A284D /* EnterAndExitTicker.m */; };
		C13DAE19651BD9268C1C41A5 /* BlockOverTimeAction.m in Sources */ = {isa = PBXBuildFile; fileRef = C13DA44F4CB8EB80D8941D13 /* BlockOverTimeAction.m */; };
		C13DAF1AF285C328EF93D362 /* HighScores.m in Sources */ = {isa = PBXBuildFile; fileRef = C13DAE0149979D7F1AD08FC0 /* HighScores.m */; };
		C13DAF21BB7647FD50F41515 /* frames.plist in Resources */ = {isa = PBXBuildFile; fileRef = C13DA4DE18E7E6D4B788CD52 /* frames.plist */; };
		C13DAF35541F3B8365BC0363 /* ActorView.m in Sources */ = {isa = PBXBuildFile; fileRef = C13DA47B10239D01FFB6471F /* ActorView.m */; };
		C13DAFF30CB6EC1EA407F94C /* instructions.png in Resources */ = {isa = PBXBuildFile; fileRef = C13DA21E3C760AFE9D6B2438 /* instructions.png */; };
/* End PBXBuildFile section */

/* Begin PBXFileReference section */
		082497EF1610A34D0041907E /* Wallter.app */ = {isa = PBXFileReference; explicitFileType = wrapper.application; includeInIndex = 0; path = Wallter.app; sourceTree = BUILT_PRODUCTS_DIR; };
		082497F31610A34D0041907E /* QuartzCore.framework */ = {isa = PBXFileReference; lastKnownFileType = wrapper.framework; name = QuartzCore.framework; path = System/Library/Frameworks/QuartzCore.framework; sourceTree = SDKROOT; };
		082497F51610A34D0041907E /* OpenGLES.framework */ = {isa = PBXFileReference; lastKnownFileType = wrapper.framework; name = OpenGLES.framework; path = System/Library/Frameworks/OpenGLES.framework; sourceTree = SDKROOT; };
		082497F71610A34D0041907E /* OpenAL.framework */ = {isa = PBXFileReference; lastKnownFileType = wrapper.framework; name = OpenAL.framework; path = System/Library/Frameworks/OpenAL.framework; sourceTree = SDKROOT; };
		082497F91610A34D0041907E /* AudioToolbox.framework */ = {isa = PBXFileReference; lastKnownFileType = wrapper.framework; name = AudioToolbox.framework; path = System/Library/Frameworks/AudioToolbox.framework; sourceTree = SDKROOT; };
		082497FB1610A34D0041907E /* AVFoundation.framework */ = {isa = PBXFileReference; lastKnownFileType = wrapper.framework; name = AVFoundation.framework; path = System/Library/Frameworks/AVFoundation.framework; sourceTree = SDKROOT; };
		082497FD1610A34E0041907E /* UIKit.framework */ = {isa = PBXFileReference; lastKnownFileType = wrapper.framework; name = UIKit.framework; path = System/Library/Frameworks/UIKit.framework; sourceTree = SDKROOT; };
		082497FF1610A34E0041907E /* Foundation.framework */ = {isa = PBXFileReference; lastKnownFileType = wrapper.framework; name = Foundation.framework; path = System/Library/Frameworks/Foundation.framework; sourceTree = SDKROOT; };
		082498011610A34E0041907E /* CoreGraphics.framework */ = {isa = PBXFileReference; lastKnownFileType = wrapper.framework; name = CoreGraphics.framework; path = System/Library/Frameworks/CoreGraphics.framework; sourceTree = SDKROOT; };
		082498031610A34E0041907E /* GameKit.framework */ = {isa = PBXFileReference; lastKnownFileType = wrapper.framework; name = GameKit.framework; path = System/Library/Frameworks/GameKit.framework; sourceTree = SDKROOT; };
		082498071610A34E0041907E /* Default.png */ = {isa = PBXFileReference; lastKnownFileType = image.png; name = Default.png; path = Resources/Default.png; sourceTree = "<group>"; };
		082498091610A34E0041907E /* Default-Landscape~ipad.png */ = {isa = PBXFileReference; lastKnownFileType = image.png; name = "Default-Landscape~ipad.png"; path = "Resources/Default-Landscape~ipad.png"; sourceTree = "<group>"; };
		0824980B1610A34E0041907E /* fps_images.png */ = {isa = PBXFileReference; lastKnownFileType = image.png; name = fps_images.png; path = Resources/fps_images.png; sourceTree = "<group>"; };
		0824980D1610A34E0041907E /* fps_images-hd.png */ = {isa = PBXFileReference; lastKnownFileType = image.png; name = "fps_images-hd.png"; path = "Resources/fps_images-hd.png"; sourceTree = "<group>"; };
		0824980F1610A34E0041907E /* fps_images-ipadhd.png */ = {isa = PBXFileReference; lastKnownFileType = image.png; name = "fps_images-ipadhd.png"; path = "Resources/fps_images-ipadhd.png"; sourceTree = "<group>"; };
		082498111610A34E0041907E /* Icon-72.png */ = {isa = PBXFileReference; lastKnownFileType = image.png; name = "Icon-72.png"; path = "Resources/Icon-72.png"; sourceTree = "<group>"; };
		082498131610A34E0041907E /* Icon-Small-50.png */ = {isa = PBXFileReference; lastKnownFileType = image.png; name = "Icon-Small-50.png"; path = "Resources/Icon-Small-50.png"; sourceTree = "<group>"; };
		082498151610A34E0041907E /* Icon-Small.png */ = {isa = PBXFileReference; lastKnownFileType = image.png; name = "Icon-Small.png"; path = "Resources/Icon-Small.png"; sourceTree = "<group>"; };
		082498171610A34E0041907E /* Icon-Small@2x.png */ = {isa = PBXFileReference; lastKnownFileType = image.png; name = "Icon-Small@2x.png"; path = "Resources/Icon-Small@2x.png"; sourceTree = "<group>"; };
		082498191610A34E0041907E /* Icon.png */ = {isa = PBXFileReference; lastKnownFileType = image.png; name = Icon.png; path = Resources/Icon.png; sourceTree = "<group>"; };
		0824981B1610A34E0041907E /* Icon@2x.png */ = {isa = PBXFileReference; lastKnownFileType = image.png; name = "Icon@2x.png"; path = "Resources/Icon@2x.png"; sourceTree = "<group>"; };
		0824981D1610A34E0041907E /* Info.plist */ = {isa = PBXFileReference; lastKnownFileType = text.plist.xml; name = Info.plist; path = Resources/Info.plist; sourceTree = "<group>"; };
		0824981E1610A34E0041907E /* iTunesArtwork */ = {isa = PBXFileReference; lastKnownFileType = file; name = iTunesArtwork; path = Resources/iTunesArtwork; sourceTree = "<group>"; };
		0824997A1610A3500041907E /* Prefix.pch */ = {isa = PBXFileReference; lastKnownFileType = sourcecode.c.h; path = Prefix.pch; sourceTree = "<group>"; };
		0824997B1610A3500041907E /* main.m */ = {isa = PBXFileReference; lastKnownFileType = sourcecode.c.objc; path = main.m; sourceTree = "<group>"; };
		0824997D1610A3500041907E /* AppDelegate.h */ = {isa = PBXFileReference; lastKnownFileType = sourcecode.c.h; path = AppDelegate.h; sourceTree = "<group>"; };
		0824997E1610A3500041907E /* AppDelegate.m */ = {isa = PBXFileReference; lastKnownFileType = sourcecode.c.objc; path = AppDelegate.m; sourceTree = "<group>"; };
		082499801610A3500041907E /* RunningLayer.h */ = {isa = PBXFileReference; lastKnownFileType = sourcecode.c.h; path = RunningLayer.h; sourceTree = "<group>"; };
		082499811610A3500041907E /* RunningLayer.m */ = {isa = PBXFileReference; lastKnownFileType = sourcecode.c.objc; path = RunningLayer.m; sourceTree = "<group>"; };
		082499831610A3500041907E /* IntroLayer.h */ = {isa = PBXFileReference; lastKnownFileType = sourcecode.c.h; path = IntroLayer.h; sourceTree = "<group>"; };
		082499841610A3500041907E /* IntroLayer.m */ = {isa = PBXFileReference; lastKnownFileType = sourcecode.c.objc; path = IntroLayer.m; sourceTree = "<group>"; };
		0824998B1610A3720041907E /* libCocosLibs.a */ = {isa = PBXFileReference; lastKnownFileType = archive.ar; name = libCocosLibs.a; path = "../../../Library/Developer/Xcode/DerivedData/iPhone-easxiwpwzobmbvbqvxsxbvtnwafz/Build/Products/Debug-iphoneos/libCocosLibs.a"; sourceTree = "<group>"; };
		0824998C1610A3720041907E /* libiOSGeometryTools.a */ = {isa = PBXFileReference; lastKnownFileType = archive.ar; name = libiOSGeometryTools.a; path = "../../../Library/Developer/Xcode/DerivedData/iPhone-easxiwpwzobmbvbqvxsxbvtnwafz/Build/Products/Debug-iphoneos/libiOSGeometryTools.a"; sourceTree = "<group>"; };
		0824998D1610A3720041907E /* libkazmath.a */ = {isa = PBXFileReference; lastKnownFileType = archive.ar; name = libkazmath.a; path = "../../../Library/Developer/Xcode/DerivedData/iPhone-easxiwpwzobmbvbqvxsxbvtnwafz/Build/Products/Debug-iphoneos/libkazmath.a"; sourceTree = "<group>"; };
		0864B2EE167FC0E500DFBF27 /* Default-568h@2x.png */ = {isa = PBXFileReference; lastKnownFileType = image.png; path = "Default-568h@2x.png"; sourceTree = "<group>"; };
		C13DA03469EAA3602DE0DCD1 /* WalterObserver.h */ = {isa = PBXFileReference; fileEncoding = 4; lastKnownFileType = sourcecode.c.h; path = WalterObserver.h; sourceTree = "<group>"; };
		C13DA039BC81030E82667ED9 /* HighScore.m */ = {isa = PBXFileReference; fileEncoding = 4; lastKnownFileType = sourcecode.c.objc; path = HighScore.m; sourceTree = "<group>"; };
		C13DA0635045D8000470DAD9 /* WalterStuckednessTicker.m */ = {isa = PBXFileReference; fileEncoding = 4; lastKnownFileType = sourcecode.c.objc; path = WalterStuckednessTicker.m; sourceTree = "<group>"; };
		C13DA07630AA078B61584534 /* SimpleButton.h */ = {isa = PBXFileReference; fileEncoding = 4; lastKnownFileType = sourcecode.c.h; path = SimpleButton.h; sourceTree = "<group>"; };
		C13DA088AEA2E22D796A284D /* EnterAndExitTicker.m */ = {isa = PBXFileReference; fileEncoding = 4; lastKnownFileType = sourcecode.c.objc; path = EnterAndExitTicker.m; sourceTree = "<group>"; };
		C13DA0A364E56B17D7C87B5B /* CurrentSceneListener.h */ = {isa = PBXFileReference; fileEncoding = 4; lastKnownFileType = sourcecode.c.h; path = CurrentSceneListener.h; sourceTree = "<group>"; };
		C13DA10FCCCEFB9DA0DDD5B5 /* StageView.m */ = {isa = PBXFileReference; fileEncoding = 4; lastKnownFileType = sourcecode.c.objc; path = StageView.m; sourceTree = "<group>"; };
		C13DA1305F378EEA0092A2F4 /* AggregateWalterObserver.h */ = {isa = PBXFileReference; fileEncoding = 4; lastKnownFileType = sourcecode.c.h; path = AggregateWalterObserver.h; sourceTree = "<group>"; };
		C13DA1A0ECF2B390C5E38C36 /* DSPODTH3.WAV */ = {isa = PBXFileReference; lastKnownFileType = audio.wav; name = DSPODTH3.WAV; path = Resources/Sounds/DSPODTH3.WAV; sourceTree = "<group>"; };
		C13DA1AED6CE2E4B7C4C3329 /* GameOverLayer.h */ = {isa = PBXFileReference; fileEncoding = 4; lastKnownFileType = sourcecode.c.h; path = GameOverLayer.h; sourceTree = "<group>"; };
		C13DA1F665EFDBDD8992973F /* AggregateWalterObserver.m */ = {isa = PBXFileReference; fileEncoding = 4; lastKnownFileType = sourcecode.c.objc; path = AggregateWalterObserver.m; sourceTree = "<group>"; };
		C13DA212E16888CF50FAD9B4 /* CurrentSceneListener.m */ = {isa = PBXFileReference; fileEncoding = 4; lastKnownFileType = sourcecode.c.objc; path = CurrentSceneListener.m; sourceTree = "<group>"; };
		C13DA21E3C760AFE9D6B2438 /* instructions.png */ = {isa = PBXFileReference; lastKnownFileType = image.png; name = instructions.png; path = Resources/instructions.png; sourceTree = "<group>"; };
		C13DA229349A0CFB7C6E5F63 /* DSOOF.WAV */ = {isa = PBXFileReference; lastKnownFileType = audio.wav; name = DSOOF.WAV; path = Resources/Sounds/DSOOF.WAV; sourceTree = "<group>"; };
		C13DA22F6FF1B645A29926EF /* BlockOverTimeAction.h */ = {isa = PBXFileReference; fileEncoding = 4; lastKnownFileType = sourcecode.c.h; path = BlockOverTimeAction.h; sourceTree = "<group>"; };
		C13DA267A4AC75C4F58E47A9 /* MeleeAttack.m */ = {isa = PBXFileReference; fileEncoding = 4; lastKnownFileType = sourcecode.c.objc; path = MeleeAttack.m; sourceTree = "<group>"; };
		C13DA26819D80296C434DA06 /* BoundedPolygon.h */ = {isa = PBXFileReference; fileEncoding = 4; lastKnownFileType = sourcecode.c.h; name = BoundedPolygon.h; path = Wallter/Model/BoundedPolygon.h; sourceTree = SOURCE_ROOT; };
		C13DA2819599D03C41C9F27F /* WalterWeapon.m */ = {isa = PBXFileReference; fileEncoding = 4; lastKnownFileType = sourcecode.c.objc; path = WalterWeapon.m; sourceTree = "<group>"; };
		C13DA3703765C3BFF39B04B8 /* HighScoresLayer.h */ = {isa = PBXFileReference; fileEncoding = 4; lastKnownFileType = sourcecode.c.h; path = HighScoresLayer.h; sourceTree = "<group>"; };
		C13DA37967C25A5AD057785E /* ElementViewMapEntry.m */ = {isa = PBXFileReference; fileEncoding = 4; lastKnownFileType = sourcecode.c.objc; path = ElementViewMapEntry.m; sourceTree = "<group>"; };
		C13DA38305816BF389092D82 /* WalterStuckednessTicker.h */ = {isa = PBXFileReference; fileEncoding = 4; lastKnownFileType = sourcecode.c.h; path = WalterStuckednessTicker.h; sourceTree = "<group>"; };
		C13DA3BBAF9CD850916C625F /* Stage.m */ = {isa = PBXFileReference; fileEncoding = 4; lastKnownFileType = sourcecode.c.objc; path = Stage.m; sourceTree = "<group>"; };
		C13DA3C4164ED47B8E11378F /* HighScores.h */ = {isa = PBXFileReference; fileEncoding = 4; lastKnownFileType = sourcecode.c.h; path = HighScores.h; sourceTree = "<group>"; };
		C13DA413D923663BA9085DDB /* WalterSoundEffects.m */ = {isa = PBXFileReference; fileEncoding = 4; lastKnownFileType = sourcecode.c.objc; path = WalterSoundEffects.m; sourceTree = "<group>"; };
		C13DA41FA6A07836816BEFF0 /* GameOverLayer.m */ = {isa = PBXFileReference; fileEncoding = 4; lastKnownFileType = sourcecode.c.objc; path = GameOverLayer.m; sourceTree = "<group>"; };
		C13DA439AFF2A6E84058756F /* ViewFactory.m */ = {isa = PBXFileReference; fileEncoding = 4; lastKnownFileType = sourcecode.c.objc; path = ViewFactory.m; sourceTree = "<group>"; };
		C13DA44F4CB8EB80D8941D13 /* BlockOverTimeAction.m */ = {isa = PBXFileReference; fileEncoding = 4; lastKnownFileType = sourcecode.c.objc; path = BlockOverTimeAction.m; sourceTree = "<group>"; };
		C13DA47B10239D01FFB6471F /* ActorView.m */ = {isa = PBXFileReference; fileEncoding = 4; lastKnownFileType = sourcecode.c.objc; path = ActorView.m; sourceTree = "<group>"; };
		C13DA4B1F006BA6F8983BF02 /* AudioPlayer.m */ = {isa = PBXFileReference; fileEncoding = 4; lastKnownFileType = sourcecode.c.objc; path = AudioPlayer.m; sourceTree = "<group>"; };
		C13DA4DE18E7E6D4B788CD52 /* frames.plist */ = {isa = PBXFileReference; fileEncoding = 4; lastKnownFileType = text.plist; name = frames.plist; path = Resources/frames.plist; sourceTree = "<group>"; };
		C13DA528AD7DC83A7DF56196 /* MeleeAttackPolygonView.m */ = {isa = PBXFileReference; fileEncoding = 4; lastKnownFileType = sourcecode.c.objc; path = MeleeAttackPolygonView.m; sourceTree = "<group>"; };
		C13DA53EA54BC0E98062AC3D /* WalterViewAnimationChanger.h */ = {isa = PBXFileReference; fileEncoding = 4; lastKnownFileType = sourcecode.c.h; path = WalterViewAnimationChanger.h; sourceTree = "<group>"; };
		C13DA56D84681BFF93B2DD13 /* FileAccess.h */ = {isa = PBXFileReference; fileEncoding = 4; lastKnownFileType = sourcecode.c.h; path = FileAccess.h; sourceTree = "<group>"; };
		C13DA5771AEFD91B29766378 /* ViewFactory.h */ = {isa = PBXFileReference; fileEncoding = 4; lastKnownFileType = sourcecode.c.h; path = ViewFactory.h; sourceTree = "<group>"; };
		C13DA58B6BB9F07A3AD0949A /* BadGuyPolygonView.m */ = {isa = PBXFileReference; fileEncoding = 4; lastKnownFileType = sourcecode.c.objc; path = BadGuyPolygonView.m; sourceTree = "<group>"; };
		C13DA5F14CD66E872E8FE06E /* wtf.png */ = {isa = PBXFileReference; lastKnownFileType = image.png; name = wtf.png; path = Resources/wtf.png; sourceTree = "<group>"; };
		C13DA601C9BDD45869ECD67D /* HighScore.h */ = {isa = PBXFileReference; fileEncoding = 4; lastKnownFileType = sourcecode.c.h; path = HighScore.h; sourceTree = "<group>"; };
		C13DA628E78B57594F107F65 /* ActorView.h */ = {isa = PBXFileReference; fileEncoding = 4; lastKnownFileType = sourcecode.c.h; path = ActorView.h; sourceTree = "<group>"; };
		C13DA6ADE58116D4A5A14BBE /* WalterPolygonView.h */ = {isa = PBXFileReference; fileEncoding = 4; lastKnownFileType = sourcecode.c.h; path = WalterPolygonView.h; sourceTree = "<group>"; };
		C13DA72780F71E58C6DFC83A /* NullStageListener.m */ = {isa = PBXFileReference; fileEncoding = 4; lastKnownFileType = sourcecode.c.objc; path = NullStageListener.m; sourceTree = "<group>"; };
		C13DA73281B6CEE82FE1BC7C /* Simulation.h */ = {isa = PBXFileReference; fileEncoding = 4; lastKnownFileType = sourcecode.c.h; path = Simulation.h; sourceTree = "<group>"; };
		C13DA74ECD4552676249D903 /* WorldConstants.m */ = {isa = PBXFileReference; fileEncoding = 4; lastKnownFileType = sourcecode.c.objc; path = WorldConstants.m; sourceTree = "<group>"; };
		C13DA7CA858423BF7096F36A /* ElementViewMap.h */ = {isa = PBXFileReference; fileEncoding = 4; lastKnownFileType = sourcecode.c.h; path = ElementViewMap.h; sourceTree = "<group>"; };
		C13DA7DA065CD1CEC755DCBA /* font.png */ = {isa = PBXFileReference; lastKnownFileType = image.png; name = font.png; path = Resources/font.png; sourceTree = "<group>"; };
		C13DA8127DE99147554E59B3 /* Camera.h */ = {isa = PBXFileReference; fileEncoding = 4; lastKnownFileType = sourcecode.c.h; path = Camera.h; sourceTree = "<group>"; };
		C13DA8956FFC25A2D367AD99 /* Settings.h */ = {isa = PBXFileReference; fileEncoding = 4; lastKnownFileType = sourcecode.c.h; path = Settings.h; sourceTree = "<group>"; };
		C13DA899C635096195F322D4 /* Settings.m */ = {isa = PBXFileReference; fileEncoding = 4; lastKnownFileType = sourcecode.c.objc; path = Settings.m; sourceTree = "<group>"; };
		C13DA8B72436BB9AC747616E /* WalterPolygonView.m */ = {isa = PBXFileReference; fileEncoding = 4; lastKnownFileType = sourcecode.c.objc; path = WalterPolygonView.m; sourceTree = "<group>"; };
		C13DA8C2061E0F100D3949CB /* MeleeAttackPolygonView.h */ = {isa = PBXFileReference; fileEncoding = 4; lastKnownFileType = sourcecode.c.h; path = MeleeAttackPolygonView.h; sourceTree = "<group>"; };
		C13DA8CD3C475F4F6E553D82 /* HighScoresLayer.m */ = {isa = PBXFileReference; fileEncoding = 4; lastKnownFileType = sourcecode.c.objc; path = HighScoresLayer.m; sourceTree = "<group>"; };
		C13DA8D3B37A810875D6B3BA /* WalterViewAnimationChanger.m */ = {isa = PBXFileReference; fileEncoding = 4; lastKnownFileType = sourcecode.c.objc; path = WalterViewAnimationChanger.m; sourceTree = "<group>"; };
		C13DA8E5C9D2A3894034C780 /* Camera.m */ = {isa = PBXFileReference; fileEncoding = 4; lastKnownFileType = sourcecode.c.objc; path = Camera.m; sourceTree = "<group>"; };
		C13DA9444DFEA22C76573A7A /* ElementViewMap.m */ = {isa = PBXFileReference; fileEncoding = 4; lastKnownFileType = sourcecode.c.objc; path = ElementViewMap.m; sourceTree = "<group>"; };
		C13DA9C6C1BA867C67CBD1F2 /* BadGuy.m */ = {isa = PBXFileReference; fileEncoding = 4; lastKnownFileType = sourcecode.c.objc; path = BadGuy.m; sourceTree = "<group>"; };
		C13DA9D03DAF3987369155F4 /* BadGuyPolygonView.h */ = {isa = PBXFileReference; fileEncoding = 4; lastKnownFileType = sourcecode.c.h; path = BadGuyPolygonView.h; sourceTree = "<group>"; };
		C13DA9F5C6E3738D2748E6CE /* SimulationActor.h */ = {isa = PBXFileReference; fileEncoding = 4; lastKnownFileType = sourcecode.c.h; path = SimulationActor.h; sourceTree = "<group>"; };
		C13DAA02EB11D06BD2C72CCA /* WalterWeapon.h */ = {isa = PBXFileReference; fileEncoding = 4; lastKnownFileType = sourcecode.c.h; path = WalterWeapon.h; sourceTree = "<group>"; };
		C13DAA44B915D358A079ADED /* DSPLDETH.WAV */ = {isa = PBXFileReference; lastKnownFileType = audio.wav; name = DSPLDETH.WAV; path = Resources/Sounds/DSPLDETH.WAV; sourceTree = "<group>"; };
		C13DAA6983CE3CA648D3C011 /* EnterAndExitTicker.h */ = {isa = PBXFileReference; fileEncoding = 4; lastKnownFileType = sourcecode.c.h; path = EnterAndExitTicker.h; sourceTree = "<group>"; };
		C13DAAA326E0DE729B95B624 /* ElementOnScreenObserver.h */ = {isa = PBXFileReference; fileEncoding = 4; lastKnownFileType = sourcecode.c.h; path = ElementOnScreenObserver.h; sourceTree = "<group>"; };
		C13DAACF31F9CC01ED798443 /* DSPISTOL.WAV */ = {isa = PBXFileReference; lastKnownFileType = audio.wav; name = DSPISTOL.WAV; path = Resources/Sounds/DSPISTOL.WAV; sourceTree = "<group>"; };
		C13DAB30C5541131B661D9E6 /* PlatformAddedObserver.h */ = {isa = PBXFileReference; fileEncoding = 4; lastKnownFileType = sourcecode.c.h; path = PlatformAddedObserver.h; sourceTree = "<group>"; };
		C13DAB74C3EAFB7C25238773 /* AddBadGuyToStageObserver.h */ = {isa = PBXFileReference; fileEncoding = 4; lastKnownFileType = sourcecode.c.h; name = AddBadGuyToStageObserver.h; path = Wallter/Model/Stage/AddBadGuyToStageObserver.h; sourceTree = SOURCE_ROOT; };
		C13DABCD158D631E2C4F22FF /* WalterSimulationActor.m */ = {isa = PBXFileReference; fileEncoding = 4; lastKnownFileType = sourcecode.c.objc; path = WalterSimulationActor.m; sourceTree = "<group>"; };
		C13DABEB49BD00198D9B8C60 /* AddBadGuyToStageObserver.m */ = {isa = PBXFileReference; fileEncoding = 4; lastKnownFileType = sourcecode.c.objc; name = AddBadGuyToStageObserver.m; path = Wallter/Model/Stage/AddBadGuyToStageObserver.m; sourceTree = SOURCE_ROOT; };
		C13DAC43994BBA419E90D564 /* SimulationTicker.h */ = {isa = PBXFileReference; fileEncoding = 4; lastKnownFileType = sourcecode.c.h; name = SimulationTicker.h; path = Wallter/Model/SimulationTicker.h; sourceTree = SOURCE_ROOT; };
		C13DAC4D144518306031944D /* font.fnt */ = {isa = PBXFileReference; lastKnownFileType = file.fnt; name = font.fnt; path = Resources/font.fnt; sourceTree = "<group>"; };
		C13DAC6DA7D2C24B559E4B4D /* BadGuySound.h */ = {isa = PBXFileReference; fileEncoding = 4; lastKnownFileType = sourcecode.c.h; path = BadGuySound.h; sourceTree = "<group>"; };
		C13DACB6C4FE5DBBF77EDCAF /* NullStageListener.h */ = {isa = PBXFileReference; fileEncoding = 4; lastKnownFileType = sourcecode.c.h; path = NullStageListener.h; sourceTree = "<group>"; };
		C13DACC274D872245BD2809B /* StageView.h */ = {isa = PBXFileReference; fileEncoding = 4; lastKnownFileType = sourcecode.c.h; path = StageView.h; sourceTree = "<group>"; };
		C13DACCD96A0A99BFC618944 /* title.jpg */ = {isa = PBXFileReference; lastKnownFileType = image.jpeg; name = title.jpg; path = Resources/title.jpg; sourceTree = "<group>"; };
		C13DAD1503891DAAB4661AFA /* WalterSimulationActor.h */ = {isa = PBXFileReference; fileEncoding = 4; lastKnownFileType = sourcecode.c.h; path = WalterSimulationActor.h; sourceTree = "<group>"; };
		C13DAD4EE9721CFE15E04130 /* BadGuySound.m */ = {isa = PBXFileReference; fileEncoding = 4; lastKnownFileType = sourcecode.c.objc; path = BadGuySound.m; sourceTree = "<group>"; };
		C13DAD62E4709EA93612BC08 /* Platform.h */ = {isa = PBXFileReference; fileEncoding = 4; lastKnownFileType = sourcecode.c.h; path = Platform.h; sourceTree = "<group>"; };
		C13DAD86D609664E02DC4B14 /* BadGuy.h */ = {isa = PBXFileReference; fileEncoding = 4; lastKnownFileType = sourcecode.c.h; path = BadGuy.h; sourceTree = "<group>"; };
		C13DAD9DAA3C35C41FD32140 /* FileAccess.m */ = {isa = PBXFileReference; fileEncoding = 4; lastKnownFileType = sourcecode.c.objc; path = FileAccess.m; sourceTree = "<group>"; };
		C13DAD9E4FA18A741102AE3E /* SettingsLayer.h */ = {isa = PBXFileReference; fileEncoding = 4; lastKnownFileType = sourcecode.c.h; path = SettingsLayer.h; sourceTree = "<group>"; };
		C13DADBEDFFF0603F7BB6AD6 /* stone.png */ = {isa = PBXFileReference; lastKnownFileType = image.png; name = stone.png; path = Resources/stone.png; sourceTree = "<group>"; };
		C13DADF252B545D0A0B803D0 /* Simulation.m */ = {isa = PBXFileReference; fileEncoding = 4; lastKnownFileType = sourcecode.c.objc; path = Simulation.m; sourceTree = "<group>"; };
		C13DAE0149979D7F1AD08FC0 /* HighScores.m */ = {isa = PBXFileReference; fileEncoding = 4; lastKnownFileType = sourcecode.c.objc; path = HighScores.m; sourceTree = "<group>"; };
		C13DAE3028B60AF56506B2AE /* Stage.h */ = {isa = PBXFileReference; fileEncoding = 4; lastKnownFileType = sourcecode.c.h; path = Stage.h; sourceTree = "<group>"; };
		C13DAE43DDE3D741C1116D72 /* ElementViewMapEntry.h */ = {isa = PBXFileReference; fileEncoding = 4; lastKnownFileType = sourcecode.c.h; path = ElementViewMapEntry.h; sourceTree = "<group>"; };
		C13DAE56EF1C7A3A92071EC1 /* Platform.m */ = {isa = PBXFileReference; fileEncoding = 4; lastKnownFileType = sourcecode.c.objc; path = Platform.m; sourceTree = "<group>"; };
		C13DAE5A67578EFA7B9FC148 /* WalterInTheSimulationTicker.m */ = {isa = PBXFileReference; fileEncoding = 4; lastKnownFileType = sourcecode.c.objc; path = WalterInTheSimulationTicker.m; sourceTree = "<group>"; };
		C13DAE91B9F2870774F52D98 /* BadGuyObserver.h */ = {isa = PBXFileReference; fileEncoding = 4; lastKnownFileType = sourcecode.c.h; path = BadGuyObserver.h; sourceTree = "<group>"; };
		C13DAEAB1BE133F202FFA30A /* instructions~ipad.png */ = {isa = PBXFileReference; lastKnownFileType = image.png; name = "instructions~ipad.png"; path = "Resources/instructions~ipad.png"; sourceTree = "<group>"; };
		C13DAEC01D91A462F77BD378 /* WalterInTheSimulationTicker.h */ = {isa = PBXFileReference; fileEncoding = 4; lastKnownFileType = sourcecode.c.h; path = WalterInTheSimulationTicker.h; sourceTree = "<group>"; };
		C13DAEE956883072F29C96D2 /* WalterSoundEffects.h */ = {isa = PBXFileReference; fileEncoding = 4; lastKnownFileType = sourcecode.c.h; path = WalterSoundEffects.h; sourceTree = "<group>"; };
		C13DAF1A9F03E0F1ED35B515 /* frames.png */ = {isa = PBXFileReference; lastKnownFileType = image.png; name = frames.png; path = Resources/frames.png; sourceTree = "<group>"; };
		C13DAF3C8D82BEAD85937866 /* music.mp3 */ = {isa = PBXFileReference; lastKnownFileType = audio.mp3; name = music.mp3; path = Resources/Sounds/music.mp3; sourceTree = "<group>"; };
		C13DAF3CF5E884D4B2147FDA /* WorldConstants.h */ = {isa = PBXFileReference; fileEncoding = 4; lastKnownFileType = sourcecode.c.h; path = WorldConstants.h; sourceTree = "<group>"; };
		C13DAF462675923577E06076 /* SettingsLayer.m */ = {isa = PBXFileReference; fileEncoding = 4; lastKnownFileType = sourcecode.c.objc; path = SettingsLayer.m; sourceTree = "<group>"; };
		C13DAF552C3FBFBB53AA95C3 /* MeleeAttack.h */ = {isa = PBXFileReference; fileEncoding = 4; lastKnownFileType = sourcecode.c.h; path = MeleeAttack.h; sourceTree = "<group>"; };
		C13DAF70C2D30521DD83C609 /* AudioPlayer.h */ = {isa = PBXFileReference; fileEncoding = 4; lastKnownFileType = sourcecode.c.h; path = AudioPlayer.h; sourceTree = "<group>"; };
		C13DAFF98D4926B7EBF76DDC /* SimpleButton.m */ = {isa = PBXFileReference; fileEncoding = 4; lastKnownFileType = sourcecode.c.objc; path = SimpleButton.m; sourceTree = "<group>"; };
/* End PBXFileReference section */

/* Begin PBXFrameworksBuildPhase section */
		082497EC1610A34D0041907E /* Frameworks */ = {
			isa = PBXFrameworksBuildPhase;
			buildActionMask = 2147483647;
			files = (
				0824998E1610A3720041907E /* libCocosLibs.a in Frameworks */,
				0824998F1610A3720041907E /* libiOSGeometryTools.a in Frameworks */,
				082499901610A3720041907E /* libkazmath.a in Frameworks */,
				082497F41610A34D0041907E /* QuartzCore.framework in Frameworks */,
				082497F61610A34D0041907E /* OpenGLES.framework in Frameworks */,
				082497F81610A34D0041907E /* OpenAL.framework in Frameworks */,
				082497FA1610A34D0041907E /* AudioToolbox.framework in Frameworks */,
				082497FC1610A34E0041907E /* AVFoundation.framework in Frameworks */,
				082497FE1610A34E0041907E /* UIKit.framework in Frameworks */,
				082498001610A34E0041907E /* Foundation.framework in Frameworks */,
				082498021610A34E0041907E /* CoreGraphics.framework in Frameworks */,
				082498041610A34E0041907E /* GameKit.framework in Frameworks */,
			);
			runOnlyForDeploymentPostprocessing = 0;
		};
/* End PBXFrameworksBuildPhase section */

/* Begin PBXGroup section */
		082497E41610A34D0041907E = {
			isa = PBXGroup;
			children = (
				0864B2EE167FC0E500DFBF27 /* Default-568h@2x.png */,
				082499911610A3810041907E /* Library References */,
				082498051610A34E0041907E /* Wallter */,
				082497F21610A34D0041907E /* Frameworks */,
				082497F01610A34D0041907E /* Products */,
			);
			sourceTree = "<group>";
		};
		082497F01610A34D0041907E /* Products */ = {
			isa = PBXGroup;
			children = (
				082497EF1610A34D0041907E /* Wallter.app */,
			);
			name = Products;
			sourceTree = "<group>";
		};
		082497F21610A34D0041907E /* Frameworks */ = {
			isa = PBXGroup;
			children = (
				082497F31610A34D0041907E /* QuartzCore.framework */,
				082497F51610A34D0041907E /* OpenGLES.framework */,
				082497F71610A34D0041907E /* OpenAL.framework */,
				082497F91610A34D0041907E /* AudioToolbox.framework */,
				082497FB1610A34D0041907E /* AVFoundation.framework */,
				082497FD1610A34E0041907E /* UIKit.framework */,
				082497FF1610A34E0041907E /* Foundation.framework */,
				082498011610A34E0041907E /* CoreGraphics.framework */,
				082498031610A34E0041907E /* GameKit.framework */,
			);
			name = Frameworks;
			sourceTree = "<group>";
		};
		082498051610A34E0041907E /* Wallter */ = {
			isa = PBXGroup;
			children = (
				C13DAC8042F0F4DAA48895A7 /* GameplayScene */,
				082498061610A34E0041907E /* Resources */,
				082499791610A3500041907E /* Supporting Files */,
				C13DA4225D06259CD520F93D /* Model */,
				C13DA5F954BB97C7D3ED0CEE /* Application */,
				C13DA92F17C7EE49647ACFF9 /* Sound */,
			);
			path = Wallter;
			sourceTree = "<group>";
		};
		082498061610A34E0041907E /* Resources */ = {
			isa = PBXGroup;
			children = (
				C13DA7DA065CD1CEC755DCBA /* font.png */,
				C13DAC4D144518306031944D /* font.fnt */,
				C13DAEAB1BE133F202FFA30A /* instructions~ipad.png */,
				C13DA21E3C760AFE9D6B2438 /* instructions.png */,
				082498071610A34E0041907E /* Default.png */,
				082498091610A34E0041907E /* Default-Landscape~ipad.png */,
				0824980B1610A34E0041907E /* fps_images.png */,
				0824980D1610A34E0041907E /* fps_images-hd.png */,
				0824980F1610A34E0041907E /* fps_images-ipadhd.png */,
				082498111610A34E0041907E /* Icon-72.png */,
				082498131610A34E0041907E /* Icon-Small-50.png */,
				082498151610A34E0041907E /* Icon-Small.png */,
				082498171610A34E0041907E /* Icon-Small@2x.png */,
				082498191610A34E0041907E /* Icon.png */,
				0824981B1610A34E0041907E /* Icon@2x.png */,
				0824981D1610A34E0041907E /* Info.plist */,
				0824981E1610A34E0041907E /* iTunesArtwork */,
				C13DA4DE18E7E6D4B788CD52 /* frames.plist */,
				C13DAF1A9F03E0F1ED35B515 /* frames.png */,
				C13DA0823701E070E6A6C0D1 /* Sounds */,
				C13DACCD96A0A99BFC618944 /* title.jpg */,
				C13DA5F14CD66E872E8FE06E /* wtf.png */,
				C13DADBEDFFF0603F7BB6AD6 /* stone.png */,
			);
			name = Resources;
			sourceTree = "<group>";
		};
		082499791610A3500041907E /* Supporting Files */ = {
			isa = PBXGroup;
			children = (
				0824997A1610A3500041907E /* Prefix.pch */,
				0824997B1610A3500041907E /* main.m */,
			);
			name = "Supporting Files";
			sourceTree = "<group>";
		};
		082499911610A3810041907E /* Library References */ = {
			isa = PBXGroup;
			children = (
				0824998B1610A3720041907E /* libCocosLibs.a */,
				0824998C1610A3720041907E /* libiOSGeometryTools.a */,
				0824998D1610A3720041907E /* libkazmath.a */,
			);
			name = "Library References";
			sourceTree = "<group>";
		};
		C13DA0823701E070E6A6C0D1 /* Sounds */ = {
			isa = PBXGroup;
			children = (
				C13DA229349A0CFB7C6E5F63 /* DSOOF.WAV */,
				C13DAACF31F9CC01ED798443 /* DSPISTOL.WAV */,
				C13DAA44B915D358A079ADED /* DSPLDETH.WAV */,
				C13DA1A0ECF2B390C5E38C36 /* DSPODTH3.WAV */,
				C13DAF3C8D82BEAD85937866 /* music.mp3 */,
			);
			name = Sounds;
			sourceTree = "<group>";
		};
		C13DA0E9B891C7ABE83D62D6 /* Characters */ = {
			isa = PBXGroup;
			children = (
				C13DAD86D609664E02DC4B14 /* BadGuy.h */,
				C13DA9C6C1BA867C67CBD1F2 /* BadGuy.m */,
				C13DAD1503891DAAB4661AFA /* WalterSimulationActor.h */,
				C13DABCD158D631E2C4F22FF /* WalterSimulationActor.m */,
				C13DAF552C3FBFBB53AA95C3 /* MeleeAttack.h */,
				C13DA267A4AC75C4F58E47A9 /* MeleeAttack.m */,
				C13DA03469EAA3602DE0DCD1 /* WalterObserver.h */,
				C13DA1F665EFDBDD8992973F /* AggregateWalterObserver.m */,
				C13DA1305F378EEA0092A2F4 /* AggregateWalterObserver.h */,
				C13DA2819599D03C41C9F27F /* WalterWeapon.m */,
				C13DAA02EB11D06BD2C72CCA /* WalterWeapon.h */,
			);
			path = Characters;
			sourceTree = "<group>";
		};
		C13DA4225D06259CD520F93D /* Model */ = {
			isa = PBXGroup;
			children = (
				C13DAF3CF5E884D4B2147FDA /* WorldConstants.h */,
				C13DA74ECD4552676249D903 /* WorldConstants.m */,
				C13DADF252B545D0A0B803D0 /* Simulation.m */,
				C13DA73281B6CEE82FE1BC7C /* Simulation.h */,
				C13DA0E9B891C7ABE83D62D6 /* Characters */,
				C13DAF51587A476C093A610C /* Stage */,
				C13DACDC031908A750D0096B /* Scoring */,
				C13DA9F5C6E3738D2748E6CE /* SimulationActor.h */,
			);
			path = Model;
			sourceTree = "<group>";
		};
		C13DA5F954BB97C7D3ED0CEE /* Application */ = {
			isa = PBXGroup;
			children = (
				0824997E1610A3500041907E /* AppDelegate.m */,
				0824997D1610A3500041907E /* AppDelegate.h */,
				C13DA8FED25423C7A9864519 /* Layers */,
				C13DA899C635096195F322D4 /* Settings.m */,
				C13DA8956FFC25A2D367AD99 /* Settings.h */,
				C13DA56D84681BFF93B2DD13 /* FileAccess.h */,
				C13DAD9DAA3C35C41FD32140 /* FileAccess.m */,
				C13DA44F4CB8EB80D8941D13 /* BlockOverTimeAction.m */,
				C13DA22F6FF1B645A29926EF /* BlockOverTimeAction.h */,
			);
			path = Application;
			sourceTree = "<group>";
		};
		C13DA8FED25423C7A9864519 /* Layers */ = {
			isa = PBXGroup;
			children = (
				C13DA3703765C3BFF39B04B8 /* HighScoresLayer.h */,
				C13DA8CD3C475F4F6E553D82 /* HighScoresLayer.m */,
				082499831610A3500041907E /* IntroLayer.h */,
				082499841610A3500041907E /* IntroLayer.m */,
				C13DAD9E4FA18A741102AE3E /* SettingsLayer.h */,
				C13DAF462675923577E06076 /* SettingsLayer.m */,
				C13DA41FA6A07836816BEFF0 /* GameOverLayer.m */,
				C13DA1AED6CE2E4B7C4C3329 /* GameOverLayer.h */,
			);
			path = Layers;
			sourceTree = "<group>";
		};
		C13DA92F17C7EE49647ACFF9 /* Sound */ = {
			isa = PBXGroup;
			children = (
				C13DAEE956883072F29C96D2 /* WalterSoundEffects.h */,
				C13DA413D923663BA9085DDB /* WalterSoundEffects.m */,
				C13DA4B1F006BA6F8983BF02 /* AudioPlayer.m */,
				C13DAF70C2D30521DD83C609 /* AudioPlayer.h */,
			);
			path = Sound;
			sourceTree = "<group>";
		};
		C13DAC8042F0F4DAA48895A7 /* GameplayScene */ = {
			isa = PBXGroup;
			children = (
				C13DADE7937EEDED59544A66 /* Drawing */,
				082499801610A3500041907E /* RunningLayer.h */,
				082499811610A3500041907E /* RunningLayer.m */,
				C13DABEB49BD00198D9B8C60 /* AddBadGuyToStageObserver.m */,
				C13DAB74C3EAFB7C25238773 /* AddBadGuyToStageObserver.h */,
				C13DAFF98D4926B7EBF76DDC /* SimpleButton.m */,
				C13DA07630AA078B61584534 /* SimpleButton.h */,
				C13DA0635045D8000470DAD9 /* WalterStuckednessTicker.m */,
				C13DA38305816BF389092D82 /* WalterStuckednessTicker.h */,
				C13DAC43994BBA419E90D564 /* SimulationTicker.h */,
				C13DAE5A67578EFA7B9FC148 /* WalterInTheSimulationTicker.m */,
				C13DAEC01D91A462F77BD378 /* WalterInTheSimulationTicker.h */,
				C13DA088AEA2E22D796A284D /* EnterAndExitTicker.m */,
				C13DAA6983CE3CA648D3C011 /* EnterAndExitTicker.h */,
				C13DAAA326E0DE729B95B624 /* ElementOnScreenObserver.h */,
				C13DAD4EE9721CFE15E04130 /* BadGuySound.m */,
				C13DAC6DA7D2C24B559E4B4D /* BadGuySound.h */,
				C13DA9444DFEA22C76573A7A /* ElementViewMap.m */,
				C13DA7CA858423BF7096F36A /* ElementViewMap.h */,
				C13DA37967C25A5AD057785E /* ElementViewMapEntry.m */,
				C13DAE43DDE3D741C1116D72 /* ElementViewMapEntry.h */,
				C13DA212E16888CF50FAD9B4 /* CurrentSceneListener.m */,
				C13DA0A364E56B17D7C87B5B /* CurrentSceneListener.h */,
			);
			path = GameplayScene;
			sourceTree = "<group>";
		};
		C13DACDC031908A750D0096B /* Scoring */ = {
			isa = PBXGroup;
			children = (
				C13DA601C9BDD45869ECD67D /* HighScore.h */,
				C13DA039BC81030E82667ED9 /* HighScore.m */,
				C13DA3C4164ED47B8E11378F /* HighScores.h */,
				C13DAE0149979D7F1AD08FC0 /* HighScores.m */,
			);
			path = Scoring;
			sourceTree = "<group>";
		};
		C13DADE7937EEDED59544A66 /* Drawing */ = {
			isa = PBXGroup;
			children = (
				C13DA9D03DAF3987369155F4 /* BadGuyPolygonView.h */,
				C13DA58B6BB9F07A3AD0949A /* BadGuyPolygonView.m */,
				C13DA8127DE99147554E59B3 /* Camera.h */,
				C13DA8E5C9D2A3894034C780 /* Camera.m */,
				C13DA6ADE58116D4A5A14BBE /* WalterPolygonView.h */,
				C13DA8B72436BB9AC747616E /* WalterPolygonView.m */,
				C13DA8C2061E0F100D3949CB /* MeleeAttackPolygonView.h */,
				C13DA528AD7DC83A7DF56196 /* MeleeAttackPolygonView.m */,
				C13DACC274D872245BD2809B /* StageView.h */,
				C13DA10FCCCEFB9DA0DDD5B5 /* StageView.m */,
				C13DA8D3B37A810875D6B3BA /* WalterViewAnimationChanger.m */,
				C13DA53EA54BC0E98062AC3D /* WalterViewAnimationChanger.h */,
				C13DA628E78B57594F107F65 /* ActorView.h */,
				C13DA47B10239D01FFB6471F /* ActorView.m */,
				C13DA439AFF2A6E84058756F /* ViewFactory.m */,
				C13DA5771AEFD91B29766378 /* ViewFactory.h */,
			);
			path = Drawing;
			sourceTree = "<group>";
		};
		C13DAF51587A476C093A610C /* Stage */ = {
			isa = PBXGroup;
			children = (
				C13DAB30C5541131B661D9E6 /* PlatformAddedObserver.h */,
				C13DAE3028B60AF56506B2AE /* Stage.h */,
				C13DAD62E4709EA93612BC08 /* Platform.h */,
				C13DACB6C4FE5DBBF77EDCAF /* NullStageListener.h */,
				C13DA3BBAF9CD850916C625F /* Stage.m */,
				C13DAE56EF1C7A3A92071EC1 /* Platform.m */,
				C13DA72780F71E58C6DFC83A /* NullStageListener.m */,
				C13DA26819D80296C434DA06 /* BoundedPolygon.h */,
				C13DAE91B9F2870774F52D98 /* BadGuyObserver.h */,
			);
			path = Stage;
			sourceTree = "<group>";
		};
/* End PBXGroup section */

/* Begin PBXNativeTarget section */
		082497EE1610A34D0041907E /* Wallter */ = {
			isa = PBXNativeTarget;
			buildConfigurationList = 082499881610A3500041907E /* Build configuration list for PBXNativeTarget "Wallter" */;
			buildPhases = (
				082497EB1610A34D0041907E /* Sources */,
				082497EC1610A34D0041907E /* Frameworks */,
				082497ED1610A34D0041907E /* Resources */,
			);
			buildRules = (
			);
			dependencies = (
			);
			name = Wallter;
			productName = Wallter;
			productReference = 082497EF1610A34D0041907E /* Wallter.app */;
			productType = "com.apple.product-type.application";
		};
/* End PBXNativeTarget section */

/* Begin PBXProject section */
		082497E61610A34D0041907E /* Project object */ = {
			isa = PBXProject;
			attributes = {
				LastUpgradeCheck = 0430;
				ORGANIZATIONNAME = "Cyrus Innovation";
			};
			buildConfigurationList = 082497E91610A34D0041907E /* Build configuration list for PBXProject "Wallter" */;
			compatibilityVersion = "Xcode 3.2";
			developmentRegion = English;
			hasScannedForEncodings = 0;
			knownRegions = (
				en,
			);
			mainGroup = 082497E41610A34D0041907E;
			productRefGroup = 082497F01610A34D0041907E /* Products */;
			projectDirPath = "";
			projectRoot = "";
			targets = (
				082497EE1610A34D0041907E /* Wallter */,
			);
		};
/* End PBXProject section */

/* Begin PBXResourcesBuildPhase section */
		082497ED1610A34D0041907E /* Resources */ = {
			isa = PBXResourcesBuildPhase;
			buildActionMask = 2147483647;
			files = (
				082498081610A34E0041907E /* Default.png in Resources */,
				0824980A1610A34E0041907E /* Default-Landscape~ipad.png in Resources */,
				0824980C1610A34E0041907E /* fps_images.png in Resources */,
				0824980E1610A34E0041907E /* fps_images-hd.png in Resources */,
				082498101610A34E0041907E /* fps_images-ipadhd.png in Resources */,
				082498121610A34E0041907E /* Icon-72.png in Resources */,
				082498141610A34E0041907E /* Icon-Small-50.png in Resources */,
				082498161610A34E0041907E /* Icon-Small.png in Resources */,
				082498181610A34E0041907E /* Icon-Small@2x.png in Resources */,
				0824981A1610A34E0041907E /* Icon.png in Resources */,
				0824981C1610A34E0041907E /* Icon@2x.png in Resources */,
				0824981F1610A34E0041907E /* iTunesArtwork in Resources */,
				C13DAFF30CB6EC1EA407F94C /* instructions.png in Resources */,
				C13DA4AFFC86A6D20F1A98EA /* instructions~ipad.png in Resources */,
				C13DA9500816F608D0D5A22A /* font.fnt in Resources */,
				C13DAB87958E81815103A421 /* font.png in Resources */,
				C13DAF21BB7647FD50F41515 /* frames.plist in Resources */,
				C13DAB8AAB4D321759295FF2 /* frames.png in Resources */,
				0864B2EF167FC0E500DFBF27 /* Default-568h@2x.png in Resources */,
				C13DA89E73232EF2099BF9D0 /* DSOOF.WAV in Resources */,
				C13DAB3B66902E18CDCDDEA9 /* DSPISTOL.WAV in Resources */,
				C13DAB45A49D689D9F90D384 /* DSPLDETH.WAV in Resources */,
				C13DACC9B197EE3C8F544B2A /* DSPODTH3.WAV in Resources */,
				C13DABE01052A92CF3C1189B /* music.mp3 in Resources */,
				C13DA1A2E5226B130ABB7D92 /* title.jpg in Resources */,
				C13DA240429CCB02994B1D4A /* wtf.png in Resources */,
				C13DAB6C5C8B26C115A13FB4 /* stone.png in Resources */,
			);
			runOnlyForDeploymentPostprocessing = 0;
		};
/* End PBXResourcesBuildPhase section */

/* Begin PBXSourcesBuildPhase section */
		082497EB1610A34D0041907E /* Sources */ = {
			isa = PBXSourcesBuildPhase;
			buildActionMask = 2147483647;
			files = (
				0824997C1610A3500041907E /* main.m in Sources */,
				0824997F1610A3500041907E /* AppDelegate.m in Sources */,
				082499821610A3500041907E /* RunningLayer.m in Sources */,
				082499851610A3500041907E /* IntroLayer.m in Sources */,
				C13DA96AE463B2785D342A3B /* Stage.m in Sources */,
				C13DA1CDA463874E50BF6557 /* StageView.m in Sources */,
				C13DA76E377213D13357DA55 /* WalterSimulationActor.m in Sources */,
				C13DAC44522C8AAB53FC3944 /* WalterPolygonView.m in Sources */,
				C13DA3223DE6BE67FFC5F6D4 /* Simulation.m in Sources */,
				C13DA573FD6A3D7B2355F72A /* WorldConstants.m in Sources */,
				C13DA3DE8588B7C7C96C5DBB /* MeleeAttack.m in Sources */,
				C13DAC4007F78F104693B1DC /* MeleeAttackPolygonView.m in Sources */,
				C13DA511333E2B8D9BB738F0 /* BadGuy.m in Sources */,
				C13DA1EA0E51AE06DBC61B12 /* BadGuyPolygonView.m in Sources */,
				C13DA049CCF00D8D33DB445C /* Camera.m in Sources */,
				C13DAD4F5D5236CC58258270 /* Platform.m in Sources */,
				C13DA55BC2945B890248CD8B /* NullStageListener.m in Sources */,
				C13DA5F6E12F6A03C63C56C9 /* SettingsLayer.m in Sources */,
				C13DA19617F7777FFF40B5F9 /* HighScoresLayer.m in Sources */,
				C13DAF1AF285C328EF93D362 /* HighScores.m in Sources */,
				C13DAB81204ED2E942A5BE31 /* HighScore.m in Sources */,
				C13DA2C91DE5A727FD28770F /* AddBadGuyToStageObserver.m in Sources */,
				C13DA12DB8502CFDDCF8E867 /* WalterViewAnimationChanger.m in Sources */,
				C13DADB5B6F972C8AA3E16B1 /* AggregateWalterObserver.m in Sources */,
				C13DA209331CF69FA0F297A3 /* SimpleButton.m in Sources */,
				C13DAF35541F3B8365BC0363 /* ActorView.m in Sources */,
				C13DA7FCD5FA88F0FEE8C2C7 /* Settings.m in Sources */,
				C13DA919629AA7DC77F47AB5 /* FileAccess.m in Sources */,
				C13DA44ED8710F83573F3BAC /* WalterSoundEffects.m in Sources */,
				C13DAB2D86C18659CC892385 /* AudioPlayer.m in Sources */,
				C13DA812D85433964D446A71 /* WalterWeapon.m in Sources */,
				C13DA6AB796CC4D89C4677CD /* WalterStuckednessTicker.m in Sources */,
				C13DA8F3D3AB6875774DA61E /* WalterInTheSimulationTicker.m in Sources */,
				C13DADB7916E57EFEC9D77D0 /* GameOverLayer.m in Sources */,
				C13DAE19651BD9268C1C41A5 /* BlockOverTimeAction.m in Sources */,
				C13DAA2AA5584EB2189608DE /* ViewFactory.m in Sources */,
				C13DADC0787616F1FCA5E770 /* EnterAndExitTicker.m in Sources */,
				C13DAAC14A7783CD51209324 /* BadGuySound.m in Sources */,
				C13DA65991F53CF321A77074 /* ElementViewMap.m in Sources */,
				C13DA603FBEF37B3C602F034 /* ElementViewMapEntry.m in Sources */,
				C13DAD64C3611941813A9D7E /* CurrentSceneListener.m in Sources */,
			);
			runOnlyForDeploymentPostprocessing = 0;
		};
/* End PBXSourcesBuildPhase section */

/* Begin XCBuildConfiguration section */
		082499861610A3500041907E /* Debug */ = {
			isa = XCBuildConfiguration;
			buildSettings = {
				ARCHS = "$(ARCHS_STANDARD_32_BIT)";
				CLANG_ENABLE_OBJC_ARC = YES;
				CODE_SIGN_IDENTITY = "iPhone Developer";
				"CODE_SIGN_IDENTITY[sdk=iphoneos*]" = "iPhone Developer";
				GCC_C_LANGUAGE_STANDARD = c99;
				GCC_OPTIMIZATION_LEVEL = 0;
				GCC_PREPROCESSOR_DEFINITIONS = (
					DEBUG,
					"COCOS2D_DEBUG=1",
				);
				GCC_SYMBOLS_PRIVATE_EXTERN = NO;
				GCC_VERSION = com.apple.compilers.llvm.clang.1_0;
				GCC_WARN_ABOUT_RETURN_TYPE = YES;
				GCC_WARN_UNUSED_VARIABLE = YES;
				HEADER_SEARCH_PATHS = (
					"\"CocosLibs/cocos2d\"",
					"\"CocosLibs/kazmath/include\"",
					"\"iOSGeometryTools\"",
					"\"CocosLibs/CocosDenshion\"",
				);
				IPHONEOS_DEPLOYMENT_TARGET = 5.1;
				ONLY_ACTIVE_ARCH = YES;
				PROVISIONING_PROFILE = "";
				SDKROOT = iphoneos;
				SKIP_INSTALL = NO;
				TARGETED_DEVICE_FAMILY = "1,2";
			};
			name = Debug;
		};
		082499871610A3500041907E /* Release */ = {
			isa = XCBuildConfiguration;
			buildSettings = {
				ARCHS = "$(ARCHS_STANDARD_32_BIT)";
				CLANG_ENABLE_OBJC_ARC = YES;
				CODE_SIGN_IDENTITY = "iPhone Distribution";
				"CODE_SIGN_IDENTITY[sdk=iphoneos*]" = "iPhone Distribution";
				GCC_C_LANGUAGE_STANDARD = c99;
				GCC_PREPROCESSOR_DEFINITIONS = (
					NDEBUG,
					"NS_BLOCK_ASSERTIONS=1",
				);
				GCC_VERSION = com.apple.compilers.llvm.clang.1_0;
				GCC_WARN_ABOUT_RETURN_TYPE = YES;
				GCC_WARN_UNUSED_VARIABLE = YES;
				HEADER_SEARCH_PATHS = (
					"\"CocosLibs/cocos2d\"",
					"\"CocosLibs/kazmath/include\"",
					"\"iOSGeometryTools\"",
					"\"CocosLibs/CocosDenshion\"",
				);
				IPHONEOS_DEPLOYMENT_TARGET = 5.1;
				ONLY_ACTIVE_ARCH = YES;
				PROVISIONING_PROFILE = "";
				"PROVISIONING_PROFILE[sdk=iphoneos*]" = "";
				SDKROOT = iphoneos;
				SKIP_INSTALL = NO;
				TARGETED_DEVICE_FAMILY = "1,2";
			};
			name = Release;
		};
		082499891610A3500041907E /* Debug */ = {
			isa = XCBuildConfiguration;
			buildSettings = {
				ALWAYS_SEARCH_USER_PATHS = YES;
				COPY_PHASE_STRIP = NO;
				GCC_DYNAMIC_NO_PIC = NO;
				GCC_PRECOMPILE_PREFIX_HEADER = YES;
				GCC_PREFIX_HEADER = Wallter/Prefix.pch;
				INFOPLIST_FILE = Wallter/Resources/Info.plist;
				LIBRARY_SEARCH_PATHS = "";
				OTHER_LDFLAGS = (
					"-lz",
					"-ObjC",
				);
				PRODUCT_NAME = "$(TARGET_NAME)";
				WRAPPER_EXTENSION = app;
			};
			name = Debug;
		};
		0824998A1610A3500041907E /* Release */ = {
			isa = XCBuildConfiguration;
			buildSettings = {
				ALWAYS_SEARCH_USER_PATHS = YES;
				COPY_PHASE_STRIP = YES;
				GCC_PRECOMPILE_PREFIX_HEADER = YES;
				GCC_PREFIX_HEADER = Wallter/Prefix.pch;
				INFOPLIST_FILE = Wallter/Resources/Info.plist;
				LIBRARY_SEARCH_PATHS = "";
				OTHER_LDFLAGS = (
					"-lz",
					"-ObjC",
				);
				PRODUCT_NAME = "$(TARGET_NAME)";
				VALIDATE_PRODUCT = YES;
				WRAPPER_EXTENSION = app;
			};
			name = Release;
		};
/* End XCBuildConfiguration section */

/* Begin XCConfigurationList section */
		082497E91610A34D0041907E /* Build configuration list for PBXProject "Wallter" */ = {
			isa = XCConfigurationList;
			buildConfigurations = (
				082499861610A3500041907E /* Debug */,
				082499871610A3500041907E /* Release */,
			);
			defaultConfigurationIsVisible = 0;
			defaultConfigurationName = Release;
		};
		082499881610A3500041907E /* Build configuration list for PBXNativeTarget "Wallter" */ = {
			isa = XCConfigurationList;
			buildConfigurations = (
				082499891610A3500041907E /* Debug */,
				0824998A1610A3500041907E /* Release */,
			);
			defaultConfigurationIsVisible = 0;
			defaultConfigurationName = Release;
		};
/* End XCConfigurationList section */
	};
	rootObject = 082497E61610A34D0041907E /* Project object */;
}
